
Microsoft Visual Studio Solution File, Format Version 12.00
# Visual Studio Version 17
VisualStudioVersion = 17.5.33516.290
MinimumVisualStudioVersion = 10.0.40219.1
Project("{9A19103F-16F7-4668-BE54-9A1E7A4F7556}") = "AI.DataPrepaire", "src\AI.DataPrepaire\AI.DataPrepaire.csproj", "{1465296D-5F07-48F9-BB73-98B4D82390FA}"
EndProject
Project("{9A19103F-16F7-4668-BE54-9A1E7A4F7556}") = "AI.DSP", "src\AI.DSP\AI.DSP.csproj", "{205ABAE1-17D2-4436-8D3C-B6E6A6DA382B}"
EndProject
Project("{2150E333-8FDC-42A3-9474-1A3956D46DE8}") = "src", "src", "{827E0CD3-B72D-47B6-A68D-7590B98EB39B}"
EndProject
Project("{FAE04EC0-301F-11D3-BF4B-00C04F79EFBC}") = "AI.ML", "src\AI.ML\AI.ML.csproj", "{15BE2FA5-9A10-419B-A8A3-307C751CC3CE}"
EndProject
Project("{FAE04EC0-301F-11D3-BF4B-00C04F79EFBC}") = "AI.ClassicMath", "src\AI.ClassicMath\AI.ClassicMath.csproj", "{F3D697FE-C345-428F-B375-6D687520A6AF}"
EndProject
Project("{FAE04EC0-301F-11D3-BF4B-00C04F79EFBC}") = "AI", "src\AI\AI.csproj", "{C7CE07E3-8D2F-4149-82C1-366451C4EBFB}"
EndProject
Project("{FAE04EC0-301F-11D3-BF4B-00C04F79EFBC}") = "AI.Fuzzy", "src\AI.Fuzzy\AI.Fuzzy.csproj", "{26E75B7A-AE34-424C-B070-8A5D4D4EF2B8}"
EndProject
Project("{FAE04EC0-301F-11D3-BF4B-00C04F79EFBC}") = "AI.NLP", "src\AI.NLP\AI.NLP.csproj", "{5CEAEF53-B83C-4EB0-A3CD-D216105D2E0E}"
EndProject
Project("{FAE04EC0-301F-11D3-BF4B-00C04F79EFBC}") = "AI.ControlSystems", "src\AI.ControlSystems\AI.ControlSystems.csproj", "{6214768A-BC7E-4C2D-BCF2-1819B6D0C705}"
EndProject
Project("{FAE04EC0-301F-11D3-BF4B-00C04F79EFBC}") = "AI.KNN", "src\AI.KNN\AI.KNN.csproj", "{F6D7CBC4-1433-469F-AE57-BDF704D986E9}"
EndProject
Project("{FAE04EC0-301F-11D3-BF4B-00C04F79EFBC}") = "AI.NeuralNetworks", "src\AI.NeuralNetworks\AI.NeuralNetworks.csproj", "{FBACAE0C-E558-4D71-BD20-E3100D7DCC14}"
EndProject
Project("{FAE04EC0-301F-11D3-BF4B-00C04F79EFBC}") = "AI.NeuralNetworks.Onnx", "src\AI.NeuralNetworks.Onnx\AI.NeuralNetworks.Onnx.csproj", "{7412CE47-3E7A-4722-B3CB-0336287024C4}"
EndProject
Project("{2150E333-8FDC-42A3-9474-1A3956D46DE8}") = "Tests", "Tests", "{0AB3BF05-4346-4AA6-1389-037BE0695223}"
EndProject
Project("{FAE04EC0-301F-11D3-BF4B-00C04F79EFBC}") = "AI.NeuralNetworks.Gpu", "src\AI.NeuralNetworks.Gpu\AI.NeuralNetworks.Gpu.csproj", "{9E74D362-9A5D-49FB-BDB9-16F525010314}"
EndProject
Project("{FAE04EC0-301F-11D3-BF4B-00C04F79EFBC}") = "NNW.V2.Gpu.Tests", "Tests\NNW.V2.Gpu.Tests\NNW.V2.Gpu.Tests.csproj", "{A77D3A26-DDE3-49F4-B55B-005386FA503F}"
EndProject
Project("{2150E333-8FDC-42A3-9474-1A3956D46DE8}") = "Demo", "Demo", "{A39C23D2-F2C0-258D-165A-CF1E7FEE6E7B}"
EndProject
Project("{FAE04EC0-301F-11D3-BF4B-00C04F79EFBC}") = "V2.MNIST", "Demo\V2.MNIST\V2.MNIST.csproj", "{9E4BFAE4-942B-4AA3-B6C7-A2E1E66F9444}"
EndProject
Project("{FAE04EC0-301F-11D3-BF4B-00C04F79EFBC}") = "V2.LLM", "Demo\V2.LLM\V2.LLM.csproj", "{56937A18-BE61-4D3A-BC9C-BF9BA71A9CE6}"
EndProject
Project("{FAE04EC0-301F-11D3-BF4B-00C04F79EFBC}") = "NNW.V2.Tests", "Tests\NNW.V2.Tests\NNW.V2.Tests.csproj", "{0C498413-4BDD-446F-ADD2-142FE40F2124}"
EndProject
Project("{FAE04EC0-301F-11D3-BF4B-00C04F79EFBC}") = "NNW.V2.Onnx.Tests", "Tests\NNW.V2.Onnx.Tests\NNW.V2.Onnx.Tests.csproj", "{DE3F1415-393E-4EFD-8F1B-5192F9139964}"
EndProject
Project("{FAE04EC0-301F-11D3-BF4B-00C04F79EFBC}") = "MLTest", "Tests\MLTest\MLTest.csproj", "{EBC26D5B-79CF-4DEC-BD57-34A580ED6E68}"
EndProject
Project("{FAE04EC0-301F-11D3-BF4B-00C04F79EFBC}") = "TestNNW", "Tests\TestNNW\TestNNW.csproj", "{55F8D2D0-7658-487A-A0E9-E4E385655C36}"
EndProject
Project("{2150E333-8FDC-42A3-9474-1A3956D46DE8}") = "DataPrepaire", "DataPrepaire", "{1F8F6033-F7E1-6B7B-E839-8F667ECECB61}"
EndProject
Project("{2150E333-8FDC-42A3-9474-1A3956D46DE8}") = "Tokens", "Tokens", "{F0F75176-3399-1E23-5BB9-5BDF1B115284}"
EndProject
Project("{FAE04EC0-301F-11D3-BF4B-00C04F79EFBC}") = "ControllerTest", "Tests\DataPrepaire\Tokens\ControllerTest\ControllerTest.csproj", "{939C07FB-D871-442C-944F-BE9073EC4586}"
EndProject
Project("{FAE04EC0-301F-11D3-BF4B-00C04F79EFBC}") = "TestGUI", "Tests\TestGUI\TestGUI.csproj", "{0DC4B105-AE0E-4CC5-8794-5658F3B61877}"
EndProject
Project("{FAE04EC0-301F-11D3-BF4B-00C04F79EFBC}") = "AI.ONNX", "src\AI.ONNX\AI.ONNX.csproj", "{FCA10813-7D65-425A-9985-A0131DFDBC10}"
EndProject
Project("{FAE04EC0-301F-11D3-BF4B-00C04F79EFBC}") = "AI.ComputerVision", "src\AI.ComputerVision\AI.ComputerVision.csproj", "{8F85B598-5F86-4FA3-B3E9-4875C91862DB}"
EndProject
Project("{FAE04EC0-301F-11D3-BF4B-00C04F79EFBC}") = "RNNTest", "Tests\RNNTest\RNNTest.csproj", "{D3E1DFCB-2ACF-4EA0-9184-A9BF79A878ED}"
EndProject
Project("{FAE04EC0-301F-11D3-BF4B-00C04F79EFBC}") = "AI.Charts", "src\AI.Charts\AI.Charts.csproj", "{03B824D4-9B43-4B91-9A5A-FAC59BB66FE0}"
EndProject
Project("{FAE04EC0-301F-11D3-BF4B-00C04F79EFBC}") = "AI.Charts.WinForms", "src\AI.Charts.WinForms\AI.Charts.WinForms.csproj", "{11748288-DCFE-4FB0-ACC1-B247F7566EDB}"
EndProject
Project("{2150E333-8FDC-42A3-9474-1A3956D46DE8}") = "PPLS", "PPLS", "{8F466D5F-F1B4-0E9A-E058-7D248EA26668}"
EndProject
Project("{FAE04EC0-301F-11D3-BF4B-00C04F79EFBC}") = "RLTest", "Tests\DataPrepaire\PPLS\RLTest\RLTest.csproj", "{36B61C42-2B83-46C8-95E0-2868E83A19C5}"
EndProject
Global
	GlobalSection(SolutionConfigurationPlatforms) = preSolution
		Debug|Any CPU = Debug|Any CPU
		Debug|x64 = Debug|x64
		Debug|x86 = Debug|x86
		Release|Any CPU = Release|Any CPU
		Release|x64 = Release|x64
		Release|x86 = Release|x86
	EndGlobalSection
	GlobalSection(ProjectConfigurationPlatforms) = postSolution
		{1465296D-5F07-48F9-BB73-98B4D82390FA}.Debug|Any CPU.ActiveCfg = Debug|Any CPU
		{1465296D-5F07-48F9-BB73-98B4D82390FA}.Debug|Any CPU.Build.0 = Debug|Any CPU
		{1465296D-5F07-48F9-BB73-98B4D82390FA}.Debug|x64.ActiveCfg = Debug|Any CPU
		{1465296D-5F07-48F9-BB73-98B4D82390FA}.Debug|x64.Build.0 = Debug|Any CPU
		{1465296D-5F07-48F9-BB73-98B4D82390FA}.Debug|x86.ActiveCfg = Debug|Any CPU
		{1465296D-5F07-48F9-BB73-98B4D82390FA}.Debug|x86.Build.0 = Debug|Any CPU
		{1465296D-5F07-48F9-BB73-98B4D82390FA}.Release|Any CPU.ActiveCfg = Release|Any CPU
		{1465296D-5F07-48F9-BB73-98B4D82390FA}.Release|Any CPU.Build.0 = Release|Any CPU
		{1465296D-5F07-48F9-BB73-98B4D82390FA}.Release|x64.ActiveCfg = Release|Any CPU
		{1465296D-5F07-48F9-BB73-98B4D82390FA}.Release|x64.Build.0 = Release|Any CPU
		{1465296D-5F07-48F9-BB73-98B4D82390FA}.Release|x86.ActiveCfg = Release|Any CPU
		{1465296D-5F07-48F9-BB73-98B4D82390FA}.Release|x86.Build.0 = Release|Any CPU
		{205ABAE1-17D2-4436-8D3C-B6E6A6DA382B}.Debug|Any CPU.ActiveCfg = Debug|Any CPU
		{205ABAE1-17D2-4436-8D3C-B6E6A6DA382B}.Debug|Any CPU.Build.0 = Debug|Any CPU
		{205ABAE1-17D2-4436-8D3C-B6E6A6DA382B}.Debug|x64.ActiveCfg = Debug|Any CPU
		{205ABAE1-17D2-4436-8D3C-B6E6A6DA382B}.Debug|x64.Build.0 = Debug|Any CPU
		{205ABAE1-17D2-4436-8D3C-B6E6A6DA382B}.Debug|x86.ActiveCfg = Debug|Any CPU
		{205ABAE1-17D2-4436-8D3C-B6E6A6DA382B}.Debug|x86.Build.0 = Debug|Any CPU
		{205ABAE1-17D2-4436-8D3C-B6E6A6DA382B}.Release|Any CPU.ActiveCfg = Release|Any CPU
		{205ABAE1-17D2-4436-8D3C-B6E6A6DA382B}.Release|Any CPU.Build.0 = Release|Any CPU
		{205ABAE1-17D2-4436-8D3C-B6E6A6DA382B}.Release|x64.ActiveCfg = Release|Any CPU
		{205ABAE1-17D2-4436-8D3C-B6E6A6DA382B}.Release|x64.Build.0 = Release|Any CPU
		{205ABAE1-17D2-4436-8D3C-B6E6A6DA382B}.Release|x86.ActiveCfg = Release|Any CPU
		{205ABAE1-17D2-4436-8D3C-B6E6A6DA382B}.Release|x86.Build.0 = Release|Any CPU
		{15BE2FA5-9A10-419B-A8A3-307C751CC3CE}.Debug|Any CPU.ActiveCfg = Debug|Any CPU
		{15BE2FA5-9A10-419B-A8A3-307C751CC3CE}.Debug|Any CPU.Build.0 = Debug|Any CPU
		{15BE2FA5-9A10-419B-A8A3-307C751CC3CE}.Debug|x64.ActiveCfg = Debug|Any CPU
		{15BE2FA5-9A10-419B-A8A3-307C751CC3CE}.Debug|x64.Build.0 = Debug|Any CPU
		{15BE2FA5-9A10-419B-A8A3-307C751CC3CE}.Debug|x86.ActiveCfg = Debug|Any CPU
		{15BE2FA5-9A10-419B-A8A3-307C751CC3CE}.Debug|x86.Build.0 = Debug|Any CPU
		{15BE2FA5-9A10-419B-A8A3-307C751CC3CE}.Release|Any CPU.ActiveCfg = Release|Any CPU
		{15BE2FA5-9A10-419B-A8A3-307C751CC3CE}.Release|Any CPU.Build.0 = Release|Any CPU
		{15BE2FA5-9A10-419B-A8A3-307C751CC3CE}.Release|x64.ActiveCfg = Release|Any CPU
		{15BE2FA5-9A10-419B-A8A3-307C751CC3CE}.Release|x64.Build.0 = Release|Any CPU
		{15BE2FA5-9A10-419B-A8A3-307C751CC3CE}.Release|x86.ActiveCfg = Release|Any CPU
		{15BE2FA5-9A10-419B-A8A3-307C751CC3CE}.Release|x86.Build.0 = Release|Any CPU
		{F3D697FE-C345-428F-B375-6D687520A6AF}.Debug|Any CPU.ActiveCfg = Debug|Any CPU
		{F3D697FE-C345-428F-B375-6D687520A6AF}.Debug|Any CPU.Build.0 = Debug|Any CPU
		{F3D697FE-C345-428F-B375-6D687520A6AF}.Debug|x64.ActiveCfg = Debug|Any CPU
		{F3D697FE-C345-428F-B375-6D687520A6AF}.Debug|x64.Build.0 = Debug|Any CPU
		{F3D697FE-C345-428F-B375-6D687520A6AF}.Debug|x86.ActiveCfg = Debug|Any CPU
		{F3D697FE-C345-428F-B375-6D687520A6AF}.Debug|x86.Build.0 = Debug|Any CPU
		{F3D697FE-C345-428F-B375-6D687520A6AF}.Release|Any CPU.ActiveCfg = Release|Any CPU
		{F3D697FE-C345-428F-B375-6D687520A6AF}.Release|Any CPU.Build.0 = Release|Any CPU
		{F3D697FE-C345-428F-B375-6D687520A6AF}.Release|x64.ActiveCfg = Release|Any CPU
		{F3D697FE-C345-428F-B375-6D687520A6AF}.Release|x64.Build.0 = Release|Any CPU
		{F3D697FE-C345-428F-B375-6D687520A6AF}.Release|x86.ActiveCfg = Release|Any CPU
		{F3D697FE-C345-428F-B375-6D687520A6AF}.Release|x86.Build.0 = Release|Any CPU
		{C7CE07E3-8D2F-4149-82C1-366451C4EBFB}.Debug|Any CPU.ActiveCfg = Debug|Any CPU
		{C7CE07E3-8D2F-4149-82C1-366451C4EBFB}.Debug|Any CPU.Build.0 = Debug|Any CPU
		{C7CE07E3-8D2F-4149-82C1-366451C4EBFB}.Debug|x64.ActiveCfg = Debug|Any CPU
		{C7CE07E3-8D2F-4149-82C1-366451C4EBFB}.Debug|x64.Build.0 = Debug|Any CPU
		{C7CE07E3-8D2F-4149-82C1-366451C4EBFB}.Debug|x86.ActiveCfg = Debug|Any CPU
		{C7CE07E3-8D2F-4149-82C1-366451C4EBFB}.Debug|x86.Build.0 = Debug|Any CPU
		{C7CE07E3-8D2F-4149-82C1-366451C4EBFB}.Release|Any CPU.ActiveCfg = Release|Any CPU
		{C7CE07E3-8D2F-4149-82C1-366451C4EBFB}.Release|Any CPU.Build.0 = Release|Any CPU
		{C7CE07E3-8D2F-4149-82C1-366451C4EBFB}.Release|x64.ActiveCfg = Release|Any CPU
		{C7CE07E3-8D2F-4149-82C1-366451C4EBFB}.Release|x64.Build.0 = Release|Any CPU
		{C7CE07E3-8D2F-4149-82C1-366451C4EBFB}.Release|x86.ActiveCfg = Release|Any CPU
		{C7CE07E3-8D2F-4149-82C1-366451C4EBFB}.Release|x86.Build.0 = Release|Any CPU
		{26E75B7A-AE34-424C-B070-8A5D4D4EF2B8}.Debug|Any CPU.ActiveCfg = Debug|Any CPU
		{26E75B7A-AE34-424C-B070-8A5D4D4EF2B8}.Debug|Any CPU.Build.0 = Debug|Any CPU
		{26E75B7A-AE34-424C-B070-8A5D4D4EF2B8}.Debug|x64.ActiveCfg = Debug|Any CPU
		{26E75B7A-AE34-424C-B070-8A5D4D4EF2B8}.Debug|x64.Build.0 = Debug|Any CPU
		{26E75B7A-AE34-424C-B070-8A5D4D4EF2B8}.Debug|x86.ActiveCfg = Debug|Any CPU
		{26E75B7A-AE34-424C-B070-8A5D4D4EF2B8}.Debug|x86.Build.0 = Debug|Any CPU
		{26E75B7A-AE34-424C-B070-8A5D4D4EF2B8}.Release|Any CPU.ActiveCfg = Release|Any CPU
		{26E75B7A-AE34-424C-B070-8A5D4D4EF2B8}.Release|Any CPU.Build.0 = Release|Any CPU
		{26E75B7A-AE34-424C-B070-8A5D4D4EF2B8}.Release|x64.ActiveCfg = Release|Any CPU
		{26E75B7A-AE34-424C-B070-8A5D4D4EF2B8}.Release|x64.Build.0 = Release|Any CPU
		{26E75B7A-AE34-424C-B070-8A5D4D4EF2B8}.Release|x86.ActiveCfg = Release|Any CPU
		{26E75B7A-AE34-424C-B070-8A5D4D4EF2B8}.Release|x86.Build.0 = Release|Any CPU
		{5CEAEF53-B83C-4EB0-A3CD-D216105D2E0E}.Debug|Any CPU.ActiveCfg = Debug|Any CPU
		{5CEAEF53-B83C-4EB0-A3CD-D216105D2E0E}.Debug|Any CPU.Build.0 = Debug|Any CPU
		{5CEAEF53-B83C-4EB0-A3CD-D216105D2E0E}.Debug|x64.ActiveCfg = Debug|Any CPU
		{5CEAEF53-B83C-4EB0-A3CD-D216105D2E0E}.Debug|x64.Build.0 = Debug|Any CPU
		{5CEAEF53-B83C-4EB0-A3CD-D216105D2E0E}.Debug|x86.ActiveCfg = Debug|Any CPU
		{5CEAEF53-B83C-4EB0-A3CD-D216105D2E0E}.Debug|x86.Build.0 = Debug|Any CPU
		{5CEAEF53-B83C-4EB0-A3CD-D216105D2E0E}.Release|Any CPU.ActiveCfg = Release|Any CPU
		{5CEAEF53-B83C-4EB0-A3CD-D216105D2E0E}.Release|Any CPU.Build.0 = Release|Any CPU
		{5CEAEF53-B83C-4EB0-A3CD-D216105D2E0E}.Release|x64.ActiveCfg = Release|Any CPU
		{5CEAEF53-B83C-4EB0-A3CD-D216105D2E0E}.Release|x64.Build.0 = Release|Any CPU
		{5CEAEF53-B83C-4EB0-A3CD-D216105D2E0E}.Release|x86.ActiveCfg = Release|Any CPU
		{5CEAEF53-B83C-4EB0-A3CD-D216105D2E0E}.Release|x86.Build.0 = Release|Any CPU
		{6214768A-BC7E-4C2D-BCF2-1819B6D0C705}.Debug|Any CPU.ActiveCfg = Debug|Any CPU
		{6214768A-BC7E-4C2D-BCF2-1819B6D0C705}.Debug|Any CPU.Build.0 = Debug|Any CPU
		{6214768A-BC7E-4C2D-BCF2-1819B6D0C705}.Debug|x64.ActiveCfg = Debug|Any CPU
		{6214768A-BC7E-4C2D-BCF2-1819B6D0C705}.Debug|x64.Build.0 = Debug|Any CPU
		{6214768A-BC7E-4C2D-BCF2-1819B6D0C705}.Debug|x86.ActiveCfg = Debug|Any CPU
		{6214768A-BC7E-4C2D-BCF2-1819B6D0C705}.Debug|x86.Build.0 = Debug|Any CPU
		{6214768A-BC7E-4C2D-BCF2-1819B6D0C705}.Release|Any CPU.ActiveCfg = Release|Any CPU
		{6214768A-BC7E-4C2D-BCF2-1819B6D0C705}.Release|Any CPU.Build.0 = Release|Any CPU
		{6214768A-BC7E-4C2D-BCF2-1819B6D0C705}.Release|x64.ActiveCfg = Release|Any CPU
		{6214768A-BC7E-4C2D-BCF2-1819B6D0C705}.Release|x64.Build.0 = Release|Any CPU
		{6214768A-BC7E-4C2D-BCF2-1819B6D0C705}.Release|x86.ActiveCfg = Release|Any CPU
		{6214768A-BC7E-4C2D-BCF2-1819B6D0C705}.Release|x86.Build.0 = Release|Any CPU
		{F6D7CBC4-1433-469F-AE57-BDF704D986E9}.Debug|Any CPU.ActiveCfg = Debug|Any CPU
		{F6D7CBC4-1433-469F-AE57-BDF704D986E9}.Debug|Any CPU.Build.0 = Debug|Any CPU
		{F6D7CBC4-1433-469F-AE57-BDF704D986E9}.Debug|x64.ActiveCfg = Debug|Any CPU
		{F6D7CBC4-1433-469F-AE57-BDF704D986E9}.Debug|x64.Build.0 = Debug|Any CPU
		{F6D7CBC4-1433-469F-AE57-BDF704D986E9}.Debug|x86.ActiveCfg = Debug|Any CPU
		{F6D7CBC4-1433-469F-AE57-BDF704D986E9}.Debug|x86.Build.0 = Debug|Any CPU
		{F6D7CBC4-1433-469F-AE57-BDF704D986E9}.Release|Any CPU.ActiveCfg = Release|Any CPU
		{F6D7CBC4-1433-469F-AE57-BDF704D986E9}.Release|Any CPU.Build.0 = Release|Any CPU
		{F6D7CBC4-1433-469F-AE57-BDF704D986E9}.Release|x64.ActiveCfg = Release|Any CPU
		{F6D7CBC4-1433-469F-AE57-BDF704D986E9}.Release|x64.Build.0 = Release|Any CPU
		{F6D7CBC4-1433-469F-AE57-BDF704D986E9}.Release|x86.ActiveCfg = Release|Any CPU
		{F6D7CBC4-1433-469F-AE57-BDF704D986E9}.Release|x86.Build.0 = Release|Any CPU
		{FBACAE0C-E558-4D71-BD20-E3100D7DCC14}.Debug|Any CPU.ActiveCfg = Debug|Any CPU
		{FBACAE0C-E558-4D71-BD20-E3100D7DCC14}.Debug|Any CPU.Build.0 = Debug|Any CPU
		{FBACAE0C-E558-4D71-BD20-E3100D7DCC14}.Debug|x64.ActiveCfg = Debug|Any CPU
		{FBACAE0C-E558-4D71-BD20-E3100D7DCC14}.Debug|x64.Build.0 = Debug|Any CPU
		{FBACAE0C-E558-4D71-BD20-E3100D7DCC14}.Debug|x86.ActiveCfg = Debug|Any CPU
		{FBACAE0C-E558-4D71-BD20-E3100D7DCC14}.Debug|x86.Build.0 = Debug|Any CPU
		{FBACAE0C-E558-4D71-BD20-E3100D7DCC14}.Release|Any CPU.ActiveCfg = Release|Any CPU
		{FBACAE0C-E558-4D71-BD20-E3100D7DCC14}.Release|Any CPU.Build.0 = Release|Any CPU
		{FBACAE0C-E558-4D71-BD20-E3100D7DCC14}.Release|x64.ActiveCfg = Release|Any CPU
		{FBACAE0C-E558-4D71-BD20-E3100D7DCC14}.Release|x64.Build.0 = Release|Any CPU
		{FBACAE0C-E558-4D71-BD20-E3100D7DCC14}.Release|x86.ActiveCfg = Release|Any CPU
		{FBACAE0C-E558-4D71-BD20-E3100D7DCC14}.Release|x86.Build.0 = Release|Any CPU
		{7412CE47-3E7A-4722-B3CB-0336287024C4}.Debug|Any CPU.ActiveCfg = Debug|Any CPU
		{7412CE47-3E7A-4722-B3CB-0336287024C4}.Debug|Any CPU.Build.0 = Debug|Any CPU
		{7412CE47-3E7A-4722-B3CB-0336287024C4}.Debug|x64.ActiveCfg = Debug|Any CPU
		{7412CE47-3E7A-4722-B3CB-0336287024C4}.Debug|x64.Build.0 = Debug|Any CPU
		{7412CE47-3E7A-4722-B3CB-0336287024C4}.Debug|x86.ActiveCfg = Debug|Any CPU
		{7412CE47-3E7A-4722-B3CB-0336287024C4}.Debug|x86.Build.0 = Debug|Any CPU
		{7412CE47-3E7A-4722-B3CB-0336287024C4}.Release|Any CPU.ActiveCfg = Release|Any CPU
		{7412CE47-3E7A-4722-B3CB-0336287024C4}.Release|Any CPU.Build.0 = Release|Any CPU
		{7412CE47-3E7A-4722-B3CB-0336287024C4}.Release|x64.ActiveCfg = Release|Any CPU
		{7412CE47-3E7A-4722-B3CB-0336287024C4}.Release|x64.Build.0 = Release|Any CPU
		{7412CE47-3E7A-4722-B3CB-0336287024C4}.Release|x86.ActiveCfg = Release|Any CPU
		{7412CE47-3E7A-4722-B3CB-0336287024C4}.Release|x86.Build.0 = Release|Any CPU
		{9E74D362-9A5D-49FB-BDB9-16F525010314}.Debug|Any CPU.ActiveCfg = Debug|Any CPU
		{9E74D362-9A5D-49FB-BDB9-16F525010314}.Debug|Any CPU.Build.0 = Debug|Any CPU
		{9E74D362-9A5D-49FB-BDB9-16F525010314}.Debug|x64.ActiveCfg = Debug|Any CPU
		{9E74D362-9A5D-49FB-BDB9-16F525010314}.Debug|x64.Build.0 = Debug|Any CPU
		{9E74D362-9A5D-49FB-BDB9-16F525010314}.Debug|x86.ActiveCfg = Debug|Any CPU
		{9E74D362-9A5D-49FB-BDB9-16F525010314}.Debug|x86.Build.0 = Debug|Any CPU
		{9E74D362-9A5D-49FB-BDB9-16F525010314}.Release|Any CPU.ActiveCfg = Release|Any CPU
		{9E74D362-9A5D-49FB-BDB9-16F525010314}.Release|Any CPU.Build.0 = Release|Any CPU
		{9E74D362-9A5D-49FB-BDB9-16F525010314}.Release|x64.ActiveCfg = Release|Any CPU
		{9E74D362-9A5D-49FB-BDB9-16F525010314}.Release|x64.Build.0 = Release|Any CPU
		{9E74D362-9A5D-49FB-BDB9-16F525010314}.Release|x86.ActiveCfg = Release|Any CPU
		{9E74D362-9A5D-49FB-BDB9-16F525010314}.Release|x86.Build.0 = Release|Any CPU
		{A77D3A26-DDE3-49F4-B55B-005386FA503F}.Debug|Any CPU.ActiveCfg = Debug|Any CPU
		{A77D3A26-DDE3-49F4-B55B-005386FA503F}.Debug|Any CPU.Build.0 = Debug|Any CPU
		{A77D3A26-DDE3-49F4-B55B-005386FA503F}.Debug|x64.ActiveCfg = Debug|Any CPU
		{A77D3A26-DDE3-49F4-B55B-005386FA503F}.Debug|x64.Build.0 = Debug|Any CPU
		{A77D3A26-DDE3-49F4-B55B-005386FA503F}.Debug|x86.ActiveCfg = Debug|Any CPU
		{A77D3A26-DDE3-49F4-B55B-005386FA503F}.Debug|x86.Build.0 = Debug|Any CPU
		{A77D3A26-DDE3-49F4-B55B-005386FA503F}.Release|Any CPU.ActiveCfg = Release|Any CPU
		{A77D3A26-DDE3-49F4-B55B-005386FA503F}.Release|Any CPU.Build.0 = Release|Any CPU
		{A77D3A26-DDE3-49F4-B55B-005386FA503F}.Release|x64.ActiveCfg = Release|Any CPU
		{A77D3A26-DDE3-49F4-B55B-005386FA503F}.Release|x64.Build.0 = Release|Any CPU
		{A77D3A26-DDE3-49F4-B55B-005386FA503F}.Release|x86.ActiveCfg = Release|Any CPU
		{A77D3A26-DDE3-49F4-B55B-005386FA503F}.Release|x86.Build.0 = Release|Any CPU
		{9E4BFAE4-942B-4AA3-B6C7-A2E1E66F9444}.Debug|Any CPU.ActiveCfg = Debug|Any CPU
		{9E4BFAE4-942B-4AA3-B6C7-A2E1E66F9444}.Debug|Any CPU.Build.0 = Debug|Any CPU
		{9E4BFAE4-942B-4AA3-B6C7-A2E1E66F9444}.Debug|x64.ActiveCfg = Debug|Any CPU
		{9E4BFAE4-942B-4AA3-B6C7-A2E1E66F9444}.Debug|x64.Build.0 = Debug|Any CPU
		{9E4BFAE4-942B-4AA3-B6C7-A2E1E66F9444}.Debug|x86.ActiveCfg = Debug|Any CPU
		{9E4BFAE4-942B-4AA3-B6C7-A2E1E66F9444}.Debug|x86.Build.0 = Debug|Any CPU
		{9E4BFAE4-942B-4AA3-B6C7-A2E1E66F9444}.Release|Any CPU.ActiveCfg = Release|Any CPU
		{9E4BFAE4-942B-4AA3-B6C7-A2E1E66F9444}.Release|Any CPU.Build.0 = Release|Any CPU
		{9E4BFAE4-942B-4AA3-B6C7-A2E1E66F9444}.Release|x64.ActiveCfg = Release|Any CPU
		{9E4BFAE4-942B-4AA3-B6C7-A2E1E66F9444}.Release|x64.Build.0 = Release|Any CPU
		{9E4BFAE4-942B-4AA3-B6C7-A2E1E66F9444}.Release|x86.ActiveCfg = Release|Any CPU
		{9E4BFAE4-942B-4AA3-B6C7-A2E1E66F9444}.Release|x86.Build.0 = Release|Any CPU
		{56937A18-BE61-4D3A-BC9C-BF9BA71A9CE6}.Debug|Any CPU.ActiveCfg = Debug|Any CPU
		{56937A18-BE61-4D3A-BC9C-BF9BA71A9CE6}.Debug|Any CPU.Build.0 = Debug|Any CPU
		{56937A18-BE61-4D3A-BC9C-BF9BA71A9CE6}.Debug|x64.ActiveCfg = Debug|Any CPU
		{56937A18-BE61-4D3A-BC9C-BF9BA71A9CE6}.Debug|x64.Build.0 = Debug|Any CPU
		{56937A18-BE61-4D3A-BC9C-BF9BA71A9CE6}.Debug|x86.ActiveCfg = Debug|Any CPU
		{56937A18-BE61-4D3A-BC9C-BF9BA71A9CE6}.Debug|x86.Build.0 = Debug|Any CPU
		{56937A18-BE61-4D3A-BC9C-BF9BA71A9CE6}.Release|Any CPU.ActiveCfg = Release|Any CPU
		{56937A18-BE61-4D3A-BC9C-BF9BA71A9CE6}.Release|Any CPU.Build.0 = Release|Any CPU
		{56937A18-BE61-4D3A-BC9C-BF9BA71A9CE6}.Release|x64.ActiveCfg = Release|Any CPU
		{56937A18-BE61-4D3A-BC9C-BF9BA71A9CE6}.Release|x64.Build.0 = Release|Any CPU
		{56937A18-BE61-4D3A-BC9C-BF9BA71A9CE6}.Release|x86.ActiveCfg = Release|Any CPU
		{56937A18-BE61-4D3A-BC9C-BF9BA71A9CE6}.Release|x86.Build.0 = Release|Any CPU
		{0C498413-4BDD-446F-ADD2-142FE40F2124}.Debug|Any CPU.ActiveCfg = Debug|Any CPU
		{0C498413-4BDD-446F-ADD2-142FE40F2124}.Debug|Any CPU.Build.0 = Debug|Any CPU
		{0C498413-4BDD-446F-ADD2-142FE40F2124}.Debug|x64.ActiveCfg = Debug|Any CPU
		{0C498413-4BDD-446F-ADD2-142FE40F2124}.Debug|x64.Build.0 = Debug|Any CPU
		{0C498413-4BDD-446F-ADD2-142FE40F2124}.Debug|x86.ActiveCfg = Debug|Any CPU
		{0C498413-4BDD-446F-ADD2-142FE40F2124}.Debug|x86.Build.0 = Debug|Any CPU
		{0C498413-4BDD-446F-ADD2-142FE40F2124}.Release|Any CPU.ActiveCfg = Release|Any CPU
		{0C498413-4BDD-446F-ADD2-142FE40F2124}.Release|Any CPU.Build.0 = Release|Any CPU
		{0C498413-4BDD-446F-ADD2-142FE40F2124}.Release|x64.ActiveCfg = Release|Any CPU
		{0C498413-4BDD-446F-ADD2-142FE40F2124}.Release|x64.Build.0 = Release|Any CPU
		{0C498413-4BDD-446F-ADD2-142FE40F2124}.Release|x86.ActiveCfg = Release|Any CPU
		{0C498413-4BDD-446F-ADD2-142FE40F2124}.Release|x86.Build.0 = Release|Any CPU
		{DE3F1415-393E-4EFD-8F1B-5192F9139964}.Debug|Any CPU.ActiveCfg = Debug|Any CPU
		{DE3F1415-393E-4EFD-8F1B-5192F9139964}.Debug|Any CPU.Build.0 = Debug|Any CPU
		{DE3F1415-393E-4EFD-8F1B-5192F9139964}.Debug|x64.ActiveCfg = Debug|Any CPU
		{DE3F1415-393E-4EFD-8F1B-5192F9139964}.Debug|x64.Build.0 = Debug|Any CPU
		{DE3F1415-393E-4EFD-8F1B-5192F9139964}.Debug|x86.ActiveCfg = Debug|Any CPU
		{DE3F1415-393E-4EFD-8F1B-5192F9139964}.Debug|x86.Build.0 = Debug|Any CPU
		{DE3F1415-393E-4EFD-8F1B-5192F9139964}.Release|Any CPU.ActiveCfg = Release|Any CPU
		{DE3F1415-393E-4EFD-8F1B-5192F9139964}.Release|Any CPU.Build.0 = Release|Any CPU
		{DE3F1415-393E-4EFD-8F1B-5192F9139964}.Release|x64.ActiveCfg = Release|Any CPU
		{DE3F1415-393E-4EFD-8F1B-5192F9139964}.Release|x64.Build.0 = Release|Any CPU
		{DE3F1415-393E-4EFD-8F1B-5192F9139964}.Release|x86.ActiveCfg = Release|Any CPU
		{DE3F1415-393E-4EFD-8F1B-5192F9139964}.Release|x86.Build.0 = Release|Any CPU
		{EBC26D5B-79CF-4DEC-BD57-34A580ED6E68}.Debug|Any CPU.ActiveCfg = Debug|Any CPU
		{EBC26D5B-79CF-4DEC-BD57-34A580ED6E68}.Debug|Any CPU.Build.0 = Debug|Any CPU
		{EBC26D5B-79CF-4DEC-BD57-34A580ED6E68}.Debug|x64.ActiveCfg = Debug|Any CPU
		{EBC26D5B-79CF-4DEC-BD57-34A580ED6E68}.Debug|x64.Build.0 = Debug|Any CPU
		{EBC26D5B-79CF-4DEC-BD57-34A580ED6E68}.Debug|x86.ActiveCfg = Debug|Any CPU
		{EBC26D5B-79CF-4DEC-BD57-34A580ED6E68}.Debug|x86.Build.0 = Debug|Any CPU
		{EBC26D5B-79CF-4DEC-BD57-34A580ED6E68}.Release|Any CPU.ActiveCfg = Release|Any CPU
		{EBC26D5B-79CF-4DEC-BD57-34A580ED6E68}.Release|Any CPU.Build.0 = Release|Any CPU
		{EBC26D5B-79CF-4DEC-BD57-34A580ED6E68}.Release|x64.ActiveCfg = Release|Any CPU
		{EBC26D5B-79CF-4DEC-BD57-34A580ED6E68}.Release|x64.Build.0 = Release|Any CPU
		{EBC26D5B-79CF-4DEC-BD57-34A580ED6E68}.Release|x86.ActiveCfg = Release|Any CPU
		{EBC26D5B-79CF-4DEC-BD57-34A580ED6E68}.Release|x86.Build.0 = Release|Any CPU
		{55F8D2D0-7658-487A-A0E9-E4E385655C36}.Debug|Any CPU.ActiveCfg = Debug|Any CPU
		{55F8D2D0-7658-487A-A0E9-E4E385655C36}.Debug|Any CPU.Build.0 = Debug|Any CPU
		{55F8D2D0-7658-487A-A0E9-E4E385655C36}.Debug|x64.ActiveCfg = Debug|Any CPU
		{55F8D2D0-7658-487A-A0E9-E4E385655C36}.Debug|x64.Build.0 = Debug|Any CPU
		{55F8D2D0-7658-487A-A0E9-E4E385655C36}.Debug|x86.ActiveCfg = Debug|Any CPU
		{55F8D2D0-7658-487A-A0E9-E4E385655C36}.Debug|x86.Build.0 = Debug|Any CPU
		{55F8D2D0-7658-487A-A0E9-E4E385655C36}.Release|Any CPU.ActiveCfg = Release|Any CPU
		{55F8D2D0-7658-487A-A0E9-E4E385655C36}.Release|Any CPU.Build.0 = Release|Any CPU
		{55F8D2D0-7658-487A-A0E9-E4E385655C36}.Release|x64.ActiveCfg = Release|Any CPU
		{55F8D2D0-7658-487A-A0E9-E4E385655C36}.Release|x64.Build.0 = Release|Any CPU
		{55F8D2D0-7658-487A-A0E9-E4E385655C36}.Release|x86.ActiveCfg = Release|Any CPU
		{55F8D2D0-7658-487A-A0E9-E4E385655C36}.Release|x86.Build.0 = Release|Any CPU
		{939C07FB-D871-442C-944F-BE9073EC4586}.Debug|Any CPU.ActiveCfg = Debug|Any CPU
		{939C07FB-D871-442C-944F-BE9073EC4586}.Debug|Any CPU.Build.0 = Debug|Any CPU
		{939C07FB-D871-442C-944F-BE9073EC4586}.Debug|x64.ActiveCfg = Debug|Any CPU
		{939C07FB-D871-442C-944F-BE9073EC4586}.Debug|x64.Build.0 = Debug|Any CPU
		{939C07FB-D871-442C-944F-BE9073EC4586}.Debug|x86.ActiveCfg = Debug|Any CPU
		{939C07FB-D871-442C-944F-BE9073EC4586}.Debug|x86.Build.0 = Debug|Any CPU
		{939C07FB-D871-442C-944F-BE9073EC4586}.Release|Any CPU.ActiveCfg = Release|Any CPU
		{939C07FB-D871-442C-944F-BE9073EC4586}.Release|Any CPU.Build.0 = Release|Any CPU
		{939C07FB-D871-442C-944F-BE9073EC4586}.Release|x64.ActiveCfg = Release|Any CPU
		{939C07FB-D871-442C-944F-BE9073EC4586}.Release|x64.Build.0 = Release|Any CPU
		{939C07FB-D871-442C-944F-BE9073EC4586}.Release|x86.ActiveCfg = Release|Any CPU
		{939C07FB-D871-442C-944F-BE9073EC4586}.Release|x86.Build.0 = Release|Any CPU
		{0DC4B105-AE0E-4CC5-8794-5658F3B61877}.Debug|Any CPU.ActiveCfg = Debug|Any CPU
		{0DC4B105-AE0E-4CC5-8794-5658F3B61877}.Debug|Any CPU.Build.0 = Debug|Any CPU
		{0DC4B105-AE0E-4CC5-8794-5658F3B61877}.Debug|x64.ActiveCfg = Debug|Any CPU
		{0DC4B105-AE0E-4CC5-8794-5658F3B61877}.Debug|x64.Build.0 = Debug|Any CPU
		{0DC4B105-AE0E-4CC5-8794-5658F3B61877}.Debug|x86.ActiveCfg = Debug|Any CPU
		{0DC4B105-AE0E-4CC5-8794-5658F3B61877}.Debug|x86.Build.0 = Debug|Any CPU
		{0DC4B105-AE0E-4CC5-8794-5658F3B61877}.Release|Any CPU.ActiveCfg = Release|Any CPU
		{0DC4B105-AE0E-4CC5-8794-5658F3B61877}.Release|Any CPU.Build.0 = Release|Any CPU
		{0DC4B105-AE0E-4CC5-8794-5658F3B61877}.Release|x64.ActiveCfg = Release|Any CPU
		{0DC4B105-AE0E-4CC5-8794-5658F3B61877}.Release|x64.Build.0 = Release|Any CPU
		{0DC4B105-AE0E-4CC5-8794-5658F3B61877}.Release|x86.ActiveCfg = Release|Any CPU
		{0DC4B105-AE0E-4CC5-8794-5658F3B61877}.Release|x86.Build.0 = Release|Any CPU
		{FCA10813-7D65-425A-9985-A0131DFDBC10}.Debug|Any CPU.ActiveCfg = Debug|Any CPU
		{FCA10813-7D65-425A-9985-A0131DFDBC10}.Debug|Any CPU.Build.0 = Debug|Any CPU
		{FCA10813-7D65-425A-9985-A0131DFDBC10}.Debug|x64.ActiveCfg = Debug|Any CPU
		{FCA10813-7D65-425A-9985-A0131DFDBC10}.Debug|x64.Build.0 = Debug|Any CPU
		{FCA10813-7D65-425A-9985-A0131DFDBC10}.Debug|x86.ActiveCfg = Debug|Any CPU
		{FCA10813-7D65-425A-9985-A0131DFDBC10}.Debug|x86.Build.0 = Debug|Any CPU
		{FCA10813-7D65-425A-9985-A0131DFDBC10}.Release|Any CPU.ActiveCfg = Release|Any CPU
		{FCA10813-7D65-425A-9985-A0131DFDBC10}.Release|Any CPU.Build.0 = Release|Any CPU
		{FCA10813-7D65-425A-9985-A0131DFDBC10}.Release|x64.ActiveCfg = Release|Any CPU
		{FCA10813-7D65-425A-9985-A0131DFDBC10}.Release|x64.Build.0 = Release|Any CPU
		{FCA10813-7D65-425A-9985-A0131DFDBC10}.Release|x86.ActiveCfg = Release|Any CPU
		{FCA10813-7D65-425A-9985-A0131DFDBC10}.Release|x86.Build.0 = Release|Any CPU
		{8F85B598-5F86-4FA3-B3E9-4875C91862DB}.Debug|Any CPU.ActiveCfg = Debug|Any CPU
		{8F85B598-5F86-4FA3-B3E9-4875C91862DB}.Debug|Any CPU.Build.0 = Debug|Any CPU
		{8F85B598-5F86-4FA3-B3E9-4875C91862DB}.Debug|x64.ActiveCfg = Debug|Any CPU
		{8F85B598-5F86-4FA3-B3E9-4875C91862DB}.Debug|x64.Build.0 = Debug|Any CPU
		{8F85B598-5F86-4FA3-B3E9-4875C91862DB}.Debug|x86.ActiveCfg = Debug|Any CPU
		{8F85B598-5F86-4FA3-B3E9-4875C91862DB}.Debug|x86.Build.0 = Debug|Any CPU
		{8F85B598-5F86-4FA3-B3E9-4875C91862DB}.Release|Any CPU.ActiveCfg = Release|Any CPU
		{8F85B598-5F86-4FA3-B3E9-4875C91862DB}.Release|Any CPU.Build.0 = Release|Any CPU
		{8F85B598-5F86-4FA3-B3E9-4875C91862DB}.Release|x64.ActiveCfg = Release|Any CPU
		{8F85B598-5F86-4FA3-B3E9-4875C91862DB}.Release|x64.Build.0 = Release|Any CPU
		{8F85B598-5F86-4FA3-B3E9-4875C91862DB}.Release|x86.ActiveCfg = Release|Any CPU
		{8F85B598-5F86-4FA3-B3E9-4875C91862DB}.Release|x86.Build.0 = Release|Any CPU
		{D3E1DFCB-2ACF-4EA0-9184-A9BF79A878ED}.Debug|Any CPU.ActiveCfg = Debug|Any CPU
		{D3E1DFCB-2ACF-4EA0-9184-A9BF79A878ED}.Debug|Any CPU.Build.0 = Debug|Any CPU
		{D3E1DFCB-2ACF-4EA0-9184-A9BF79A878ED}.Debug|x64.ActiveCfg = Debug|Any CPU
		{D3E1DFCB-2ACF-4EA0-9184-A9BF79A878ED}.Debug|x64.Build.0 = Debug|Any CPU
		{D3E1DFCB-2ACF-4EA0-9184-A9BF79A878ED}.Debug|x86.ActiveCfg = Debug|Any CPU
		{D3E1DFCB-2ACF-4EA0-9184-A9BF79A878ED}.Debug|x86.Build.0 = Debug|Any CPU
		{D3E1DFCB-2ACF-4EA0-9184-A9BF79A878ED}.Release|Any CPU.ActiveCfg = Release|Any CPU
		{D3E1DFCB-2ACF-4EA0-9184-A9BF79A878ED}.Release|Any CPU.Build.0 = Release|Any CPU
		{D3E1DFCB-2ACF-4EA0-9184-A9BF79A878ED}.Release|x64.ActiveCfg = Release|Any CPU
		{D3E1DFCB-2ACF-4EA0-9184-A9BF79A878ED}.Release|x64.Build.0 = Release|Any CPU
		{D3E1DFCB-2ACF-4EA0-9184-A9BF79A878ED}.Release|x86.ActiveCfg = Release|Any CPU
		{D3E1DFCB-2ACF-4EA0-9184-A9BF79A878ED}.Release|x86.Build.0 = Release|Any CPU
		{03B824D4-9B43-4B91-9A5A-FAC59BB66FE0}.Debug|Any CPU.ActiveCfg = Debug|Any CPU
		{03B824D4-9B43-4B91-9A5A-FAC59BB66FE0}.Debug|Any CPU.Build.0 = Debug|Any CPU
		{03B824D4-9B43-4B91-9A5A-FAC59BB66FE0}.Debug|x64.ActiveCfg = Debug|Any CPU
		{03B824D4-9B43-4B91-9A5A-FAC59BB66FE0}.Debug|x64.Build.0 = Debug|Any CPU
		{03B824D4-9B43-4B91-9A5A-FAC59BB66FE0}.Debug|x86.ActiveCfg = Debug|Any CPU
		{03B824D4-9B43-4B91-9A5A-FAC59BB66FE0}.Debug|x86.Build.0 = Debug|Any CPU
		{03B824D4-9B43-4B91-9A5A-FAC59BB66FE0}.Release|Any CPU.ActiveCfg = Release|Any CPU
		{03B824D4-9B43-4B91-9A5A-FAC59BB66FE0}.Release|Any CPU.Build.0 = Release|Any CPU
		{03B824D4-9B43-4B91-9A5A-FAC59BB66FE0}.Release|x64.ActiveCfg = Release|Any CPU
		{03B824D4-9B43-4B91-9A5A-FAC59BB66FE0}.Release|x64.Build.0 = Release|Any CPU
		{03B824D4-9B43-4B91-9A5A-FAC59BB66FE0}.Release|x86.ActiveCfg = Release|Any CPU
		{03B824D4-9B43-4B91-9A5A-FAC59BB66FE0}.Release|x86.Build.0 = Release|Any CPU
		{11748288-DCFE-4FB0-ACC1-B247F7566EDB}.Debug|Any CPU.ActiveCfg = Debug|Any CPU
		{11748288-DCFE-4FB0-ACC1-B247F7566EDB}.Debug|Any CPU.Build.0 = Debug|Any CPU
		{11748288-DCFE-4FB0-ACC1-B247F7566EDB}.Debug|x64.ActiveCfg = Debug|Any CPU
		{11748288-DCFE-4FB0-ACC1-B247F7566EDB}.Debug|x64.Build.0 = Debug|Any CPU
		{11748288-DCFE-4FB0-ACC1-B247F7566EDB}.Debug|x86.ActiveCfg = Debug|Any CPU
		{11748288-DCFE-4FB0-ACC1-B247F7566EDB}.Debug|x86.Build.0 = Debug|Any CPU
		{11748288-DCFE-4FB0-ACC1-B247F7566EDB}.Release|Any CPU.ActiveCfg = Release|Any CPU
		{11748288-DCFE-4FB0-ACC1-B247F7566EDB}.Release|Any CPU.Build.0 = Release|Any CPU
		{11748288-DCFE-4FB0-ACC1-B247F7566EDB}.Release|x64.ActiveCfg = Release|Any CPU
		{11748288-DCFE-4FB0-ACC1-B247F7566EDB}.Release|x64.Build.0 = Release|Any CPU
		{11748288-DCFE-4FB0-ACC1-B247F7566EDB}.Release|x86.ActiveCfg = Release|Any CPU
		{11748288-DCFE-4FB0-ACC1-B247F7566EDB}.Release|x86.Build.0 = Release|Any CPU
		{36B61C42-2B83-46C8-95E0-2868E83A19C5}.Debug|Any CPU.ActiveCfg = Debug|Any CPU
		{36B61C42-2B83-46C8-95E0-2868E83A19C5}.Debug|Any CPU.Build.0 = Debug|Any CPU
		{36B61C42-2B83-46C8-95E0-2868E83A19C5}.Debug|x64.ActiveCfg = Debug|Any CPU
		{36B61C42-2B83-46C8-95E0-2868E83A19C5}.Debug|x64.Build.0 = Debug|Any CPU
		{36B61C42-2B83-46C8-95E0-2868E83A19C5}.Debug|x86.ActiveCfg = Debug|Any CPU
		{36B61C42-2B83-46C8-95E0-2868E83A19C5}.Debug|x86.Build.0 = Debug|Any CPU
		{36B61C42-2B83-46C8-95E0-2868E83A19C5}.Release|Any CPU.ActiveCfg = Release|Any CPU
		{36B61C42-2B83-46C8-95E0-2868E83A19C5}.Release|Any CPU.Build.0 = Release|Any CPU
		{36B61C42-2B83-46C8-95E0-2868E83A19C5}.Release|x64.ActiveCfg = Release|Any CPU
		{36B61C42-2B83-46C8-95E0-2868E83A19C5}.Release|x64.Build.0 = Release|Any CPU
		{36B61C42-2B83-46C8-95E0-2868E83A19C5}.Release|x86.ActiveCfg = Release|Any CPU
		{36B61C42-2B83-46C8-95E0-2868E83A19C5}.Release|x86.Build.0 = Release|Any CPU
	EndGlobalSection
	GlobalSection(SolutionProperties) = preSolution
		HideSolutionNode = FALSE
	EndGlobalSection
	GlobalSection(NestedProjects) = preSolution
		{15BE2FA5-9A10-419B-A8A3-307C751CC3CE} = {827E0CD3-B72D-47B6-A68D-7590B98EB39B}
		{F3D697FE-C345-428F-B375-6D687520A6AF} = {827E0CD3-B72D-47B6-A68D-7590B98EB39B}
		{C7CE07E3-8D2F-4149-82C1-366451C4EBFB} = {827E0CD3-B72D-47B6-A68D-7590B98EB39B}
		{26E75B7A-AE34-424C-B070-8A5D4D4EF2B8} = {827E0CD3-B72D-47B6-A68D-7590B98EB39B}
		{5CEAEF53-B83C-4EB0-A3CD-D216105D2E0E} = {827E0CD3-B72D-47B6-A68D-7590B98EB39B}
		{6214768A-BC7E-4C2D-BCF2-1819B6D0C705} = {827E0CD3-B72D-47B6-A68D-7590B98EB39B}
		{F6D7CBC4-1433-469F-AE57-BDF704D986E9} = {827E0CD3-B72D-47B6-A68D-7590B98EB39B}
		{FBACAE0C-E558-4D71-BD20-E3100D7DCC14} = {827E0CD3-B72D-47B6-A68D-7590B98EB39B}
		{7412CE47-3E7A-4722-B3CB-0336287024C4} = {827E0CD3-B72D-47B6-A68D-7590B98EB39B}
		{9E74D362-9A5D-49FB-BDB9-16F525010314} = {827E0CD3-B72D-47B6-A68D-7590B98EB39B}
		{A77D3A26-DDE3-49F4-B55B-005386FA503F} = {0AB3BF05-4346-4AA6-1389-037BE0695223}
		{9E4BFAE4-942B-4AA3-B6C7-A2E1E66F9444} = {A39C23D2-F2C0-258D-165A-CF1E7FEE6E7B}
		{56937A18-BE61-4D3A-BC9C-BF9BA71A9CE6} = {A39C23D2-F2C0-258D-165A-CF1E7FEE6E7B}
		{0C498413-4BDD-446F-ADD2-142FE40F2124} = {0AB3BF05-4346-4AA6-1389-037BE0695223}
		{DE3F1415-393E-4EFD-8F1B-5192F9139964} = {0AB3BF05-4346-4AA6-1389-037BE0695223}
		{EBC26D5B-79CF-4DEC-BD57-34A580ED6E68} = {0AB3BF05-4346-4AA6-1389-037BE0695223}
		{55F8D2D0-7658-487A-A0E9-E4E385655C36} = {0AB3BF05-4346-4AA6-1389-037BE0695223}
		{1F8F6033-F7E1-6B7B-E839-8F667ECECB61} = {0AB3BF05-4346-4AA6-1389-037BE0695223}
		{F0F75176-3399-1E23-5BB9-5BDF1B115284} = {1F8F6033-F7E1-6B7B-E839-8F667ECECB61}
		{939C07FB-D871-442C-944F-BE9073EC4586} = {F0F75176-3399-1E23-5BB9-5BDF1B115284}
		{0DC4B105-AE0E-4CC5-8794-5658F3B61877} = {0AB3BF05-4346-4AA6-1389-037BE0695223}
		{FCA10813-7D65-425A-9985-A0131DFDBC10} = {827E0CD3-B72D-47B6-A68D-7590B98EB39B}
		{8F85B598-5F86-4FA3-B3E9-4875C91862DB} = {827E0CD3-B72D-47B6-A68D-7590B98EB39B}
		{D3E1DFCB-2ACF-4EA0-9184-A9BF79A878ED} = {0AB3BF05-4346-4AA6-1389-037BE0695223}
		{03B824D4-9B43-4B91-9A5A-FAC59BB66FE0} = {827E0CD3-B72D-47B6-A68D-7590B98EB39B}
		{11748288-DCFE-4FB0-ACC1-B247F7566EDB} = {827E0CD3-B72D-47B6-A68D-7590B98EB39B}
		{8F466D5F-F1B4-0E9A-E058-7D248EA26668} = {1F8F6033-F7E1-6B7B-E839-8F667ECECB61}
		{36B61C42-2B83-46C8-95E0-2868E83A19C5} = {8F466D5F-F1B4-0E9A-E058-7D248EA26668}
	EndGlobalSection
	GlobalSection(ExtensibilityGlobals) = postSolution
		SolutionGuid = {72300D2F-310E-460C-8352-F4B2C07A3DA0}
	EndGlobalSection
EndGlobal
