
Microsoft Visual Studio Solution File, Format Version 12.00
# Visual Studio Version 18
VisualStudioVersion = 18.5.11716.220
MinimumVisualStudioVersion = 10.0.40219.1
Project("{2150E333-8FDC-42A3-9474-1A3956D46DE8}") = "Core", "Core", "{5B434C14-5441-4013-BC2D-A9E2E124DC2C}"
EndProject
Project("{2150E333-8FDC-42A3-9474-1A3956D46DE8}") = "DemoUI", "DemoUI", "{1D09EA18-D99D-43EE-AB27-9D796ACB1121}"
EndProject
Project("{FAE04EC0-301F-11D3-BF4B-00C04F79EFBC}") = "AI.NLP", "src\AI.NLP\AI.NLP.csproj", "{C7093A22-B9DA-4215-9413-28DC3941C6EF}"
EndProject
Project("{FAE04EC0-301F-11D3-BF4B-00C04F79EFBC}") = "AI.ML", "src\AI.ML\AI.ML.csproj", "{AD364E77-2085-46CA-97CB-26C857FB9AFB}"
EndProject
Project("{FAE04EC0-301F-11D3-BF4B-00C04F79EFBC}") = "AI.ClassicMath", "src\AI.ClassicMath\AI.ClassicMath.csproj", "{E1D84C10-FBF7-48BB-BF27-C16B334C01F9}"
EndProject
Project("{FAE04EC0-301F-11D3-BF4B-00C04F79EFBC}") = "AI", "src\AI\AI.csproj", "{CB3B107D-8402-45D8-9F83-E74C081B5BB4}"
EndProject
Project("{FAE04EC0-301F-11D3-BF4B-00C04F79EFBC}") = "AI.ComputerVision", "src\AI.ComputerVision\AI.ComputerVision.csproj", "{4ABDE305-3E64-879F-E4DE-13882887E82A}"
EndProject
Project("{FAE04EC0-301F-11D3-BF4B-00C04F79EFBC}") = "AiFrameworkDemo", "Demo\WebUI\AiFrameworkDemo\AiFrameworkDemo\AiFrameworkDemo.csproj", "{FC73ECE2-6C1E-E2B1-4B58-F9F63394B0F1}"
EndProject
Project("{FAE04EC0-301F-11D3-BF4B-00C04F79EFBC}") = "AI.DSP", "src\AI.DSP\AI.DSP.csproj", "{5BD34DE4-AC90-4827-F726-27372434E28A}"
EndProject
Project("{FAE04EC0-301F-11D3-BF4B-00C04F79EFBC}") = "AI.NeuralNetworks", "src\AI.NeuralNetworks\AI.NeuralNetworks.csproj", "{3B7219A0-A01E-D4E7-CB81-F9D6A5787912}"
EndProject
Project("{FAE04EC0-301F-11D3-BF4B-00C04F79EFBC}") = "AI.DataPrepaire", "src\AI.DataPrepaire\AI.DataPrepaire.csproj", "{2D7F85CD-AD37-CCEE-4537-3DA629C8B377}"
EndProject
Project("{FAE04EC0-301F-11D3-BF4B-00C04F79EFBC}") = "AI.ONNX", "src\AI.ONNX\AI.ONNX.csproj", "{CCA2D303-EFDF-AE8A-250B-B047E82DCC2B}"
EndProject
Project("{FAE04EC0-301F-11D3-BF4B-00C04F79EFBC}") = "AI.Charts.JS", "src\AI.Charts.JS\AI.Charts.JS.csproj", "{5C3EA3EF-9C15-4FC1-984E-20B0B857136E}"
EndProject
Project("{FAE04EC0-301F-11D3-BF4B-00C04F79EFBC}") = "AI.Charts", "src\AI.Charts\AI.Charts.csproj", "{C8EF9826-6BA3-4753-BB3C-F3D6136DF1EB}"
EndProject
Project("{FAE04EC0-301F-11D3-BF4B-00C04F79EFBC}") = "AI.Algorithms", "src\AI.Algorithms\AI.Algorithms.csproj", "{BC068DA4-39A2-7DEB-26D9-143529621A69}"
EndProject
Project("{FAE04EC0-301F-11D3-BF4B-00C04F79EFBC}") = "AI.Geometry", "src\AI.Geometry\AI.Geometry.csproj", "{8B8DFC9B-FA4A-4FF1-916A-222D17DEC42C}"
EndProject
Project("{FAE04EC0-301F-11D3-BF4B-00C04F79EFBC}") = "AI.Solvers.Math", "src\AI.Solvers.Math\AI.Solvers.Math.csproj", "{7C3B0D94-350D-7CC8-DDAB-17041D993D12}"
EndProject
Project("{FAE04EC0-301F-11D3-BF4B-00C04F79EFBC}") = "AI.SignalLabs", "src\AI.SignalLabs\AI.SignalLabs.csproj", "{2AF05FCA-0AC6-8561-F50E-403835CF9B77}"
EndProject
Project("{FAE04EC0-301F-11D3-BF4B-00C04F79EFBC}") = "AI.LLM", "src\AI.LLM\AI.LLM.csproj", "{69F954D7-C322-4922-F1E4-8EFF8D8BFDDE}"
EndProject
Project("{FAE04EC0-301F-11D3-BF4B-00C04F79EFBC}") = "AI.ExplainitALL", "src\AI.ExplainitALL\AI.ExplainitALL.csproj", "{C8784FB7-ED36-E468-D611-CB57D2354947}"
EndProject
Project("{FAE04EC0-301F-11D3-BF4B-00C04F79EFBC}") = "AI.Fuzzy", "src\AI.Fuzzy\AI.Fuzzy.csproj", "{E7D67193-4E69-2EEE-ACB5-5BF53EB78942}"
EndProject
Project("{FAE04EC0-301F-11D3-BF4B-00C04F79EFBC}") = "AI.KNN", "src\AI.KNN\AI.KNN.csproj", "{DEBED238-1453-056E-D4FE-30C9A0815624}"
EndProject
Project("{FAE04EC0-301F-11D3-BF4B-00C04F79EFBC}") = "AI.ControlSystems", "src\AI.ControlSystems\AI.ControlSystems.csproj", "{1CAB6225-73D7-A7C2-AF96-093851CA0591}"
EndProject
Project("{FAE04EC0-301F-11D3-BF4B-00C04F79EFBC}") = "AI.Faiss", "src\AI.Faiss\AI.Faiss.csproj", "{F71858F3-6715-368A-609D-0CF5D40AE554}"
EndProject
Project("{2150E333-8FDC-42A3-9474-1A3956D46DE8}") = "src", "src", "{827E0CD3-B72D-47B6-A68D-7590B98EB39B}"
EndProject
Project("{FAE04EC0-301F-11D3-BF4B-00C04F79EFBC}") = "AI.Microwave", "src\AI.Microwave\AI.Microwave.csproj", "{5B6221C1-8013-47B1-90FE-2779D5085C9D}"
EndProject
Project("{FAE04EC0-301F-11D3-BF4B-00C04F79EFBC}") = "AI.Economics", "src\AI.Economics\AI.Economics.csproj", "{C6795F66-2996-403E-AF59-9F6F2AD5AB95}"
EndProject
Global
	GlobalSection(SolutionConfigurationPlatforms) = preSolution
		Debug|Any CPU = Debug|Any CPU
		Debug|x64 = Debug|x64
		Debug|x86 = Debug|x86
		Release|Any CPU = Release|Any CPU
		Release|x64 = Release|x64
		Release|x86 = Release|x86
	EndGlobalSection
	GlobalSection(ProjectConfigurationPlatforms) = postSolution
		{C7093A22-B9DA-4215-9413-28DC3941C6EF}.Debug|Any CPU.ActiveCfg = Debug|Any CPU
		{C7093A22-B9DA-4215-9413-28DC3941C6EF}.Debug|Any CPU.Build.0 = Debug|Any CPU
		{C7093A22-B9DA-4215-9413-28DC3941C6EF}.Debug|x64.ActiveCfg = Debug|Any CPU
		{C7093A22-B9DA-4215-9413-28DC3941C6EF}.Debug|x64.Build.0 = Debug|Any CPU
		{C7093A22-B9DA-4215-9413-28DC3941C6EF}.Debug|x86.ActiveCfg = Debug|Any CPU
		{C7093A22-B9DA-4215-9413-28DC3941C6EF}.Debug|x86.Build.0 = Debug|Any CPU
		{C7093A22-B9DA-4215-9413-28DC3941C6EF}.Release|Any CPU.ActiveCfg = Release|Any CPU
		{C7093A22-B9DA-4215-9413-28DC3941C6EF}.Release|Any CPU.Build.0 = Release|Any CPU
		{C7093A22-B9DA-4215-9413-28DC3941C6EF}.Release|x64.ActiveCfg = Release|Any CPU
		{C7093A22-B9DA-4215-9413-28DC3941C6EF}.Release|x64.Build.0 = Release|Any CPU
		{C7093A22-B9DA-4215-9413-28DC3941C6EF}.Release|x86.ActiveCfg = Release|Any CPU
		{C7093A22-B9DA-4215-9413-28DC3941C6EF}.Release|x86.Build.0 = Release|Any CPU
		{AD364E77-2085-46CA-97CB-26C857FB9AFB}.Debug|Any CPU.ActiveCfg = Debug|Any CPU
		{AD364E77-2085-46CA-97CB-26C857FB9AFB}.Debug|Any CPU.Build.0 = Debug|Any CPU
		{AD364E77-2085-46CA-97CB-26C857FB9AFB}.Debug|x64.ActiveCfg = Debug|Any CPU
		{AD364E77-2085-46CA-97CB-26C857FB9AFB}.Debug|x64.Build.0 = Debug|Any CPU
		{AD364E77-2085-46CA-97CB-26C857FB9AFB}.Debug|x86.ActiveCfg = Debug|Any CPU
		{AD364E77-2085-46CA-97CB-26C857FB9AFB}.Debug|x86.Build.0 = Debug|Any CPU
		{AD364E77-2085-46CA-97CB-26C857FB9AFB}.Release|Any CPU.ActiveCfg = Release|Any CPU
		{AD364E77-2085-46CA-97CB-26C857FB9AFB}.Release|Any CPU.Build.0 = Release|Any CPU
		{AD364E77-2085-46CA-97CB-26C857FB9AFB}.Release|x64.ActiveCfg = Release|Any CPU
		{AD364E77-2085-46CA-97CB-26C857FB9AFB}.Release|x64.Build.0 = Release|Any CPU
		{AD364E77-2085-46CA-97CB-26C857FB9AFB}.Release|x86.ActiveCfg = Release|Any CPU
		{AD364E77-2085-46CA-97CB-26C857FB9AFB}.Release|x86.Build.0 = Release|Any CPU
		{E1D84C10-FBF7-48BB-BF27-C16B334C01F9}.Debug|Any CPU.ActiveCfg = Debug|Any CPU
		{E1D84C10-FBF7-48BB-BF27-C16B334C01F9}.Debug|Any CPU.Build.0 = Debug|Any CPU
		{E1D84C10-FBF7-48BB-BF27-C16B334C01F9}.Debug|x64.ActiveCfg = Debug|Any CPU
		{E1D84C10-FBF7-48BB-BF27-C16B334C01F9}.Debug|x64.Build.0 = Debug|Any CPU
		{E1D84C10-FBF7-48BB-BF27-C16B334C01F9}.Debug|x86.ActiveCfg = Debug|Any CPU
		{E1D84C10-FBF7-48BB-BF27-C16B334C01F9}.Debug|x86.Build.0 = Debug|Any CPU
		{E1D84C10-FBF7-48BB-BF27-C16B334C01F9}.Release|Any CPU.ActiveCfg = Release|Any CPU
		{E1D84C10-FBF7-48BB-BF27-C16B334C01F9}.Release|Any CPU.Build.0 = Release|Any CPU
		{E1D84C10-FBF7-48BB-BF27-C16B334C01F9}.Release|x64.ActiveCfg = Release|Any CPU
		{E1D84C10-FBF7-48BB-BF27-C16B334C01F9}.Release|x64.Build.0 = Release|Any CPU
		{E1D84C10-FBF7-48BB-BF27-C16B334C01F9}.Release|x86.ActiveCfg = Release|Any CPU
		{E1D84C10-FBF7-48BB-BF27-C16B334C01F9}.Release|x86.Build.0 = Release|Any CPU
		{CB3B107D-8402-45D8-9F83-E74C081B5BB4}.Debug|Any CPU.ActiveCfg = Debug|Any CPU
		{CB3B107D-8402-45D8-9F83-E74C081B5BB4}.Debug|Any CPU.Build.0 = Debug|Any CPU
		{CB3B107D-8402-45D8-9F83-E74C081B5BB4}.Debug|x64.ActiveCfg = Debug|Any CPU
		{CB3B107D-8402-45D8-9F83-E74C081B5BB4}.Debug|x64.Build.0 = Debug|Any CPU
		{CB3B107D-8402-45D8-9F83-E74C081B5BB4}.Debug|x86.ActiveCfg = Debug|Any CPU
		{CB3B107D-8402-45D8-9F83-E74C081B5BB4}.Debug|x86.Build.0 = Debug|Any CPU
		{CB3B107D-8402-45D8-9F83-E74C081B5BB4}.Release|Any CPU.ActiveCfg = Release|Any CPU
		{CB3B107D-8402-45D8-9F83-E74C081B5BB4}.Release|Any CPU.Build.0 = Release|Any CPU
		{CB3B107D-8402-45D8-9F83-E74C081B5BB4}.Release|x64.ActiveCfg = Release|Any CPU
		{CB3B107D-8402-45D8-9F83-E74C081B5BB4}.Release|x64.Build.0 = Release|Any CPU
		{CB3B107D-8402-45D8-9F83-E74C081B5BB4}.Release|x86.ActiveCfg = Release|Any CPU
		{CB3B107D-8402-45D8-9F83-E74C081B5BB4}.Release|x86.Build.0 = Release|Any CPU
		{4ABDE305-3E64-879F-E4DE-13882887E82A}.Debug|Any CPU.ActiveCfg = Debug|Any CPU
		{4ABDE305-3E64-879F-E4DE-13882887E82A}.Debug|Any CPU.Build.0 = Debug|Any CPU
		{4ABDE305-3E64-879F-E4DE-13882887E82A}.Debug|x64.ActiveCfg = Debug|Any CPU
		{4ABDE305-3E64-879F-E4DE-13882887E82A}.Debug|x64.Build.0 = Debug|Any CPU
		{4ABDE305-3E64-879F-E4DE-13882887E82A}.Debug|x86.ActiveCfg = Debug|Any CPU
		{4ABDE305-3E64-879F-E4DE-13882887E82A}.Debug|x86.Build.0 = Debug|Any CPU
		{4ABDE305-3E64-879F-E4DE-13882887E82A}.Release|Any CPU.ActiveCfg = Release|Any CPU
		{4ABDE305-3E64-879F-E4DE-13882887E82A}.Release|Any CPU.Build.0 = Release|Any CPU
		{4ABDE305-3E64-879F-E4DE-13882887E82A}.Release|x64.ActiveCfg = Release|Any CPU
		{4ABDE305-3E64-879F-E4DE-13882887E82A}.Release|x64.Build.0 = Release|Any CPU
		{4ABDE305-3E64-879F-E4DE-13882887E82A}.Release|x86.ActiveCfg = Release|Any CPU
		{4ABDE305-3E64-879F-E4DE-13882887E82A}.Release|x86.Build.0 = Release|Any CPU
		{FC73ECE2-6C1E-E2B1-4B58-F9F63394B0F1}.Debug|Any CPU.ActiveCfg = Debug|Any CPU
		{FC73ECE2-6C1E-E2B1-4B58-F9F63394B0F1}.Debug|Any CPU.Build.0 = Debug|Any CPU
		{FC73ECE2-6C1E-E2B1-4B58-F9F63394B0F1}.Debug|x64.ActiveCfg = Debug|Any CPU
		{FC73ECE2-6C1E-E2B1-4B58-F9F63394B0F1}.Debug|x64.Build.0 = Debug|Any CPU
		{FC73ECE2-6C1E-E2B1-4B58-F9F63394B0F1}.Debug|x86.ActiveCfg = Debug|Any CPU
		{FC73ECE2-6C1E-E2B1-4B58-F9F63394B0F1}.Debug|x86.Build.0 = Debug|Any CPU
		{FC73ECE2-6C1E-E2B1-4B58-F9F63394B0F1}.Release|Any CPU.ActiveCfg = Release|Any CPU
		{FC73ECE2-6C1E-E2B1-4B58-F9F63394B0F1}.Release|Any CPU.Build.0 = Release|Any CPU
		{FC73ECE2-6C1E-E2B1-4B58-F9F63394B0F1}.Release|x64.ActiveCfg = Release|Any CPU
		{FC73ECE2-6C1E-E2B1-4B58-F9F63394B0F1}.Release|x64.Build.0 = Release|Any CPU
		{FC73ECE2-6C1E-E2B1-4B58-F9F63394B0F1}.Release|x86.ActiveCfg = Release|Any CPU
		{FC73ECE2-6C1E-E2B1-4B58-F9F63394B0F1}.Release|x86.Build.0 = Release|Any CPU
		{5BD34DE4-AC90-4827-F726-27372434E28A}.Debug|Any CPU.ActiveCfg = Debug|Any CPU
		{5BD34DE4-AC90-4827-F726-27372434E28A}.Debug|Any CPU.Build.0 = Debug|Any CPU
		{5BD34DE4-AC90-4827-F726-27372434E28A}.Debug|x64.ActiveCfg = Debug|Any CPU
		{5BD34DE4-AC90-4827-F726-27372434E28A}.Debug|x64.Build.0 = Debug|Any CPU
		{5BD34DE4-AC90-4827-F726-27372434E28A}.Debug|x86.ActiveCfg = Debug|Any CPU
		{5BD34DE4-AC90-4827-F726-27372434E28A}.Debug|x86.Build.0 = Debug|Any CPU
		{5BD34DE4-AC90-4827-F726-27372434E28A}.Release|Any CPU.ActiveCfg = Release|Any CPU
		{5BD34DE4-AC90-4827-F726-27372434E28A}.Release|Any CPU.Build.0 = Release|Any CPU
		{5BD34DE4-AC90-4827-F726-27372434E28A}.Release|x64.ActiveCfg = Release|Any CPU
		{5BD34DE4-AC90-4827-F726-27372434E28A}.Release|x64.Build.0 = Release|Any CPU
		{5BD34DE4-AC90-4827-F726-27372434E28A}.Release|x86.ActiveCfg = Release|Any CPU
		{5BD34DE4-AC90-4827-F726-27372434E28A}.Release|x86.Build.0 = Release|Any CPU
		{3B7219A0-A01E-D4E7-CB81-F9D6A5787912}.Debug|Any CPU.ActiveCfg = Debug|Any CPU
		{3B7219A0-A01E-D4E7-CB81-F9D6A5787912}.Debug|Any CPU.Build.0 = Debug|Any CPU
		{3B7219A0-A01E-D4E7-CB81-F9D6A5787912}.Debug|x64.ActiveCfg = Debug|Any CPU
		{3B7219A0-A01E-D4E7-CB81-F9D6A5787912}.Debug|x64.Build.0 = Debug|Any CPU
		{3B7219A0-A01E-D4E7-CB81-F9D6A5787912}.Debug|x86.ActiveCfg = Debug|Any CPU
		{3B7219A0-A01E-D4E7-CB81-F9D6A5787912}.Debug|x86.Build.0 = Debug|Any CPU
		{3B7219A0-A01E-D4E7-CB81-F9D6A5787912}.Release|Any CPU.ActiveCfg = Release|Any CPU
		{3B7219A0-A01E-D4E7-CB81-F9D6A5787912}.Release|Any CPU.Build.0 = Release|Any CPU
		{3B7219A0-A01E-D4E7-CB81-F9D6A5787912}.Release|x64.ActiveCfg = Release|Any CPU
		{3B7219A0-A01E-D4E7-CB81-F9D6A5787912}.Release|x64.Build.0 = Release|Any CPU
		{3B7219A0-A01E-D4E7-CB81-F9D6A5787912}.Release|x86.ActiveCfg = Release|Any CPU
		{3B7219A0-A01E-D4E7-CB81-F9D6A5787912}.Release|x86.Build.0 = Release|Any CPU
		{2D7F85CD-AD37-CCEE-4537-3DA629C8B377}.Debug|Any CPU.ActiveCfg = Debug|Any CPU
		{2D7F85CD-AD37-CCEE-4537-3DA629C8B377}.Debug|Any CPU.Build.0 = Debug|Any CPU
		{2D7F85CD-AD37-CCEE-4537-3DA629C8B377}.Debug|x64.ActiveCfg = Debug|Any CPU
		{2D7F85CD-AD37-CCEE-4537-3DA629C8B377}.Debug|x64.Build.0 = Debug|Any CPU
		{2D7F85CD-AD37-CCEE-4537-3DA629C8B377}.Debug|x86.ActiveCfg = Debug|Any CPU
		{2D7F85CD-AD37-CCEE-4537-3DA629C8B377}.Debug|x86.Build.0 = Debug|Any CPU
		{2D7F85CD-AD37-CCEE-4537-3DA629C8B377}.Release|Any CPU.ActiveCfg = Release|Any CPU
		{2D7F85CD-AD37-CCEE-4537-3DA629C8B377}.Release|Any CPU.Build.0 = Release|Any CPU
		{2D7F85CD-AD37-CCEE-4537-3DA629C8B377}.Release|x64.ActiveCfg = Release|Any CPU
		{2D7F85CD-AD37-CCEE-4537-3DA629C8B377}.Release|x64.Build.0 = Release|Any CPU
		{2D7F85CD-AD37-CCEE-4537-3DA629C8B377}.Release|x86.ActiveCfg = Release|Any CPU
		{2D7F85CD-AD37-CCEE-4537-3DA629C8B377}.Release|x86.Build.0 = Release|Any CPU
		{CCA2D303-EFDF-AE8A-250B-B047E82DCC2B}.Debug|Any CPU.ActiveCfg = Debug|Any CPU
		{CCA2D303-EFDF-AE8A-250B-B047E82DCC2B}.Debug|Any CPU.Build.0 = Debug|Any CPU
		{CCA2D303-EFDF-AE8A-250B-B047E82DCC2B}.Debug|x64.ActiveCfg = Debug|Any CPU
		{CCA2D303-EFDF-AE8A-250B-B047E82DCC2B}.Debug|x64.Build.0 = Debug|Any CPU
		{CCA2D303-EFDF-AE8A-250B-B047E82DCC2B}.Debug|x86.ActiveCfg = Debug|Any CPU
		{CCA2D303-EFDF-AE8A-250B-B047E82DCC2B}.Debug|x86.Build.0 = Debug|Any CPU
		{CCA2D303-EFDF-AE8A-250B-B047E82DCC2B}.Release|Any CPU.ActiveCfg = Release|Any CPU
		{CCA2D303-EFDF-AE8A-250B-B047E82DCC2B}.Release|Any CPU.Build.0 = Release|Any CPU
		{CCA2D303-EFDF-AE8A-250B-B047E82DCC2B}.Release|x64.ActiveCfg = Release|Any CPU
		{CCA2D303-EFDF-AE8A-250B-B047E82DCC2B}.Release|x64.Build.0 = Release|Any CPU
		{CCA2D303-EFDF-AE8A-250B-B047E82DCC2B}.Release|x86.ActiveCfg = Release|Any CPU
		{CCA2D303-EFDF-AE8A-250B-B047E82DCC2B}.Release|x86.Build.0 = Release|Any CPU
		{5C3EA3EF-9C15-4FC1-984E-20B0B857136E}.Debug|Any CPU.ActiveCfg = Debug|Any CPU
		{5C3EA3EF-9C15-4FC1-984E-20B0B857136E}.Debug|Any CPU.Build.0 = Debug|Any CPU
		{5C3EA3EF-9C15-4FC1-984E-20B0B857136E}.Debug|x64.ActiveCfg = Debug|Any CPU
		{5C3EA3EF-9C15-4FC1-984E-20B0B857136E}.Debug|x64.Build.0 = Debug|Any CPU
		{5C3EA3EF-9C15-4FC1-984E-20B0B857136E}.Debug|x86.ActiveCfg = Debug|Any CPU
		{5C3EA3EF-9C15-4FC1-984E-20B0B857136E}.Debug|x86.Build.0 = Debug|Any CPU
		{5C3EA3EF-9C15-4FC1-984E-20B0B857136E}.Release|Any CPU.ActiveCfg = Release|Any CPU
		{5C3EA3EF-9C15-4FC1-984E-20B0B857136E}.Release|Any CPU.Build.0 = Release|Any CPU
		{5C3EA3EF-9C15-4FC1-984E-20B0B857136E}.Release|x64.ActiveCfg = Release|Any CPU
		{5C3EA3EF-9C15-4FC1-984E-20B0B857136E}.Release|x64.Build.0 = Release|Any CPU
		{5C3EA3EF-9C15-4FC1-984E-20B0B857136E}.Release|x86.ActiveCfg = Release|Any CPU
		{5C3EA3EF-9C15-4FC1-984E-20B0B857136E}.Release|x86.Build.0 = Release|Any CPU
		{C8EF9826-6BA3-4753-BB3C-F3D6136DF1EB}.Debug|Any CPU.ActiveCfg = Debug|Any CPU
		{C8EF9826-6BA3-4753-BB3C-F3D6136DF1EB}.Debug|Any CPU.Build.0 = Debug|Any CPU
		{C8EF9826-6BA3-4753-BB3C-F3D6136DF1EB}.Debug|x64.ActiveCfg = Debug|Any CPU
		{C8EF9826-6BA3-4753-BB3C-F3D6136DF1EB}.Debug|x64.Build.0 = Debug|Any CPU
		{C8EF9826-6BA3-4753-BB3C-F3D6136DF1EB}.Debug|x86.ActiveCfg = Debug|Any CPU
		{C8EF9826-6BA3-4753-BB3C-F3D6136DF1EB}.Debug|x86.Build.0 = Debug|Any CPU
		{C8EF9826-6BA3-4753-BB3C-F3D6136DF1EB}.Release|Any CPU.ActiveCfg = Release|Any CPU
		{C8EF9826-6BA3-4753-BB3C-F3D6136DF1EB}.Release|Any CPU.Build.0 = Release|Any CPU
		{C8EF9826-6BA3-4753-BB3C-F3D6136DF1EB}.Release|x64.ActiveCfg = Release|Any CPU
		{C8EF9826-6BA3-4753-BB3C-F3D6136DF1EB}.Release|x64.Build.0 = Release|Any CPU
		{C8EF9826-6BA3-4753-BB3C-F3D6136DF1EB}.Release|x86.ActiveCfg = Release|Any CPU
		{C8EF9826-6BA3-4753-BB3C-F3D6136DF1EB}.Release|x86.Build.0 = Release|Any CPU
		{BC068DA4-39A2-7DEB-26D9-143529621A69}.Debug|Any CPU.ActiveCfg = Debug|Any CPU
		{BC068DA4-39A2-7DEB-26D9-143529621A69}.Debug|Any CPU.Build.0 = Debug|Any CPU
		{BC068DA4-39A2-7DEB-26D9-143529621A69}.Debug|x64.ActiveCfg = Debug|Any CPU
		{BC068DA4-39A2-7DEB-26D9-143529621A69}.Debug|x64.Build.0 = Debug|Any CPU
		{BC068DA4-39A2-7DEB-26D9-143529621A69}.Debug|x86.ActiveCfg = Debug|Any CPU
		{BC068DA4-39A2-7DEB-26D9-143529621A69}.Debug|x86.Build.0 = Debug|Any CPU
		{BC068DA4-39A2-7DEB-26D9-143529621A69}.Release|Any CPU.ActiveCfg = Release|Any CPU
		{BC068DA4-39A2-7DEB-26D9-143529621A69}.Release|Any CPU.Build.0 = Release|Any CPU
		{BC068DA4-39A2-7DEB-26D9-143529621A69}.Release|x64.ActiveCfg = Release|Any CPU
		{BC068DA4-39A2-7DEB-26D9-143529621A69}.Release|x64.Build.0 = Release|Any CPU
		{BC068DA4-39A2-7DEB-26D9-143529621A69}.Release|x86.ActiveCfg = Release|Any CPU
		{BC068DA4-39A2-7DEB-26D9-143529621A69}.Release|x86.Build.0 = Release|Any CPU
		{8B8DFC9B-FA4A-4FF1-916A-222D17DEC42C}.Debug|Any CPU.ActiveCfg = Debug|Any CPU
		{8B8DFC9B-FA4A-4FF1-916A-222D17DEC42C}.Debug|Any CPU.Build.0 = Debug|Any CPU
		{8B8DFC9B-FA4A-4FF1-916A-222D17DEC42C}.Debug|x64.ActiveCfg = Debug|Any CPU
		{8B8DFC9B-FA4A-4FF1-916A-222D17DEC42C}.Debug|x64.Build.0 = Debug|Any CPU
		{8B8DFC9B-FA4A-4FF1-916A-222D17DEC42C}.Debug|x86.ActiveCfg = Debug|Any CPU
		{8B8DFC9B-FA4A-4FF1-916A-222D17DEC42C}.Debug|x86.Build.0 = Debug|Any CPU
		{8B8DFC9B-FA4A-4FF1-916A-222D17DEC42C}.Release|Any CPU.ActiveCfg = Release|Any CPU
		{8B8DFC9B-FA4A-4FF1-916A-222D17DEC42C}.Release|Any CPU.Build.0 = Release|Any CPU
		{8B8DFC9B-FA4A-4FF1-916A-222D17DEC42C}.Release|x64.ActiveCfg = Release|Any CPU
		{8B8DFC9B-FA4A-4FF1-916A-222D17DEC42C}.Release|x64.Build.0 = Release|Any CPU
		{8B8DFC9B-FA4A-4FF1-916A-222D17DEC42C}.Release|x86.ActiveCfg = Release|Any CPU
		{8B8DFC9B-FA4A-4FF1-916A-222D17DEC42C}.Release|x86.Build.0 = Release|Any CPU
		{7C3B0D94-350D-7CC8-DDAB-17041D993D12}.Debug|Any CPU.ActiveCfg = Debug|Any CPU
		{7C3B0D94-350D-7CC8-DDAB-17041D993D12}.Debug|Any CPU.Build.0 = Debug|Any CPU
		{7C3B0D94-350D-7CC8-DDAB-17041D993D12}.Debug|x64.ActiveCfg = Debug|Any CPU
		{7C3B0D94-350D-7CC8-DDAB-17041D993D12}.Debug|x64.Build.0 = Debug|Any CPU
		{7C3B0D94-350D-7CC8-DDAB-17041D993D12}.Debug|x86.ActiveCfg = Debug|Any CPU
		{7C3B0D94-350D-7CC8-DDAB-17041D993D12}.Debug|x86.Build.0 = Debug|Any CPU
		{7C3B0D94-350D-7CC8-DDAB-17041D993D12}.Release|Any CPU.ActiveCfg = Release|Any CPU
		{7C3B0D94-350D-7CC8-DDAB-17041D993D12}.Release|Any CPU.Build.0 = Release|Any CPU
		{7C3B0D94-350D-7CC8-DDAB-17041D993D12}.Release|x64.ActiveCfg = Release|Any CPU
		{7C3B0D94-350D-7CC8-DDAB-17041D993D12}.Release|x64.Build.0 = Release|Any CPU
		{7C3B0D94-350D-7CC8-DDAB-17041D993D12}.Release|x86.ActiveCfg = Release|Any CPU
		{7C3B0D94-350D-7CC8-DDAB-17041D993D12}.Release|x86.Build.0 = Release|Any CPU
		{2AF05FCA-0AC6-8561-F50E-403835CF9B77}.Debug|Any CPU.ActiveCfg = Debug|Any CPU
		{2AF05FCA-0AC6-8561-F50E-403835CF9B77}.Debug|Any CPU.Build.0 = Debug|Any CPU
		{2AF05FCA-0AC6-8561-F50E-403835CF9B77}.Debug|x64.ActiveCfg = Debug|Any CPU
		{2AF05FCA-0AC6-8561-F50E-403835CF9B77}.Debug|x64.Build.0 = Debug|Any CPU
		{2AF05FCA-0AC6-8561-F50E-403835CF9B77}.Debug|x86.ActiveCfg = Debug|Any CPU
		{2AF05FCA-0AC6-8561-F50E-403835CF9B77}.Debug|x86.Build.0 = Debug|Any CPU
		{2AF05FCA-0AC6-8561-F50E-403835CF9B77}.Release|Any CPU.ActiveCfg = Release|Any CPU
		{2AF05FCA-0AC6-8561-F50E-403835CF9B77}.Release|Any CPU.Build.0 = Release|Any CPU
		{2AF05FCA-0AC6-8561-F50E-403835CF9B77}.Release|x64.ActiveCfg = Release|Any CPU
		{2AF05FCA-0AC6-8561-F50E-403835CF9B77}.Release|x64.Build.0 = Release|Any CPU
		{2AF05FCA-0AC6-8561-F50E-403835CF9B77}.Release|x86.ActiveCfg = Release|Any CPU
		{2AF05FCA-0AC6-8561-F50E-403835CF9B77}.Release|x86.Build.0 = Release|Any CPU
		{69F954D7-C322-4922-F1E4-8EFF8D8BFDDE}.Debug|Any CPU.ActiveCfg = Debug|Any CPU
		{69F954D7-C322-4922-F1E4-8EFF8D8BFDDE}.Debug|Any CPU.Build.0 = Debug|Any CPU
		{69F954D7-C322-4922-F1E4-8EFF8D8BFDDE}.Debug|x64.ActiveCfg = Debug|Any CPU
		{69F954D7-C322-4922-F1E4-8EFF8D8BFDDE}.Debug|x64.Build.0 = Debug|Any CPU
		{69F954D7-C322-4922-F1E4-8EFF8D8BFDDE}.Debug|x86.ActiveCfg = Debug|Any CPU
		{69F954D7-C322-4922-F1E4-8EFF8D8BFDDE}.Debug|x86.Build.0 = Debug|Any CPU
		{69F954D7-C322-4922-F1E4-8EFF8D8BFDDE}.Release|Any CPU.ActiveCfg = Release|Any CPU
		{69F954D7-C322-4922-F1E4-8EFF8D8BFDDE}.Release|Any CPU.Build.0 = Release|Any CPU
		{69F954D7-C322-4922-F1E4-8EFF8D8BFDDE}.Release|x64.ActiveCfg = Release|Any CPU
		{69F954D7-C322-4922-F1E4-8EFF8D8BFDDE}.Release|x64.Build.0 = Release|Any CPU
		{69F954D7-C322-4922-F1E4-8EFF8D8BFDDE}.Release|x86.ActiveCfg = Release|Any CPU
		{69F954D7-C322-4922-F1E4-8EFF8D8BFDDE}.Release|x86.Build.0 = Release|Any CPU
		{C8784FB7-ED36-E468-D611-CB57D2354947}.Debug|Any CPU.ActiveCfg = Debug|Any CPU
		{C8784FB7-ED36-E468-D611-CB57D2354947}.Debug|Any CPU.Build.0 = Debug|Any CPU
		{C8784FB7-ED36-E468-D611-CB57D2354947}.Debug|x64.ActiveCfg = Debug|Any CPU
		{C8784FB7-ED36-E468-D611-CB57D2354947}.Debug|x64.Build.0 = Debug|Any CPU
		{C8784FB7-ED36-E468-D611-CB57D2354947}.Debug|x86.ActiveCfg = Debug|Any CPU
		{C8784FB7-ED36-E468-D611-CB57D2354947}.Debug|x86.Build.0 = Debug|Any CPU
		{C8784FB7-ED36-E468-D611-CB57D2354947}.Release|Any CPU.ActiveCfg = Release|Any CPU
		{C8784FB7-ED36-E468-D611-CB57D2354947}.Release|Any CPU.Build.0 = Release|Any CPU
		{C8784FB7-ED36-E468-D611-CB57D2354947}.Release|x64.ActiveCfg = Release|Any CPU
		{C8784FB7-ED36-E468-D611-CB57D2354947}.Release|x64.Build.0 = Release|Any CPU
		{C8784FB7-ED36-E468-D611-CB57D2354947}.Release|x86.ActiveCfg = Release|Any CPU
		{C8784FB7-ED36-E468-D611-CB57D2354947}.Release|x86.Build.0 = Release|Any CPU
		{E7D67193-4E69-2EEE-ACB5-5BF53EB78942}.Debug|Any CPU.ActiveCfg = Debug|Any CPU
		{E7D67193-4E69-2EEE-ACB5-5BF53EB78942}.Debug|Any CPU.Build.0 = Debug|Any CPU
		{E7D67193-4E69-2EEE-ACB5-5BF53EB78942}.Debug|x64.ActiveCfg = Debug|Any CPU
		{E7D67193-4E69-2EEE-ACB5-5BF53EB78942}.Debug|x64.Build.0 = Debug|Any CPU
		{E7D67193-4E69-2EEE-ACB5-5BF53EB78942}.Debug|x86.ActiveCfg = Debug|Any CPU
		{E7D67193-4E69-2EEE-ACB5-5BF53EB78942}.Debug|x86.Build.0 = Debug|Any CPU
		{E7D67193-4E69-2EEE-ACB5-5BF53EB78942}.Release|Any CPU.ActiveCfg = Release|Any CPU
		{E7D67193-4E69-2EEE-ACB5-5BF53EB78942}.Release|Any CPU.Build.0 = Release|Any CPU
		{E7D67193-4E69-2EEE-ACB5-5BF53EB78942}.Release|x64.ActiveCfg = Release|Any CPU
		{E7D67193-4E69-2EEE-ACB5-5BF53EB78942}.Release|x64.Build.0 = Release|Any CPU
		{E7D67193-4E69-2EEE-ACB5-5BF53EB78942}.Release|x86.ActiveCfg = Release|Any CPU
		{E7D67193-4E69-2EEE-ACB5-5BF53EB78942}.Release|x86.Build.0 = Release|Any CPU
		{DEBED238-1453-056E-D4FE-30C9A0815624}.Debug|Any CPU.ActiveCfg = Debug|Any CPU
		{DEBED238-1453-056E-D4FE-30C9A0815624}.Debug|Any CPU.Build.0 = Debug|Any CPU
		{DEBED238-1453-056E-D4FE-30C9A0815624}.Debug|x64.ActiveCfg = Debug|Any CPU
		{DEBED238-1453-056E-D4FE-30C9A0815624}.Debug|x64.Build.0 = Debug|Any CPU
		{DEBED238-1453-056E-D4FE-30C9A0815624}.Debug|x86.ActiveCfg = Debug|Any CPU
		{DEBED238-1453-056E-D4FE-30C9A0815624}.Debug|x86.Build.0 = Debug|Any CPU
		{DEBED238-1453-056E-D4FE-30C9A0815624}.Release|Any CPU.ActiveCfg = Release|Any CPU
		{DEBED238-1453-056E-D4FE-30C9A0815624}.Release|Any CPU.Build.0 = Release|Any CPU
		{DEBED238-1453-056E-D4FE-30C9A0815624}.Release|x64.ActiveCfg = Release|Any CPU
		{DEBED238-1453-056E-D4FE-30C9A0815624}.Release|x64.Build.0 = Release|Any CPU
		{DEBED238-1453-056E-D4FE-30C9A0815624}.Release|x86.ActiveCfg = Release|Any CPU
		{DEBED238-1453-056E-D4FE-30C9A0815624}.Release|x86.Build.0 = Release|Any CPU
		{1CAB6225-73D7-A7C2-AF96-093851CA0591}.Debug|Any CPU.ActiveCfg = Debug|Any CPU
		{1CAB6225-73D7-A7C2-AF96-093851CA0591}.Debug|Any CPU.Build.0 = Debug|Any CPU
		{1CAB6225-73D7-A7C2-AF96-093851CA0591}.Debug|x64.ActiveCfg = Debug|Any CPU
		{1CAB6225-73D7-A7C2-AF96-093851CA0591}.Debug|x64.Build.0 = Debug|Any CPU
		{1CAB6225-73D7-A7C2-AF96-093851CA0591}.Debug|x86.ActiveCfg = Debug|Any CPU
		{1CAB6225-73D7-A7C2-AF96-093851CA0591}.Debug|x86.Build.0 = Debug|Any CPU
		{1CAB6225-73D7-A7C2-AF96-093851CA0591}.Release|Any CPU.ActiveCfg = Release|Any CPU
		{1CAB6225-73D7-A7C2-AF96-093851CA0591}.Release|Any CPU.Build.0 = Release|Any CPU
		{1CAB6225-73D7-A7C2-AF96-093851CA0591}.Release|x64.ActiveCfg = Release|Any CPU
		{1CAB6225-73D7-A7C2-AF96-093851CA0591}.Release|x64.Build.0 = Release|Any CPU
		{1CAB6225-73D7-A7C2-AF96-093851CA0591}.Release|x86.ActiveCfg = Release|Any CPU
		{1CAB6225-73D7-A7C2-AF96-093851CA0591}.Release|x86.Build.0 = Release|Any CPU
		{F71858F3-6715-368A-609D-0CF5D40AE554}.Debug|Any CPU.ActiveCfg = Debug|Any CPU
		{F71858F3-6715-368A-609D-0CF5D40AE554}.Debug|Any CPU.Build.0 = Debug|Any CPU
		{F71858F3-6715-368A-609D-0CF5D40AE554}.Debug|x64.ActiveCfg = Debug|Any CPU
		{F71858F3-6715-368A-609D-0CF5D40AE554}.Debug|x64.Build.0 = Debug|Any CPU
		{F71858F3-6715-368A-609D-0CF5D40AE554}.Debug|x86.ActiveCfg = Debug|Any CPU
		{F71858F3-6715-368A-609D-0CF5D40AE554}.Debug|x86.Build.0 = Debug|Any CPU
		{F71858F3-6715-368A-609D-0CF5D40AE554}.Release|Any CPU.ActiveCfg = Release|Any CPU
		{F71858F3-6715-368A-609D-0CF5D40AE554}.Release|Any CPU.Build.0 = Release|Any CPU
		{F71858F3-6715-368A-609D-0CF5D40AE554}.Release|x64.ActiveCfg = Release|Any CPU
		{F71858F3-6715-368A-609D-0CF5D40AE554}.Release|x64.Build.0 = Release|Any CPU
		{F71858F3-6715-368A-609D-0CF5D40AE554}.Release|x86.ActiveCfg = Release|Any CPU
		{F71858F3-6715-368A-609D-0CF5D40AE554}.Release|x86.Build.0 = Release|Any CPU
		{5B6221C1-8013-47B1-90FE-2779D5085C9D}.Debug|Any CPU.ActiveCfg = Debug|Any CPU
		{5B6221C1-8013-47B1-90FE-2779D5085C9D}.Debug|Any CPU.Build.0 = Debug|Any CPU
		{5B6221C1-8013-47B1-90FE-2779D5085C9D}.Debug|x64.ActiveCfg = Debug|Any CPU
		{5B6221C1-8013-47B1-90FE-2779D5085C9D}.Debug|x64.Build.0 = Debug|Any CPU
		{5B6221C1-8013-47B1-90FE-2779D5085C9D}.Debug|x86.ActiveCfg = Debug|Any CPU
		{5B6221C1-8013-47B1-90FE-2779D5085C9D}.Debug|x86.Build.0 = Debug|Any CPU
		{5B6221C1-8013-47B1-90FE-2779D5085C9D}.Release|Any CPU.ActiveCfg = Release|Any CPU
		{5B6221C1-8013-47B1-90FE-2779D5085C9D}.Release|Any CPU.Build.0 = Release|Any CPU
		{5B6221C1-8013-47B1-90FE-2779D5085C9D}.Release|x64.ActiveCfg = Release|Any CPU
		{5B6221C1-8013-47B1-90FE-2779D5085C9D}.Release|x64.Build.0 = Release|Any CPU
		{5B6221C1-8013-47B1-90FE-2779D5085C9D}.Release|x86.ActiveCfg = Release|Any CPU
		{5B6221C1-8013-47B1-90FE-2779D5085C9D}.Release|x86.Build.0 = Release|Any CPU
		{C6795F66-2996-403E-AF59-9F6F2AD5AB95}.Debug|Any CPU.ActiveCfg = Debug|Any CPU
		{C6795F66-2996-403E-AF59-9F6F2AD5AB95}.Debug|Any CPU.Build.0 = Debug|Any CPU
		{C6795F66-2996-403E-AF59-9F6F2AD5AB95}.Debug|x64.ActiveCfg = Debug|Any CPU
		{C6795F66-2996-403E-AF59-9F6F2AD5AB95}.Debug|x64.Build.0 = Debug|Any CPU
		{C6795F66-2996-403E-AF59-9F6F2AD5AB95}.Debug|x86.ActiveCfg = Debug|Any CPU
		{C6795F66-2996-403E-AF59-9F6F2AD5AB95}.Debug|x86.Build.0 = Debug|Any CPU
		{C6795F66-2996-403E-AF59-9F6F2AD5AB95}.Release|Any CPU.ActiveCfg = Release|Any CPU
		{C6795F66-2996-403E-AF59-9F6F2AD5AB95}.Release|Any CPU.Build.0 = Release|Any CPU
		{C6795F66-2996-403E-AF59-9F6F2AD5AB95}.Release|x64.ActiveCfg = Release|Any CPU
		{C6795F66-2996-403E-AF59-9F6F2AD5AB95}.Release|x64.Build.0 = Release|Any CPU
		{C6795F66-2996-403E-AF59-9F6F2AD5AB95}.Release|x86.ActiveCfg = Release|Any CPU
		{C6795F66-2996-403E-AF59-9F6F2AD5AB95}.Release|x86.Build.0 = Release|Any CPU
	EndGlobalSection
	GlobalSection(SolutionProperties) = preSolution
		HideSolutionNode = FALSE
	EndGlobalSection
	GlobalSection(NestedProjects) = preSolution
		{C7093A22-B9DA-4215-9413-28DC3941C6EF} = {5B434C14-5441-4013-BC2D-A9E2E124DC2C}
		{AD364E77-2085-46CA-97CB-26C857FB9AFB} = {5B434C14-5441-4013-BC2D-A9E2E124DC2C}
		{E1D84C10-FBF7-48BB-BF27-C16B334C01F9} = {5B434C14-5441-4013-BC2D-A9E2E124DC2C}
		{CB3B107D-8402-45D8-9F83-E74C081B5BB4} = {5B434C14-5441-4013-BC2D-A9E2E124DC2C}
		{4ABDE305-3E64-879F-E4DE-13882887E82A} = {5B434C14-5441-4013-BC2D-A9E2E124DC2C}
		{FC73ECE2-6C1E-E2B1-4B58-F9F63394B0F1} = {1D09EA18-D99D-43EE-AB27-9D796ACB1121}
		{5BD34DE4-AC90-4827-F726-27372434E28A} = {5B434C14-5441-4013-BC2D-A9E2E124DC2C}
		{3B7219A0-A01E-D4E7-CB81-F9D6A5787912} = {5B434C14-5441-4013-BC2D-A9E2E124DC2C}
		{2D7F85CD-AD37-CCEE-4537-3DA629C8B377} = {5B434C14-5441-4013-BC2D-A9E2E124DC2C}
		{CCA2D303-EFDF-AE8A-250B-B047E82DCC2B} = {5B434C14-5441-4013-BC2D-A9E2E124DC2C}
		{5C3EA3EF-9C15-4FC1-984E-20B0B857136E} = {5B434C14-5441-4013-BC2D-A9E2E124DC2C}
		{C8EF9826-6BA3-4753-BB3C-F3D6136DF1EB} = {5B434C14-5441-4013-BC2D-A9E2E124DC2C}
		{BC068DA4-39A2-7DEB-26D9-143529621A69} = {5B434C14-5441-4013-BC2D-A9E2E124DC2C}
		{8B8DFC9B-FA4A-4FF1-916A-222D17DEC42C} = {5B434C14-5441-4013-BC2D-A9E2E124DC2C}
		{7C3B0D94-350D-7CC8-DDAB-17041D993D12} = {5B434C14-5441-4013-BC2D-A9E2E124DC2C}
		{2AF05FCA-0AC6-8561-F50E-403835CF9B77} = {5B434C14-5441-4013-BC2D-A9E2E124DC2C}
		{69F954D7-C322-4922-F1E4-8EFF8D8BFDDE} = {5B434C14-5441-4013-BC2D-A9E2E124DC2C}
		{C8784FB7-ED36-E468-D611-CB57D2354947} = {5B434C14-5441-4013-BC2D-A9E2E124DC2C}
		{E7D67193-4E69-2EEE-ACB5-5BF53EB78942} = {5B434C14-5441-4013-BC2D-A9E2E124DC2C}
		{DEBED238-1453-056E-D4FE-30C9A0815624} = {5B434C14-5441-4013-BC2D-A9E2E124DC2C}
		{1CAB6225-73D7-A7C2-AF96-093851CA0591} = {5B434C14-5441-4013-BC2D-A9E2E124DC2C}
		{F71858F3-6715-368A-609D-0CF5D40AE554} = {5B434C14-5441-4013-BC2D-A9E2E124DC2C}
		{5B6221C1-8013-47B1-90FE-2779D5085C9D} = {827E0CD3-B72D-47B6-A68D-7590B98EB39B}
		{C6795F66-2996-403E-AF59-9F6F2AD5AB95} = {827E0CD3-B72D-47B6-A68D-7590B98EB39B}
	EndGlobalSection
	GlobalSection(ExtensibilityGlobals) = postSolution
		SolutionGuid = {048360A5-BED9-44B7-8A30-8B0219D99AA6}
	EndGlobalSection
EndGlobal
