
Microsoft Visual Studio Solution File, Format Version 12.00
# Visual Studio Version 17
VisualStudioVersion = 17.0.31903.59
MinimumVisualStudioVersion = 10.0.40219.1
Project("{2150E333-8FDC-42A3-9474-1A3956D46DE8}") = "src", "src", "{827E0CD3-B72D-47B6-A68D-7590B98EB39B}"
EndProject
Project("{FAE04EC0-301F-11D3-BF4B-00C04F79EFBC}") = "AI.Algorithms", "src\AI.Algorithms\AI.Algorithms.csproj", "{A4A86E27-8290-40EB-80FE-A4F3783EF948}"
EndProject
Project("{FAE04EC0-301F-11D3-BF4B-00C04F79EFBC}") = "AI.Biology", "src\AI.Biology\AI.Biology.csproj", "{E290680E-D38A-48A4-9FEE-030EF8BFE129}"
EndProject
Project("{FAE04EC0-301F-11D3-BF4B-00C04F79EFBC}") = "AI", "src\AI\AI.csproj", "{2C2FC299-E410-41D5-A05D-4C65AF308B4F}"
EndProject
Project("{FAE04EC0-301F-11D3-BF4B-00C04F79EFBC}") = "AI.ClassicMath", "src\AI.ClassicMath\AI.ClassicMath.csproj", "{E3829541-66FD-4D7C-9DEF-BE88317343A6}"
EndProject
Project("{FAE04EC0-301F-11D3-BF4B-00C04F79EFBC}") = "AI.Charts.Avalonia", "src\AI.Charts.Avalonia\AI.Charts.Avalonia.csproj", "{BD616EE6-061A-403E-9645-67CF25937A52}"
EndProject
Project("{FAE04EC0-301F-11D3-BF4B-00C04F79EFBC}") = "AI.Charts", "src\AI.Charts\AI.Charts.csproj", "{C3162A94-B20F-4FBE-A339-7A14A24BA69D}"
EndProject
Project("{FAE04EC0-301F-11D3-BF4B-00C04F79EFBC}") = "AI.DSP", "src\AI.DSP\AI.DSP.csproj", "{8DA23875-0A8A-4BCE-B964-306F1425C224}"
EndProject
Project("{FAE04EC0-301F-11D3-BF4B-00C04F79EFBC}") = "AI.KNN", "src\AI.KNN\AI.KNN.csproj", "{2F9379D0-EEB5-4341-A44F-470714C9D398}"
EndProject
Project("{FAE04EC0-301F-11D3-BF4B-00C04F79EFBC}") = "AI.ML", "src\AI.ML\AI.ML.csproj", "{24EF0F09-A229-497C-871D-33EC73D1F58A}"
EndProject
Project("{FAE04EC0-301F-11D3-BF4B-00C04F79EFBC}") = "AI.Charts.JS", "src\AI.Charts.JS\AI.Charts.JS.csproj", "{78FBE44D-3E22-4566-92A0-C8CE44BA2FCE}"
EndProject
Project("{FAE04EC0-301F-11D3-BF4B-00C04F79EFBC}") = "AI.Charts.WinForms", "src\AI.Charts.WinForms\AI.Charts.WinForms.csproj", "{E38280BE-2258-4AF9-A409-1076631A3A12}"
EndProject
Project("{FAE04EC0-301F-11D3-BF4B-00C04F79EFBC}") = "AI.ComputerVision", "src\AI.ComputerVision\AI.ComputerVision.csproj", "{D3BEAD20-66C9-4211-A351-CABE22824819}"
EndProject
Project("{FAE04EC0-301F-11D3-BF4B-00C04F79EFBC}") = "AI.DataPrepaire", "src\AI.DataPrepaire\AI.DataPrepaire.csproj", "{9A2A03C7-D190-442C-9C3C-6CA2BE809F6C}"
EndProject
Project("{FAE04EC0-301F-11D3-BF4B-00C04F79EFBC}") = "AI.NLP", "src\AI.NLP\AI.NLP.csproj", "{5C1A65D5-16FE-45AD-82FA-7864246C8AF2}"
EndProject
Project("{FAE04EC0-301F-11D3-BF4B-00C04F79EFBC}") = "AI.Fuzzy", "src\AI.Fuzzy\AI.Fuzzy.csproj", "{FAA66D1E-DE49-4CCD-A73A-CD98EFA86824}"
EndProject
Project("{FAE04EC0-301F-11D3-BF4B-00C04F79EFBC}") = "AI.ONNX", "src\AI.ONNX\AI.ONNX.csproj", "{A2DD91CB-7658-4E61-8B8B-56A6A43660B8}"
EndProject
Project("{FAE04EC0-301F-11D3-BF4B-00C04F79EFBC}") = "AI.ControlSystems", "src\AI.ControlSystems\AI.ControlSystems.csproj", "{2640F908-C738-46AF-9047-849CD3A021E8}"
EndProject
Project("{FAE04EC0-301F-11D3-BF4B-00C04F79EFBC}") = "AI.Earth", "src\AI.Earth\AI.Earth.csproj", "{B8EE50AB-6FF9-4A3B-9A1B-08884F88570F}"
EndProject
Project("{FAE04EC0-301F-11D3-BF4B-00C04F79EFBC}") = "AI.Geometry", "src\AI.Geometry\AI.Geometry.csproj", "{29980DB6-BADE-4FF2-B650-6156B7C541D0}"
EndProject
Project("{FAE04EC0-301F-11D3-BF4B-00C04F79EFBC}") = "AI.Econometrics", "src\AI.Econometrics\AI.Econometrics.csproj", "{8A368C81-2EAE-42E6-A09A-FFF297A9A3FB}"
EndProject
Project("{FAE04EC0-301F-11D3-BF4B-00C04F79EFBC}") = "AI.Economics", "src\AI.Economics\AI.Economics.csproj", "{E1C5305C-A929-4946-AC38-6549D4FC8FDC}"
EndProject
Project("{FAE04EC0-301F-11D3-BF4B-00C04F79EFBC}") = "AI.Solvers.Optimization", "src\AI.Solvers.Optimization\AI.Solvers.Optimization.csproj", "{E97E4012-C900-457E-9424-69E2DFAE6A80}"
EndProject
Project("{FAE04EC0-301F-11D3-BF4B-00C04F79EFBC}") = "AI.ExplainitALL", "src\AI.ExplainitALL\AI.ExplainitALL.csproj", "{E6605290-1FC7-492B-9FF0-F9C202C61980}"
EndProject
Project("{FAE04EC0-301F-11D3-BF4B-00C04F79EFBC}") = "AI.Faiss", "src\AI.Faiss\AI.Faiss.csproj", "{C7A20E4B-597D-478A-AA8E-483A692F09B3}"
EndProject
Project("{FAE04EC0-301F-11D3-BF4B-00C04F79EFBC}") = "AI.ImageEditor", "src\AI.ImageEditor\AI.ImageEditor.csproj", "{1235BFCE-3B8C-4FF2-8A7A-783B9A3EDA8D}"
EndProject
Project("{FAE04EC0-301F-11D3-BF4B-00C04F79EFBC}") = "AI.LLM", "src\AI.LLM\AI.LLM.csproj", "{F6024351-5FBD-4528-B6E1-ECF3B8C0C6FE}"
EndProject
Project("{FAE04EC0-301F-11D3-BF4B-00C04F79EFBC}") = "AI.Logic", "src\AI.Logic\AI.Logic.csproj", "{E166BE3B-660D-4A2D-9D62-D1F53190DE14}"
EndProject
Project("{FAE04EC0-301F-11D3-BF4B-00C04F79EFBC}") = "AI.Microwave", "src\AI.Microwave\AI.Microwave.csproj", "{4D1E60AD-9375-4B57-B916-21050CF823D5}"
EndProject
Project("{FAE04EC0-301F-11D3-BF4B-00C04F79EFBC}") = "AI.Solvers.Math", "src\AI.Solvers.Math\AI.Solvers.Math.csproj", "{E8C2B7BE-88C7-40D4-8134-AE93A276BB0E}"
EndProject
Project("{FAE04EC0-301F-11D3-BF4B-00C04F79EFBC}") = "AI.NeuralNetworks.Onnx", "src\AI.NeuralNetworks.Onnx\AI.NeuralNetworks.Onnx.csproj", "{92280CD2-14A3-4614-9B01-658C3E986154}"
EndProject
Project("{FAE04EC0-301F-11D3-BF4B-00C04F79EFBC}") = "AI.NeuralNetworks", "src\AI.NeuralNetworks\AI.NeuralNetworks.csproj", "{E9933E60-CECE-44BA-9990-A5FFC5A0A927}"
EndProject
Project("{FAE04EC0-301F-11D3-BF4B-00C04F79EFBC}") = "AI.Physics", "src\AI.Physics\AI.Physics.csproj", "{0C300D47-B907-43A2-9B63-EC788E93DF3D}"
EndProject
Project("{FAE04EC0-301F-11D3-BF4B-00C04F79EFBC}") = "AI.Script.Charts", "src\AI.Script.Charts\AI.Script.Charts.csproj", "{BE47A641-C28E-43BA-AF02-975B8E2C10CF}"
EndProject
Project("{FAE04EC0-301F-11D3-BF4B-00C04F79EFBC}") = "AI.Script", "src\AI.Script\AI.Script.csproj", "{A0471563-D761-43DE-A293-19527595DBB4}"
EndProject
Project("{FAE04EC0-301F-11D3-BF4B-00C04F79EFBC}") = "AI.Script.Chem", "src\AI.Script.Chem\AI.Script.Chem.csproj", "{A834AB3D-2EFF-48BA-8FF1-9E006CDE80CA}"
EndProject
Project("{FAE04EC0-301F-11D3-BF4B-00C04F79EFBC}") = "AI.Solvers.Chem", "src\AI.Solvers.Chem\AI.Solvers.Chem.csproj", "{A11D0924-D58E-4386-9CDE-84FEE7DCE8D3}"
EndProject
Project("{FAE04EC0-301F-11D3-BF4B-00C04F79EFBC}") = "AI.Script.Llm", "src\AI.Script.Llm\AI.Script.Llm.csproj", "{9EA3DF55-86C4-460D-95F5-649677321831}"
EndProject
Project("{FAE04EC0-301F-11D3-BF4B-00C04F79EFBC}") = "AI.Script.Std", "src\AI.Script.Std\AI.Script.Std.csproj", "{FEFE98A4-A995-40FA-A005-5A41F587F418}"
EndProject
Project("{FAE04EC0-301F-11D3-BF4B-00C04F79EFBC}") = "AI.SignalLabs", "src\AI.SignalLabs\AI.SignalLabs.csproj", "{BB2AB16E-110D-4A80-8D42-5C12B6FE4075}"
EndProject
Project("{FAE04EC0-301F-11D3-BF4B-00C04F79EFBC}") = "AI.Script.Nn", "src\AI.Script.Nn\AI.Script.Nn.csproj", "{D5B0B250-0430-4E60-9DEF-89FEB3ADF4F3}"
EndProject
Project("{FAE04EC0-301F-11D3-BF4B-00C04F79EFBC}") = "AI.Script.Vision", "src\AI.Script.Vision\AI.Script.Vision.csproj", "{FAC65B73-35F9-407A-B084-5E8F0E209EB8}"
EndProject
Project("{FAE04EC0-301F-11D3-BF4B-00C04F79EFBC}") = "AI.Simulation", "src\AI.Simulation\AI.Simulation.csproj", "{367B9ADE-5DC5-4E78-AA06-B5531D72200E}"
EndProject
Project("{FAE04EC0-301F-11D3-BF4B-00C04F79EFBC}") = "AI.Solvers.Constraints", "src\AI.Solvers.Constraints\AI.Solvers.Constraints.csproj", "{4F9D2E73-32E2-49E2-B052-42ADBBFA3198}"
EndProject
Project("{FAE04EC0-301F-11D3-BF4B-00C04F79EFBC}") = "AI.Solvers.Pde", "src\AI.Solvers.Pde\AI.Solvers.Pde.csproj", "{1F01B073-7978-439F-95BD-55024FC3DDFE}"
EndProject
Project("{2150E333-8FDC-42A3-9474-1A3956D46DE8}") = "Tests", "Tests", "{0AB3BF05-4346-4AA6-1389-037BE0695223}"
EndProject
Project("{2150E333-8FDC-42A3-9474-1A3956D46DE8}") = "unit", "unit", "{9D556B49-86D1-93A7-9596-FFAAB74EC556}"
EndProject
Project("{FAE04EC0-301F-11D3-BF4B-00C04F79EFBC}") = "AI.Economics.UnitTests", "Tests\unit\AI.Economics.UnitTests\AI.Economics.UnitTests.csproj", "{CA6DA598-0C70-4511-9660-CE4DD7268946}"
EndProject
Project("{FAE04EC0-301F-11D3-BF4B-00C04F79EFBC}") = "AI.LLM.UnitTests", "Tests\unit\AI.LLM.UnitTests\AI.LLM.UnitTests.csproj", "{B9B1CA14-CABD-4748-AAC3-BFCECDA05B16}"
EndProject
Project("{FAE04EC0-301F-11D3-BF4B-00C04F79EFBC}") = "AI.Script.UnitTests", "Tests\unit\AI.Script.UnitTests\AI.Script.UnitTests.csproj", "{6A05658C-220C-4F1C-A280-BEE18CEA6B4E}"
EndProject
Project("{FAE04EC0-301F-11D3-BF4B-00C04F79EFBC}") = "AI.Solvers.Chem.UnitTests", "Tests\unit\AI.Solvers.Chem.UnitTests\AI.Solvers.Chem.UnitTests.csproj", "{E8F0A5BC-95E3-4EA6-A359-81AFBA884CF9}"
EndProject
Project("{FAE04EC0-301F-11D3-BF4B-00C04F79EFBC}") = "AIFramework.UnitTests", "Tests\unit\AIFramework.UnitTests\AIFramework.UnitTests.csproj", "{16D589FB-CA32-4387-8E63-DAC6826F85FF}"
EndProject
Project("{2150E333-8FDC-42A3-9474-1A3956D46DE8}") = "shared", "shared", "{D0D6B8B0-AC35-B3FA-0B96-A9B0E4A3253E}"
EndProject
Project("{FAE04EC0-301F-11D3-BF4B-00C04F79EFBC}") = "AIFramework.TestHelpers", "Tests\shared\AIFramework.TestHelpers\AIFramework.TestHelpers.csproj", "{4394FCC2-8159-4E9C-80DB-3702A115F10E}"
EndProject
Project("{FAE04EC0-301F-11D3-BF4B-00C04F79EFBC}") = "NNW.V2.Tests", "Tests\NNW.V2.Tests\NNW.V2.Tests.csproj", "{01B32518-B438-43C8-BC6F-1E8B4B9F2EC7}"
EndProject
Project("{FAE04EC0-301F-11D3-BF4B-00C04F79EFBC}") = "NNW.V2.Onnx.Tests", "Tests\NNW.V2.Onnx.Tests\NNW.V2.Onnx.Tests.csproj", "{50B61B2C-AAFD-4C24-9C3C-7CD1EEEF277F}"
EndProject
Global
	GlobalSection(SolutionConfigurationPlatforms) = preSolution
		Debug|Any CPU = Debug|Any CPU
		Debug|x64 = Debug|x64
		Debug|x86 = Debug|x86
		Release|Any CPU = Release|Any CPU
		Release|x64 = Release|x64
		Release|x86 = Release|x86
	EndGlobalSection
	GlobalSection(ProjectConfigurationPlatforms) = postSolution
		{A4A86E27-8290-40EB-80FE-A4F3783EF948}.Debug|Any CPU.ActiveCfg = Debug|Any CPU
		{A4A86E27-8290-40EB-80FE-A4F3783EF948}.Debug|Any CPU.Build.0 = Debug|Any CPU
		{A4A86E27-8290-40EB-80FE-A4F3783EF948}.Debug|x64.ActiveCfg = Debug|Any CPU
		{A4A86E27-8290-40EB-80FE-A4F3783EF948}.Debug|x64.Build.0 = Debug|Any CPU
		{A4A86E27-8290-40EB-80FE-A4F3783EF948}.Debug|x86.ActiveCfg = Debug|Any CPU
		{A4A86E27-8290-40EB-80FE-A4F3783EF948}.Debug|x86.Build.0 = Debug|Any CPU
		{A4A86E27-8290-40EB-80FE-A4F3783EF948}.Release|Any CPU.ActiveCfg = Release|Any CPU
		{A4A86E27-8290-40EB-80FE-A4F3783EF948}.Release|Any CPU.Build.0 = Release|Any CPU
		{A4A86E27-8290-40EB-80FE-A4F3783EF948}.Release|x64.ActiveCfg = Release|Any CPU
		{A4A86E27-8290-40EB-80FE-A4F3783EF948}.Release|x64.Build.0 = Release|Any CPU
		{A4A86E27-8290-40EB-80FE-A4F3783EF948}.Release|x86.ActiveCfg = Release|Any CPU
		{A4A86E27-8290-40EB-80FE-A4F3783EF948}.Release|x86.Build.0 = Release|Any CPU
		{E290680E-D38A-48A4-9FEE-030EF8BFE129}.Debug|Any CPU.ActiveCfg = Debug|Any CPU
		{E290680E-D38A-48A4-9FEE-030EF8BFE129}.Debug|Any CPU.Build.0 = Debug|Any CPU
		{E290680E-D38A-48A4-9FEE-030EF8BFE129}.Debug|x64.ActiveCfg = Debug|Any CPU
		{E290680E-D38A-48A4-9FEE-030EF8BFE129}.Debug|x64.Build.0 = Debug|Any CPU
		{E290680E-D38A-48A4-9FEE-030EF8BFE129}.Debug|x86.ActiveCfg = Debug|Any CPU
		{E290680E-D38A-48A4-9FEE-030EF8BFE129}.Debug|x86.Build.0 = Debug|Any CPU
		{E290680E-D38A-48A4-9FEE-030EF8BFE129}.Release|Any CPU.ActiveCfg = Release|Any CPU
		{E290680E-D38A-48A4-9FEE-030EF8BFE129}.Release|Any CPU.Build.0 = Release|Any CPU
		{E290680E-D38A-48A4-9FEE-030EF8BFE129}.Release|x64.ActiveCfg = Release|Any CPU
		{E290680E-D38A-48A4-9FEE-030EF8BFE129}.Release|x64.Build.0 = Release|Any CPU
		{E290680E-D38A-48A4-9FEE-030EF8BFE129}.Release|x86.ActiveCfg = Release|Any CPU
		{E290680E-D38A-48A4-9FEE-030EF8BFE129}.Release|x86.Build.0 = Release|Any CPU
		{2C2FC299-E410-41D5-A05D-4C65AF308B4F}.Debug|Any CPU.ActiveCfg = Debug|Any CPU
		{2C2FC299-E410-41D5-A05D-4C65AF308B4F}.Debug|Any CPU.Build.0 = Debug|Any CPU
		{2C2FC299-E410-41D5-A05D-4C65AF308B4F}.Debug|x64.ActiveCfg = Debug|Any CPU
		{2C2FC299-E410-41D5-A05D-4C65AF308B4F}.Debug|x64.Build.0 = Debug|Any CPU
		{2C2FC299-E410-41D5-A05D-4C65AF308B4F}.Debug|x86.ActiveCfg = Debug|Any CPU
		{2C2FC299-E410-41D5-A05D-4C65AF308B4F}.Debug|x86.Build.0 = Debug|Any CPU
		{2C2FC299-E410-41D5-A05D-4C65AF308B4F}.Release|Any CPU.ActiveCfg = Release|Any CPU
		{2C2FC299-E410-41D5-A05D-4C65AF308B4F}.Release|Any CPU.Build.0 = Release|Any CPU
		{2C2FC299-E410-41D5-A05D-4C65AF308B4F}.Release|x64.ActiveCfg = Release|Any CPU
		{2C2FC299-E410-41D5-A05D-4C65AF308B4F}.Release|x64.Build.0 = Release|Any CPU
		{2C2FC299-E410-41D5-A05D-4C65AF308B4F}.Release|x86.ActiveCfg = Release|Any CPU
		{2C2FC299-E410-41D5-A05D-4C65AF308B4F}.Release|x86.Build.0 = Release|Any CPU
		{E3829541-66FD-4D7C-9DEF-BE88317343A6}.Debug|Any CPU.ActiveCfg = Debug|Any CPU
		{E3829541-66FD-4D7C-9DEF-BE88317343A6}.Debug|Any CPU.Build.0 = Debug|Any CPU
		{E3829541-66FD-4D7C-9DEF-BE88317343A6}.Debug|x64.ActiveCfg = Debug|Any CPU
		{E3829541-66FD-4D7C-9DEF-BE88317343A6}.Debug|x64.Build.0 = Debug|Any CPU
		{E3829541-66FD-4D7C-9DEF-BE88317343A6}.Debug|x86.ActiveCfg = Debug|Any CPU
		{E3829541-66FD-4D7C-9DEF-BE88317343A6}.Debug|x86.Build.0 = Debug|Any CPU
		{E3829541-66FD-4D7C-9DEF-BE88317343A6}.Release|Any CPU.ActiveCfg = Release|Any CPU
		{E3829541-66FD-4D7C-9DEF-BE88317343A6}.Release|Any CPU.Build.0 = Release|Any CPU
		{E3829541-66FD-4D7C-9DEF-BE88317343A6}.Release|x64.ActiveCfg = Release|Any CPU
		{E3829541-66FD-4D7C-9DEF-BE88317343A6}.Release|x64.Build.0 = Release|Any CPU
		{E3829541-66FD-4D7C-9DEF-BE88317343A6}.Release|x86.ActiveCfg = Release|Any CPU
		{E3829541-66FD-4D7C-9DEF-BE88317343A6}.Release|x86.Build.0 = Release|Any CPU
		{BD616EE6-061A-403E-9645-67CF25937A52}.Debug|Any CPU.ActiveCfg = Debug|Any CPU
		{BD616EE6-061A-403E-9645-67CF25937A52}.Debug|Any CPU.Build.0 = Debug|Any CPU
		{BD616EE6-061A-403E-9645-67CF25937A52}.Debug|x64.ActiveCfg = Debug|Any CPU
		{BD616EE6-061A-403E-9645-67CF25937A52}.Debug|x64.Build.0 = Debug|Any CPU
		{BD616EE6-061A-403E-9645-67CF25937A52}.Debug|x86.ActiveCfg = Debug|Any CPU
		{BD616EE6-061A-403E-9645-67CF25937A52}.Debug|x86.Build.0 = Debug|Any CPU
		{BD616EE6-061A-403E-9645-67CF25937A52}.Release|Any CPU.ActiveCfg = Release|Any CPU
		{BD616EE6-061A-403E-9645-67CF25937A52}.Release|Any CPU.Build.0 = Release|Any CPU
		{BD616EE6-061A-403E-9645-67CF25937A52}.Release|x64.ActiveCfg = Release|Any CPU
		{BD616EE6-061A-403E-9645-67CF25937A52}.Release|x64.Build.0 = Release|Any CPU
		{BD616EE6-061A-403E-9645-67CF25937A52}.Release|x86.ActiveCfg = Release|Any CPU
		{BD616EE6-061A-403E-9645-67CF25937A52}.Release|x86.Build.0 = Release|Any CPU
		{C3162A94-B20F-4FBE-A339-7A14A24BA69D}.Debug|Any CPU.ActiveCfg = Debug|Any CPU
		{C3162A94-B20F-4FBE-A339-7A14A24BA69D}.Debug|Any CPU.Build.0 = Debug|Any CPU
		{C3162A94-B20F-4FBE-A339-7A14A24BA69D}.Debug|x64.ActiveCfg = Debug|Any CPU
		{C3162A94-B20F-4FBE-A339-7A14A24BA69D}.Debug|x64.Build.0 = Debug|Any CPU
		{C3162A94-B20F-4FBE-A339-7A14A24BA69D}.Debug|x86.ActiveCfg = Debug|Any CPU
		{C3162A94-B20F-4FBE-A339-7A14A24BA69D}.Debug|x86.Build.0 = Debug|Any CPU
		{C3162A94-B20F-4FBE-A339-7A14A24BA69D}.Release|Any CPU.ActiveCfg = Release|Any CPU
		{C3162A94-B20F-4FBE-A339-7A14A24BA69D}.Release|Any CPU.Build.0 = Release|Any CPU
		{C3162A94-B20F-4FBE-A339-7A14A24BA69D}.Release|x64.ActiveCfg = Release|Any CPU
		{C3162A94-B20F-4FBE-A339-7A14A24BA69D}.Release|x64.Build.0 = Release|Any CPU
		{C3162A94-B20F-4FBE-A339-7A14A24BA69D}.Release|x86.ActiveCfg = Release|Any CPU
		{C3162A94-B20F-4FBE-A339-7A14A24BA69D}.Release|x86.Build.0 = Release|Any CPU
		{8DA23875-0A8A-4BCE-B964-306F1425C224}.Debug|Any CPU.ActiveCfg = Debug|Any CPU
		{8DA23875-0A8A-4BCE-B964-306F1425C224}.Debug|Any CPU.Build.0 = Debug|Any CPU
		{8DA23875-0A8A-4BCE-B964-306F1425C224}.Debug|x64.ActiveCfg = Debug|Any CPU
		{8DA23875-0A8A-4BCE-B964-306F1425C224}.Debug|x64.Build.0 = Debug|Any CPU
		{8DA23875-0A8A-4BCE-B964-306F1425C224}.Debug|x86.ActiveCfg = Debug|Any CPU
		{8DA23875-0A8A-4BCE-B964-306F1425C224}.Debug|x86.Build.0 = Debug|Any CPU
		{8DA23875-0A8A-4BCE-B964-306F1425C224}.Release|Any CPU.ActiveCfg = Release|Any CPU
		{8DA23875-0A8A-4BCE-B964-306F1425C224}.Release|Any CPU.Build.0 = Release|Any CPU
		{8DA23875-0A8A-4BCE-B964-306F1425C224}.Release|x64.ActiveCfg = Release|Any CPU
		{8DA23875-0A8A-4BCE-B964-306F1425C224}.Release|x64.Build.0 = Release|Any CPU
		{8DA23875-0A8A-4BCE-B964-306F1425C224}.Release|x86.ActiveCfg = Release|Any CPU
		{8DA23875-0A8A-4BCE-B964-306F1425C224}.Release|x86.Build.0 = Release|Any CPU
		{2F9379D0-EEB5-4341-A44F-470714C9D398}.Debug|Any CPU.ActiveCfg = Debug|Any CPU
		{2F9379D0-EEB5-4341-A44F-470714C9D398}.Debug|Any CPU.Build.0 = Debug|Any CPU
		{2F9379D0-EEB5-4341-A44F-470714C9D398}.Debug|x64.ActiveCfg = Debug|Any CPU
		{2F9379D0-EEB5-4341-A44F-470714C9D398}.Debug|x64.Build.0 = Debug|Any CPU
		{2F9379D0-EEB5-4341-A44F-470714C9D398}.Debug|x86.ActiveCfg = Debug|Any CPU
		{2F9379D0-EEB5-4341-A44F-470714C9D398}.Debug|x86.Build.0 = Debug|Any CPU
		{2F9379D0-EEB5-4341-A44F-470714C9D398}.Release|Any CPU.ActiveCfg = Release|Any CPU
		{2F9379D0-EEB5-4341-A44F-470714C9D398}.Release|Any CPU.Build.0 = Release|Any CPU
		{2F9379D0-EEB5-4341-A44F-470714C9D398}.Release|x64.ActiveCfg = Release|Any CPU
		{2F9379D0-EEB5-4341-A44F-470714C9D398}.Release|x64.Build.0 = Release|Any CPU
		{2F9379D0-EEB5-4341-A44F-470714C9D398}.Release|x86.ActiveCfg = Release|Any CPU
		{2F9379D0-EEB5-4341-A44F-470714C9D398}.Release|x86.Build.0 = Release|Any CPU
		{24EF0F09-A229-497C-871D-33EC73D1F58A}.Debug|Any CPU.ActiveCfg = Debug|Any CPU
		{24EF0F09-A229-497C-871D-33EC73D1F58A}.Debug|Any CPU.Build.0 = Debug|Any CPU
		{24EF0F09-A229-497C-871D-33EC73D1F58A}.Debug|x64.ActiveCfg = Debug|Any CPU
		{24EF0F09-A229-497C-871D-33EC73D1F58A}.Debug|x64.Build.0 = Debug|Any CPU
		{24EF0F09-A229-497C-871D-33EC73D1F58A}.Debug|x86.ActiveCfg = Debug|Any CPU
		{24EF0F09-A229-497C-871D-33EC73D1F58A}.Debug|x86.Build.0 = Debug|Any CPU
		{24EF0F09-A229-497C-871D-33EC73D1F58A}.Release|Any CPU.ActiveCfg = Release|Any CPU
		{24EF0F09-A229-497C-871D-33EC73D1F58A}.Release|Any CPU.Build.0 = Release|Any CPU
		{24EF0F09-A229-497C-871D-33EC73D1F58A}.Release|x64.ActiveCfg = Release|Any CPU
		{24EF0F09-A229-497C-871D-33EC73D1F58A}.Release|x64.Build.0 = Release|Any CPU
		{24EF0F09-A229-497C-871D-33EC73D1F58A}.Release|x86.ActiveCfg = Release|Any CPU
		{24EF0F09-A229-497C-871D-33EC73D1F58A}.Release|x86.Build.0 = Release|Any CPU
		{78FBE44D-3E22-4566-92A0-C8CE44BA2FCE}.Debug|Any CPU.ActiveCfg = Debug|Any CPU
		{78FBE44D-3E22-4566-92A0-C8CE44BA2FCE}.Debug|Any CPU.Build.0 = Debug|Any CPU
		{78FBE44D-3E22-4566-92A0-C8CE44BA2FCE}.Debug|x64.ActiveCfg = Debug|Any CPU
		{78FBE44D-3E22-4566-92A0-C8CE44BA2FCE}.Debug|x64.Build.0 = Debug|Any CPU
		{78FBE44D-3E22-4566-92A0-C8CE44BA2FCE}.Debug|x86.ActiveCfg = Debug|Any CPU
		{78FBE44D-3E22-4566-92A0-C8CE44BA2FCE}.Debug|x86.Build.0 = Debug|Any CPU
		{78FBE44D-3E22-4566-92A0-C8CE44BA2FCE}.Release|Any CPU.ActiveCfg = Release|Any CPU
		{78FBE44D-3E22-4566-92A0-C8CE44BA2FCE}.Release|Any CPU.Build.0 = Release|Any CPU
		{78FBE44D-3E22-4566-92A0-C8CE44BA2FCE}.Release|x64.ActiveCfg = Release|Any CPU
		{78FBE44D-3E22-4566-92A0-C8CE44BA2FCE}.Release|x64.Build.0 = Release|Any CPU
		{78FBE44D-3E22-4566-92A0-C8CE44BA2FCE}.Release|x86.ActiveCfg = Release|Any CPU
		{78FBE44D-3E22-4566-92A0-C8CE44BA2FCE}.Release|x86.Build.0 = Release|Any CPU
		{E38280BE-2258-4AF9-A409-1076631A3A12}.Debug|Any CPU.ActiveCfg = Debug|Any CPU
		{E38280BE-2258-4AF9-A409-1076631A3A12}.Debug|Any CPU.Build.0 = Debug|Any CPU
		{E38280BE-2258-4AF9-A409-1076631A3A12}.Debug|x64.ActiveCfg = Debug|Any CPU
		{E38280BE-2258-4AF9-A409-1076631A3A12}.Debug|x64.Build.0 = Debug|Any CPU
		{E38280BE-2258-4AF9-A409-1076631A3A12}.Debug|x86.ActiveCfg = Debug|Any CPU
		{E38280BE-2258-4AF9-A409-1076631A3A12}.Debug|x86.Build.0 = Debug|Any CPU
		{E38280BE-2258-4AF9-A409-1076631A3A12}.Release|Any CPU.ActiveCfg = Release|Any CPU
		{E38280BE-2258-4AF9-A409-1076631A3A12}.Release|Any CPU.Build.0 = Release|Any CPU
		{E38280BE-2258-4AF9-A409-1076631A3A12}.Release|x64.ActiveCfg = Release|Any CPU
		{E38280BE-2258-4AF9-A409-1076631A3A12}.Release|x64.Build.0 = Release|Any CPU
		{E38280BE-2258-4AF9-A409-1076631A3A12}.Release|x86.ActiveCfg = Release|Any CPU
		{E38280BE-2258-4AF9-A409-1076631A3A12}.Release|x86.Build.0 = Release|Any CPU
		{D3BEAD20-66C9-4211-A351-CABE22824819}.Debug|Any CPU.ActiveCfg = Debug|Any CPU
		{D3BEAD20-66C9-4211-A351-CABE22824819}.Debug|Any CPU.Build.0 = Debug|Any CPU
		{D3BEAD20-66C9-4211-A351-CABE22824819}.Debug|x64.ActiveCfg = Debug|Any CPU
		{D3BEAD20-66C9-4211-A351-CABE22824819}.Debug|x64.Build.0 = Debug|Any CPU
		{D3BEAD20-66C9-4211-A351-CABE22824819}.Debug|x86.ActiveCfg = Debug|Any CPU
		{D3BEAD20-66C9-4211-A351-CABE22824819}.Debug|x86.Build.0 = Debug|Any CPU
		{D3BEAD20-66C9-4211-A351-CABE22824819}.Release|Any CPU.ActiveCfg = Release|Any CPU
		{D3BEAD20-66C9-4211-A351-CABE22824819}.Release|Any CPU.Build.0 = Release|Any CPU
		{D3BEAD20-66C9-4211-A351-CABE22824819}.Release|x64.ActiveCfg = Release|Any CPU
		{D3BEAD20-66C9-4211-A351-CABE22824819}.Release|x64.Build.0 = Release|Any CPU
		{D3BEAD20-66C9-4211-A351-CABE22824819}.Release|x86.ActiveCfg = Release|Any CPU
		{D3BEAD20-66C9-4211-A351-CABE22824819}.Release|x86.Build.0 = Release|Any CPU
		{9A2A03C7-D190-442C-9C3C-6CA2BE809F6C}.Debug|Any CPU.ActiveCfg = Debug|Any CPU
		{9A2A03C7-D190-442C-9C3C-6CA2BE809F6C}.Debug|Any CPU.Build.0 = Debug|Any CPU
		{9A2A03C7-D190-442C-9C3C-6CA2BE809F6C}.Debug|x64.ActiveCfg = Debug|Any CPU
		{9A2A03C7-D190-442C-9C3C-6CA2BE809F6C}.Debug|x64.Build.0 = Debug|Any CPU
		{9A2A03C7-D190-442C-9C3C-6CA2BE809F6C}.Debug|x86.ActiveCfg = Debug|Any CPU
		{9A2A03C7-D190-442C-9C3C-6CA2BE809F6C}.Debug|x86.Build.0 = Debug|Any CPU
		{9A2A03C7-D190-442C-9C3C-6CA2BE809F6C}.Release|Any CPU.ActiveCfg = Release|Any CPU
		{9A2A03C7-D190-442C-9C3C-6CA2BE809F6C}.Release|Any CPU.Build.0 = Release|Any CPU
		{9A2A03C7-D190-442C-9C3C-6CA2BE809F6C}.Release|x64.ActiveCfg = Release|Any CPU
		{9A2A03C7-D190-442C-9C3C-6CA2BE809F6C}.Release|x64.Build.0 = Release|Any CPU
		{9A2A03C7-D190-442C-9C3C-6CA2BE809F6C}.Release|x86.ActiveCfg = Release|Any CPU
		{9A2A03C7-D190-442C-9C3C-6CA2BE809F6C}.Release|x86.Build.0 = Release|Any CPU
		{5C1A65D5-16FE-45AD-82FA-7864246C8AF2}.Debug|Any CPU.ActiveCfg = Debug|Any CPU
		{5C1A65D5-16FE-45AD-82FA-7864246C8AF2}.Debug|Any CPU.Build.0 = Debug|Any CPU
		{5C1A65D5-16FE-45AD-82FA-7864246C8AF2}.Debug|x64.ActiveCfg = Debug|Any CPU
		{5C1A65D5-16FE-45AD-82FA-7864246C8AF2}.Debug|x64.Build.0 = Debug|Any CPU
		{5C1A65D5-16FE-45AD-82FA-7864246C8AF2}.Debug|x86.ActiveCfg = Debug|Any CPU
		{5C1A65D5-16FE-45AD-82FA-7864246C8AF2}.Debug|x86.Build.0 = Debug|Any CPU
		{5C1A65D5-16FE-45AD-82FA-7864246C8AF2}.Release|Any CPU.ActiveCfg = Release|Any CPU
		{5C1A65D5-16FE-45AD-82FA-7864246C8AF2}.Release|Any CPU.Build.0 = Release|Any CPU
		{5C1A65D5-16FE-45AD-82FA-7864246C8AF2}.Release|x64.ActiveCfg = Release|Any CPU
		{5C1A65D5-16FE-45AD-82FA-7864246C8AF2}.Release|x64.Build.0 = Release|Any CPU
		{5C1A65D5-16FE-45AD-82FA-7864246C8AF2}.Release|x86.ActiveCfg = Release|Any CPU
		{5C1A65D5-16FE-45AD-82FA-7864246C8AF2}.Release|x86.Build.0 = Release|Any CPU
		{FAA66D1E-DE49-4CCD-A73A-CD98EFA86824}.Debug|Any CPU.ActiveCfg = Debug|Any CPU
		{FAA66D1E-DE49-4CCD-A73A-CD98EFA86824}.Debug|Any CPU.Build.0 = Debug|Any CPU
		{FAA66D1E-DE49-4CCD-A73A-CD98EFA86824}.Debug|x64.ActiveCfg = Debug|Any CPU
		{FAA66D1E-DE49-4CCD-A73A-CD98EFA86824}.Debug|x64.Build.0 = Debug|Any CPU
		{FAA66D1E-DE49-4CCD-A73A-CD98EFA86824}.Debug|x86.ActiveCfg = Debug|Any CPU
		{FAA66D1E-DE49-4CCD-A73A-CD98EFA86824}.Debug|x86.Build.0 = Debug|Any CPU
		{FAA66D1E-DE49-4CCD-A73A-CD98EFA86824}.Release|Any CPU.ActiveCfg = Release|Any CPU
		{FAA66D1E-DE49-4CCD-A73A-CD98EFA86824}.Release|Any CPU.Build.0 = Release|Any CPU
		{FAA66D1E-DE49-4CCD-A73A-CD98EFA86824}.Release|x64.ActiveCfg = Release|Any CPU
		{FAA66D1E-DE49-4CCD-A73A-CD98EFA86824}.Release|x64.Build.0 = Release|Any CPU
		{FAA66D1E-DE49-4CCD-A73A-CD98EFA86824}.Release|x86.ActiveCfg = Release|Any CPU
		{FAA66D1E-DE49-4CCD-A73A-CD98EFA86824}.Release|x86.Build.0 = Release|Any CPU
		{A2DD91CB-7658-4E61-8B8B-56A6A43660B8}.Debug|Any CPU.ActiveCfg = Debug|Any CPU
		{A2DD91CB-7658-4E61-8B8B-56A6A43660B8}.Debug|Any CPU.Build.0 = Debug|Any CPU
		{A2DD91CB-7658-4E61-8B8B-56A6A43660B8}.Debug|x64.ActiveCfg = Debug|Any CPU
		{A2DD91CB-7658-4E61-8B8B-56A6A43660B8}.Debug|x64.Build.0 = Debug|Any CPU
		{A2DD91CB-7658-4E61-8B8B-56A6A43660B8}.Debug|x86.ActiveCfg = Debug|Any CPU
		{A2DD91CB-7658-4E61-8B8B-56A6A43660B8}.Debug|x86.Build.0 = Debug|Any CPU
		{A2DD91CB-7658-4E61-8B8B-56A6A43660B8}.Release|Any CPU.ActiveCfg = Release|Any CPU
		{A2DD91CB-7658-4E61-8B8B-56A6A43660B8}.Release|Any CPU.Build.0 = Release|Any CPU
		{A2DD91CB-7658-4E61-8B8B-56A6A43660B8}.Release|x64.ActiveCfg = Release|Any CPU
		{A2DD91CB-7658-4E61-8B8B-56A6A43660B8}.Release|x64.Build.0 = Release|Any CPU
		{A2DD91CB-7658-4E61-8B8B-56A6A43660B8}.Release|x86.ActiveCfg = Release|Any CPU
		{A2DD91CB-7658-4E61-8B8B-56A6A43660B8}.Release|x86.Build.0 = Release|Any CPU
		{2640F908-C738-46AF-9047-849CD3A021E8}.Debug|Any CPU.ActiveCfg = Debug|Any CPU
		{2640F908-C738-46AF-9047-849CD3A021E8}.Debug|Any CPU.Build.0 = Debug|Any CPU
		{2640F908-C738-46AF-9047-849CD3A021E8}.Debug|x64.ActiveCfg = Debug|Any CPU
		{2640F908-C738-46AF-9047-849CD3A021E8}.Debug|x64.Build.0 = Debug|Any CPU
		{2640F908-C738-46AF-9047-849CD3A021E8}.Debug|x86.ActiveCfg = Debug|Any CPU
		{2640F908-C738-46AF-9047-849CD3A021E8}.Debug|x86.Build.0 = Debug|Any CPU
		{2640F908-C738-46AF-9047-849CD3A021E8}.Release|Any CPU.ActiveCfg = Release|Any CPU
		{2640F908-C738-46AF-9047-849CD3A021E8}.Release|Any CPU.Build.0 = Release|Any CPU
		{2640F908-C738-46AF-9047-849CD3A021E8}.Release|x64.ActiveCfg = Release|Any CPU
		{2640F908-C738-46AF-9047-849CD3A021E8}.Release|x64.Build.0 = Release|Any CPU
		{2640F908-C738-46AF-9047-849CD3A021E8}.Release|x86.ActiveCfg = Release|Any CPU
		{2640F908-C738-46AF-9047-849CD3A021E8}.Release|x86.Build.0 = Release|Any CPU
		{B8EE50AB-6FF9-4A3B-9A1B-08884F88570F}.Debug|Any CPU.ActiveCfg = Debug|Any CPU
		{B8EE50AB-6FF9-4A3B-9A1B-08884F88570F}.Debug|Any CPU.Build.0 = Debug|Any CPU
		{B8EE50AB-6FF9-4A3B-9A1B-08884F88570F}.Debug|x64.ActiveCfg = Debug|Any CPU
		{B8EE50AB-6FF9-4A3B-9A1B-08884F88570F}.Debug|x64.Build.0 = Debug|Any CPU
		{B8EE50AB-6FF9-4A3B-9A1B-08884F88570F}.Debug|x86.ActiveCfg = Debug|Any CPU
		{B8EE50AB-6FF9-4A3B-9A1B-08884F88570F}.Debug|x86.Build.0 = Debug|Any CPU
		{B8EE50AB-6FF9-4A3B-9A1B-08884F88570F}.Release|Any CPU.ActiveCfg = Release|Any CPU
		{B8EE50AB-6FF9-4A3B-9A1B-08884F88570F}.Release|Any CPU.Build.0 = Release|Any CPU
		{B8EE50AB-6FF9-4A3B-9A1B-08884F88570F}.Release|x64.ActiveCfg = Release|Any CPU
		{B8EE50AB-6FF9-4A3B-9A1B-08884F88570F}.Release|x64.Build.0 = Release|Any CPU
		{B8EE50AB-6FF9-4A3B-9A1B-08884F88570F}.Release|x86.ActiveCfg = Release|Any CPU
		{B8EE50AB-6FF9-4A3B-9A1B-08884F88570F}.Release|x86.Build.0 = Release|Any CPU
		{29980DB6-BADE-4FF2-B650-6156B7C541D0}.Debug|Any CPU.ActiveCfg = Debug|Any CPU
		{29980DB6-BADE-4FF2-B650-6156B7C541D0}.Debug|Any CPU.Build.0 = Debug|Any CPU
		{29980DB6-BADE-4FF2-B650-6156B7C541D0}.Debug|x64.ActiveCfg = Debug|Any CPU
		{29980DB6-BADE-4FF2-B650-6156B7C541D0}.Debug|x64.Build.0 = Debug|Any CPU
		{29980DB6-BADE-4FF2-B650-6156B7C541D0}.Debug|x86.ActiveCfg = Debug|Any CPU
		{29980DB6-BADE-4FF2-B650-6156B7C541D0}.Debug|x86.Build.0 = Debug|Any CPU
		{29980DB6-BADE-4FF2-B650-6156B7C541D0}.Release|Any CPU.ActiveCfg = Release|Any CPU
		{29980DB6-BADE-4FF2-B650-6156B7C541D0}.Release|Any CPU.Build.0 = Release|Any CPU
		{29980DB6-BADE-4FF2-B650-6156B7C541D0}.Release|x64.ActiveCfg = Release|Any CPU
		{29980DB6-BADE-4FF2-B650-6156B7C541D0}.Release|x64.Build.0 = Release|Any CPU
		{29980DB6-BADE-4FF2-B650-6156B7C541D0}.Release|x86.ActiveCfg = Release|Any CPU
		{29980DB6-BADE-4FF2-B650-6156B7C541D0}.Release|x86.Build.0 = Release|Any CPU
		{8A368C81-2EAE-42E6-A09A-FFF297A9A3FB}.Debug|Any CPU.ActiveCfg = Debug|Any CPU
		{8A368C81-2EAE-42E6-A09A-FFF297A9A3FB}.Debug|Any CPU.Build.0 = Debug|Any CPU
		{8A368C81-2EAE-42E6-A09A-FFF297A9A3FB}.Debug|x64.ActiveCfg = Debug|Any CPU
		{8A368C81-2EAE-42E6-A09A-FFF297A9A3FB}.Debug|x64.Build.0 = Debug|Any CPU
		{8A368C81-2EAE-42E6-A09A-FFF297A9A3FB}.Debug|x86.ActiveCfg = Debug|Any CPU
		{8A368C81-2EAE-42E6-A09A-FFF297A9A3FB}.Debug|x86.Build.0 = Debug|Any CPU
		{8A368C81-2EAE-42E6-A09A-FFF297A9A3FB}.Release|Any CPU.ActiveCfg = Release|Any CPU
		{8A368C81-2EAE-42E6-A09A-FFF297A9A3FB}.Release|Any CPU.Build.0 = Release|Any CPU
		{8A368C81-2EAE-42E6-A09A-FFF297A9A3FB}.Release|x64.ActiveCfg = Release|Any CPU
		{8A368C81-2EAE-42E6-A09A-FFF297A9A3FB}.Release|x64.Build.0 = Release|Any CPU
		{8A368C81-2EAE-42E6-A09A-FFF297A9A3FB}.Release|x86.ActiveCfg = Release|Any CPU
		{8A368C81-2EAE-42E6-A09A-FFF297A9A3FB}.Release|x86.Build.0 = Release|Any CPU
		{E1C5305C-A929-4946-AC38-6549D4FC8FDC}.Debug|Any CPU.ActiveCfg = Debug|Any CPU
		{E1C5305C-A929-4946-AC38-6549D4FC8FDC}.Debug|Any CPU.Build.0 = Debug|Any CPU
		{E1C5305C-A929-4946-AC38-6549D4FC8FDC}.Debug|x64.ActiveCfg = Debug|Any CPU
		{E1C5305C-A929-4946-AC38-6549D4FC8FDC}.Debug|x64.Build.0 = Debug|Any CPU
		{E1C5305C-A929-4946-AC38-6549D4FC8FDC}.Debug|x86.ActiveCfg = Debug|Any CPU
		{E1C5305C-A929-4946-AC38-6549D4FC8FDC}.Debug|x86.Build.0 = Debug|Any CPU
		{E1C5305C-A929-4946-AC38-6549D4FC8FDC}.Release|Any CPU.ActiveCfg = Release|Any CPU
		{E1C5305C-A929-4946-AC38-6549D4FC8FDC}.Release|Any CPU.Build.0 = Release|Any CPU
		{E1C5305C-A929-4946-AC38-6549D4FC8FDC}.Release|x64.ActiveCfg = Release|Any CPU
		{E1C5305C-A929-4946-AC38-6549D4FC8FDC}.Release|x64.Build.0 = Release|Any CPU
		{E1C5305C-A929-4946-AC38-6549D4FC8FDC}.Release|x86.ActiveCfg = Release|Any CPU
		{E1C5305C-A929-4946-AC38-6549D4FC8FDC}.Release|x86.Build.0 = Release|Any CPU
		{E97E4012-C900-457E-9424-69E2DFAE6A80}.Debug|Any CPU.ActiveCfg = Debug|Any CPU
		{E97E4012-C900-457E-9424-69E2DFAE6A80}.Debug|Any CPU.Build.0 = Debug|Any CPU
		{E97E4012-C900-457E-9424-69E2DFAE6A80}.Debug|x64.ActiveCfg = Debug|Any CPU
		{E97E4012-C900-457E-9424-69E2DFAE6A80}.Debug|x64.Build.0 = Debug|Any CPU
		{E97E4012-C900-457E-9424-69E2DFAE6A80}.Debug|x86.ActiveCfg = Debug|Any CPU
		{E97E4012-C900-457E-9424-69E2DFAE6A80}.Debug|x86.Build.0 = Debug|Any CPU
		{E97E4012-C900-457E-9424-69E2DFAE6A80}.Release|Any CPU.ActiveCfg = Release|Any CPU
		{E97E4012-C900-457E-9424-69E2DFAE6A80}.Release|Any CPU.Build.0 = Release|Any CPU
		{E97E4012-C900-457E-9424-69E2DFAE6A80}.Release|x64.ActiveCfg = Release|Any CPU
		{E97E4012-C900-457E-9424-69E2DFAE6A80}.Release|x64.Build.0 = Release|Any CPU
		{E97E4012-C900-457E-9424-69E2DFAE6A80}.Release|x86.ActiveCfg = Release|Any CPU
		{E97E4012-C900-457E-9424-69E2DFAE6A80}.Release|x86.Build.0 = Release|Any CPU
		{E6605290-1FC7-492B-9FF0-F9C202C61980}.Debug|Any CPU.ActiveCfg = Debug|Any CPU
		{E6605290-1FC7-492B-9FF0-F9C202C61980}.Debug|Any CPU.Build.0 = Debug|Any CPU
		{E6605290-1FC7-492B-9FF0-F9C202C61980}.Debug|x64.ActiveCfg = Debug|Any CPU
		{E6605290-1FC7-492B-9FF0-F9C202C61980}.Debug|x64.Build.0 = Debug|Any CPU
		{E6605290-1FC7-492B-9FF0-F9C202C61980}.Debug|x86.ActiveCfg = Debug|Any CPU
		{E6605290-1FC7-492B-9FF0-F9C202C61980}.Debug|x86.Build.0 = Debug|Any CPU
		{E6605290-1FC7-492B-9FF0-F9C202C61980}.Release|Any CPU.ActiveCfg = Release|Any CPU
		{E6605290-1FC7-492B-9FF0-F9C202C61980}.Release|Any CPU.Build.0 = Release|Any CPU
		{E6605290-1FC7-492B-9FF0-F9C202C61980}.Release|x64.ActiveCfg = Release|Any CPU
		{E6605290-1FC7-492B-9FF0-F9C202C61980}.Release|x64.Build.0 = Release|Any CPU
		{E6605290-1FC7-492B-9FF0-F9C202C61980}.Release|x86.ActiveCfg = Release|Any CPU
		{E6605290-1FC7-492B-9FF0-F9C202C61980}.Release|x86.Build.0 = Release|Any CPU
		{C7A20E4B-597D-478A-AA8E-483A692F09B3}.Debug|Any CPU.ActiveCfg = Debug|Any CPU
		{C7A20E4B-597D-478A-AA8E-483A692F09B3}.Debug|Any CPU.Build.0 = Debug|Any CPU
		{C7A20E4B-597D-478A-AA8E-483A692F09B3}.Debug|x64.ActiveCfg = Debug|Any CPU
		{C7A20E4B-597D-478A-AA8E-483A692F09B3}.Debug|x64.Build.0 = Debug|Any CPU
		{C7A20E4B-597D-478A-AA8E-483A692F09B3}.Debug|x86.ActiveCfg = Debug|Any CPU
		{C7A20E4B-597D-478A-AA8E-483A692F09B3}.Debug|x86.Build.0 = Debug|Any CPU
		{C7A20E4B-597D-478A-AA8E-483A692F09B3}.Release|Any CPU.ActiveCfg = Release|Any CPU
		{C7A20E4B-597D-478A-AA8E-483A692F09B3}.Release|Any CPU.Build.0 = Release|Any CPU
		{C7A20E4B-597D-478A-AA8E-483A692F09B3}.Release|x64.ActiveCfg = Release|Any CPU
		{C7A20E4B-597D-478A-AA8E-483A692F09B3}.Release|x64.Build.0 = Release|Any CPU
		{C7A20E4B-597D-478A-AA8E-483A692F09B3}.Release|x86.ActiveCfg = Release|Any CPU
		{C7A20E4B-597D-478A-AA8E-483A692F09B3}.Release|x86.Build.0 = Release|Any CPU
		{1235BFCE-3B8C-4FF2-8A7A-783B9A3EDA8D}.Debug|Any CPU.ActiveCfg = Debug|Any CPU
		{1235BFCE-3B8C-4FF2-8A7A-783B9A3EDA8D}.Debug|Any CPU.Build.0 = Debug|Any CPU
		{1235BFCE-3B8C-4FF2-8A7A-783B9A3EDA8D}.Debug|x64.ActiveCfg = Debug|Any CPU
		{1235BFCE-3B8C-4FF2-8A7A-783B9A3EDA8D}.Debug|x64.Build.0 = Debug|Any CPU
		{1235BFCE-3B8C-4FF2-8A7A-783B9A3EDA8D}.Debug|x86.ActiveCfg = Debug|Any CPU
		{1235BFCE-3B8C-4FF2-8A7A-783B9A3EDA8D}.Debug|x86.Build.0 = Debug|Any CPU
		{1235BFCE-3B8C-4FF2-8A7A-783B9A3EDA8D}.Release|Any CPU.ActiveCfg = Release|Any CPU
		{1235BFCE-3B8C-4FF2-8A7A-783B9A3EDA8D}.Release|Any CPU.Build.0 = Release|Any CPU
		{1235BFCE-3B8C-4FF2-8A7A-783B9A3EDA8D}.Release|x64.ActiveCfg = Release|Any CPU
		{1235BFCE-3B8C-4FF2-8A7A-783B9A3EDA8D}.Release|x64.Build.0 = Release|Any CPU
		{1235BFCE-3B8C-4FF2-8A7A-783B9A3EDA8D}.Release|x86.ActiveCfg = Release|Any CPU
		{1235BFCE-3B8C-4FF2-8A7A-783B9A3EDA8D}.Release|x86.Build.0 = Release|Any CPU
		{F6024351-5FBD-4528-B6E1-ECF3B8C0C6FE}.Debug|Any CPU.ActiveCfg = Debug|Any CPU
		{F6024351-5FBD-4528-B6E1-ECF3B8C0C6FE}.Debug|Any CPU.Build.0 = Debug|Any CPU
		{F6024351-5FBD-4528-B6E1-ECF3B8C0C6FE}.Debug|x64.ActiveCfg = Debug|Any CPU
		{F6024351-5FBD-4528-B6E1-ECF3B8C0C6FE}.Debug|x64.Build.0 = Debug|Any CPU
		{F6024351-5FBD-4528-B6E1-ECF3B8C0C6FE}.Debug|x86.ActiveCfg = Debug|Any CPU
		{F6024351-5FBD-4528-B6E1-ECF3B8C0C6FE}.Debug|x86.Build.0 = Debug|Any CPU
		{F6024351-5FBD-4528-B6E1-ECF3B8C0C6FE}.Release|Any CPU.ActiveCfg = Release|Any CPU
		{F6024351-5FBD-4528-B6E1-ECF3B8C0C6FE}.Release|Any CPU.Build.0 = Release|Any CPU
		{F6024351-5FBD-4528-B6E1-ECF3B8C0C6FE}.Release|x64.ActiveCfg = Release|Any CPU
		{F6024351-5FBD-4528-B6E1-ECF3B8C0C6FE}.Release|x64.Build.0 = Release|Any CPU
		{F6024351-5FBD-4528-B6E1-ECF3B8C0C6FE}.Release|x86.ActiveCfg = Release|Any CPU
		{F6024351-5FBD-4528-B6E1-ECF3B8C0C6FE}.Release|x86.Build.0 = Release|Any CPU
		{E166BE3B-660D-4A2D-9D62-D1F53190DE14}.Debug|Any CPU.ActiveCfg = Debug|Any CPU
		{E166BE3B-660D-4A2D-9D62-D1F53190DE14}.Debug|Any CPU.Build.0 = Debug|Any CPU
		{E166BE3B-660D-4A2D-9D62-D1F53190DE14}.Debug|x64.ActiveCfg = Debug|Any CPU
		{E166BE3B-660D-4A2D-9D62-D1F53190DE14}.Debug|x64.Build.0 = Debug|Any CPU
		{E166BE3B-660D-4A2D-9D62-D1F53190DE14}.Debug|x86.ActiveCfg = Debug|Any CPU
		{E166BE3B-660D-4A2D-9D62-D1F53190DE14}.Debug|x86.Build.0 = Debug|Any CPU
		{E166BE3B-660D-4A2D-9D62-D1F53190DE14}.Release|Any CPU.ActiveCfg = Release|Any CPU
		{E166BE3B-660D-4A2D-9D62-D1F53190DE14}.Release|Any CPU.Build.0 = Release|Any CPU
		{E166BE3B-660D-4A2D-9D62-D1F53190DE14}.Release|x64.ActiveCfg = Release|Any CPU
		{E166BE3B-660D-4A2D-9D62-D1F53190DE14}.Release|x64.Build.0 = Release|Any CPU
		{E166BE3B-660D-4A2D-9D62-D1F53190DE14}.Release|x86.ActiveCfg = Release|Any CPU
		{E166BE3B-660D-4A2D-9D62-D1F53190DE14}.Release|x86.Build.0 = Release|Any CPU
		{4D1E60AD-9375-4B57-B916-21050CF823D5}.Debug|Any CPU.ActiveCfg = Debug|Any CPU
		{4D1E60AD-9375-4B57-B916-21050CF823D5}.Debug|Any CPU.Build.0 = Debug|Any CPU
		{4D1E60AD-9375-4B57-B916-21050CF823D5}.Debug|x64.ActiveCfg = Debug|Any CPU
		{4D1E60AD-9375-4B57-B916-21050CF823D5}.Debug|x64.Build.0 = Debug|Any CPU
		{4D1E60AD-9375-4B57-B916-21050CF823D5}.Debug|x86.ActiveCfg = Debug|Any CPU
		{4D1E60AD-9375-4B57-B916-21050CF823D5}.Debug|x86.Build.0 = Debug|Any CPU
		{4D1E60AD-9375-4B57-B916-21050CF823D5}.Release|Any CPU.ActiveCfg = Release|Any CPU
		{4D1E60AD-9375-4B57-B916-21050CF823D5}.Release|Any CPU.Build.0 = Release|Any CPU
		{4D1E60AD-9375-4B57-B916-21050CF823D5}.Release|x64.ActiveCfg = Release|Any CPU
		{4D1E60AD-9375-4B57-B916-21050CF823D5}.Release|x64.Build.0 = Release|Any CPU
		{4D1E60AD-9375-4B57-B916-21050CF823D5}.Release|x86.ActiveCfg = Release|Any CPU
		{4D1E60AD-9375-4B57-B916-21050CF823D5}.Release|x86.Build.0 = Release|Any CPU
		{E8C2B7BE-88C7-40D4-8134-AE93A276BB0E}.Debug|Any CPU.ActiveCfg = Debug|Any CPU
		{E8C2B7BE-88C7-40D4-8134-AE93A276BB0E}.Debug|Any CPU.Build.0 = Debug|Any CPU
		{E8C2B7BE-88C7-40D4-8134-AE93A276BB0E}.Debug|x64.ActiveCfg = Debug|Any CPU
		{E8C2B7BE-88C7-40D4-8134-AE93A276BB0E}.Debug|x64.Build.0 = Debug|Any CPU
		{E8C2B7BE-88C7-40D4-8134-AE93A276BB0E}.Debug|x86.ActiveCfg = Debug|Any CPU
		{E8C2B7BE-88C7-40D4-8134-AE93A276BB0E}.Debug|x86.Build.0 = Debug|Any CPU
		{E8C2B7BE-88C7-40D4-8134-AE93A276BB0E}.Release|Any CPU.ActiveCfg = Release|Any CPU
		{E8C2B7BE-88C7-40D4-8134-AE93A276BB0E}.Release|Any CPU.Build.0 = Release|Any CPU
		{E8C2B7BE-88C7-40D4-8134-AE93A276BB0E}.Release|x64.ActiveCfg = Release|Any CPU
		{E8C2B7BE-88C7-40D4-8134-AE93A276BB0E}.Release|x64.Build.0 = Release|Any CPU
		{E8C2B7BE-88C7-40D4-8134-AE93A276BB0E}.Release|x86.ActiveCfg = Release|Any CPU
		{E8C2B7BE-88C7-40D4-8134-AE93A276BB0E}.Release|x86.Build.0 = Release|Any CPU
		{92280CD2-14A3-4614-9B01-658C3E986154}.Debug|Any CPU.ActiveCfg = Debug|Any CPU
		{92280CD2-14A3-4614-9B01-658C3E986154}.Debug|Any CPU.Build.0 = Debug|Any CPU
		{92280CD2-14A3-4614-9B01-658C3E986154}.Debug|x64.ActiveCfg = Debug|Any CPU
		{92280CD2-14A3-4614-9B01-658C3E986154}.Debug|x64.Build.0 = Debug|Any CPU
		{92280CD2-14A3-4614-9B01-658C3E986154}.Debug|x86.ActiveCfg = Debug|Any CPU
		{92280CD2-14A3-4614-9B01-658C3E986154}.Debug|x86.Build.0 = Debug|Any CPU
		{92280CD2-14A3-4614-9B01-658C3E986154}.Release|Any CPU.ActiveCfg = Release|Any CPU
		{92280CD2-14A3-4614-9B01-658C3E986154}.Release|Any CPU.Build.0 = Release|Any CPU
		{92280CD2-14A3-4614-9B01-658C3E986154}.Release|x64.ActiveCfg = Release|Any CPU
		{92280CD2-14A3-4614-9B01-658C3E986154}.Release|x64.Build.0 = Release|Any CPU
		{92280CD2-14A3-4614-9B01-658C3E986154}.Release|x86.ActiveCfg = Release|Any CPU
		{92280CD2-14A3-4614-9B01-658C3E986154}.Release|x86.Build.0 = Release|Any CPU
		{E9933E60-CECE-44BA-9990-A5FFC5A0A927}.Debug|Any CPU.ActiveCfg = Debug|Any CPU
		{E9933E60-CECE-44BA-9990-A5FFC5A0A927}.Debug|Any CPU.Build.0 = Debug|Any CPU
		{E9933E60-CECE-44BA-9990-A5FFC5A0A927}.Debug|x64.ActiveCfg = Debug|Any CPU
		{E9933E60-CECE-44BA-9990-A5FFC5A0A927}.Debug|x64.Build.0 = Debug|Any CPU
		{E9933E60-CECE-44BA-9990-A5FFC5A0A927}.Debug|x86.ActiveCfg = Debug|Any CPU
		{E9933E60-CECE-44BA-9990-A5FFC5A0A927}.Debug|x86.Build.0 = Debug|Any CPU
		{E9933E60-CECE-44BA-9990-A5FFC5A0A927}.Release|Any CPU.ActiveCfg = Release|Any CPU
		{E9933E60-CECE-44BA-9990-A5FFC5A0A927}.Release|Any CPU.Build.0 = Release|Any CPU
		{E9933E60-CECE-44BA-9990-A5FFC5A0A927}.Release|x64.ActiveCfg = Release|Any CPU
		{E9933E60-CECE-44BA-9990-A5FFC5A0A927}.Release|x64.Build.0 = Release|Any CPU
		{E9933E60-CECE-44BA-9990-A5FFC5A0A927}.Release|x86.ActiveCfg = Release|Any CPU
		{E9933E60-CECE-44BA-9990-A5FFC5A0A927}.Release|x86.Build.0 = Release|Any CPU
		{0C300D47-B907-43A2-9B63-EC788E93DF3D}.Debug|Any CPU.ActiveCfg = Debug|Any CPU
		{0C300D47-B907-43A2-9B63-EC788E93DF3D}.Debug|Any CPU.Build.0 = Debug|Any CPU
		{0C300D47-B907-43A2-9B63-EC788E93DF3D}.Debug|x64.ActiveCfg = Debug|Any CPU
		{0C300D47-B907-43A2-9B63-EC788E93DF3D}.Debug|x64.Build.0 = Debug|Any CPU
		{0C300D47-B907-43A2-9B63-EC788E93DF3D}.Debug|x86.ActiveCfg = Debug|Any CPU
		{0C300D47-B907-43A2-9B63-EC788E93DF3D}.Debug|x86.Build.0 = Debug|Any CPU
		{0C300D47-B907-43A2-9B63-EC788E93DF3D}.Release|Any CPU.ActiveCfg = Release|Any CPU
		{0C300D47-B907-43A2-9B63-EC788E93DF3D}.Release|Any CPU.Build.0 = Release|Any CPU
		{0C300D47-B907-43A2-9B63-EC788E93DF3D}.Release|x64.ActiveCfg = Release|Any CPU
		{0C300D47-B907-43A2-9B63-EC788E93DF3D}.Release|x64.Build.0 = Release|Any CPU
		{0C300D47-B907-43A2-9B63-EC788E93DF3D}.Release|x86.ActiveCfg = Release|Any CPU
		{0C300D47-B907-43A2-9B63-EC788E93DF3D}.Release|x86.Build.0 = Release|Any CPU
		{BE47A641-C28E-43BA-AF02-975B8E2C10CF}.Debug|Any CPU.ActiveCfg = Debug|Any CPU
		{BE47A641-C28E-43BA-AF02-975B8E2C10CF}.Debug|Any CPU.Build.0 = Debug|Any CPU
		{BE47A641-C28E-43BA-AF02-975B8E2C10CF}.Debug|x64.ActiveCfg = Debug|Any CPU
		{BE47A641-C28E-43BA-AF02-975B8E2C10CF}.Debug|x64.Build.0 = Debug|Any CPU
		{BE47A641-C28E-43BA-AF02-975B8E2C10CF}.Debug|x86.ActiveCfg = Debug|Any CPU
		{BE47A641-C28E-43BA-AF02-975B8E2C10CF}.Debug|x86.Build.0 = Debug|Any CPU
		{BE47A641-C28E-43BA-AF02-975B8E2C10CF}.Release|Any CPU.ActiveCfg = Release|Any CPU
		{BE47A641-C28E-43BA-AF02-975B8E2C10CF}.Release|Any CPU.Build.0 = Release|Any CPU
		{BE47A641-C28E-43BA-AF02-975B8E2C10CF}.Release|x64.ActiveCfg = Release|Any CPU
		{BE47A641-C28E-43BA-AF02-975B8E2C10CF}.Release|x64.Build.0 = Release|Any CPU
		{BE47A641-C28E-43BA-AF02-975B8E2C10CF}.Release|x86.ActiveCfg = Release|Any CPU
		{BE47A641-C28E-43BA-AF02-975B8E2C10CF}.Release|x86.Build.0 = Release|Any CPU
		{A0471563-D761-43DE-A293-19527595DBB4}.Debug|Any CPU.ActiveCfg = Debug|Any CPU
		{A0471563-D761-43DE-A293-19527595DBB4}.Debug|Any CPU.Build.0 = Debug|Any CPU
		{A0471563-D761-43DE-A293-19527595DBB4}.Debug|x64.ActiveCfg = Debug|Any CPU
		{A0471563-D761-43DE-A293-19527595DBB4}.Debug|x64.Build.0 = Debug|Any CPU
		{A0471563-D761-43DE-A293-19527595DBB4}.Debug|x86.ActiveCfg = Debug|Any CPU
		{A0471563-D761-43DE-A293-19527595DBB4}.Debug|x86.Build.0 = Debug|Any CPU
		{A0471563-D761-43DE-A293-19527595DBB4}.Release|Any CPU.ActiveCfg = Release|Any CPU
		{A0471563-D761-43DE-A293-19527595DBB4}.Release|Any CPU.Build.0 = Release|Any CPU
		{A0471563-D761-43DE-A293-19527595DBB4}.Release|x64.ActiveCfg = Release|Any CPU
		{A0471563-D761-43DE-A293-19527595DBB4}.Release|x64.Build.0 = Release|Any CPU
		{A0471563-D761-43DE-A293-19527595DBB4}.Release|x86.ActiveCfg = Release|Any CPU
		{A0471563-D761-43DE-A293-19527595DBB4}.Release|x86.Build.0 = Release|Any CPU
		{A834AB3D-2EFF-48BA-8FF1-9E006CDE80CA}.Debug|Any CPU.ActiveCfg = Debug|Any CPU
		{A834AB3D-2EFF-48BA-8FF1-9E006CDE80CA}.Debug|Any CPU.Build.0 = Debug|Any CPU
		{A834AB3D-2EFF-48BA-8FF1-9E006CDE80CA}.Debug|x64.ActiveCfg = Debug|Any CPU
		{A834AB3D-2EFF-48BA-8FF1-9E006CDE80CA}.Debug|x64.Build.0 = Debug|Any CPU
		{A834AB3D-2EFF-48BA-8FF1-9E006CDE80CA}.Debug|x86.ActiveCfg = Debug|Any CPU
		{A834AB3D-2EFF-48BA-8FF1-9E006CDE80CA}.Debug|x86.Build.0 = Debug|Any CPU
		{A834AB3D-2EFF-48BA-8FF1-9E006CDE80CA}.Release|Any CPU.ActiveCfg = Release|Any CPU
		{A834AB3D-2EFF-48BA-8FF1-9E006CDE80CA}.Release|Any CPU.Build.0 = Release|Any CPU
		{A834AB3D-2EFF-48BA-8FF1-9E006CDE80CA}.Release|x64.ActiveCfg = Release|Any CPU
		{A834AB3D-2EFF-48BA-8FF1-9E006CDE80CA}.Release|x64.Build.0 = Release|Any CPU
		{A834AB3D-2EFF-48BA-8FF1-9E006CDE80CA}.Release|x86.ActiveCfg = Release|Any CPU
		{A834AB3D-2EFF-48BA-8FF1-9E006CDE80CA}.Release|x86.Build.0 = Release|Any CPU
		{A11D0924-D58E-4386-9CDE-84FEE7DCE8D3}.Debug|Any CPU.ActiveCfg = Debug|Any CPU
		{A11D0924-D58E-4386-9CDE-84FEE7DCE8D3}.Debug|Any CPU.Build.0 = Debug|Any CPU
		{A11D0924-D58E-4386-9CDE-84FEE7DCE8D3}.Debug|x64.ActiveCfg = Debug|Any CPU
		{A11D0924-D58E-4386-9CDE-84FEE7DCE8D3}.Debug|x64.Build.0 = Debug|Any CPU
		{A11D0924-D58E-4386-9CDE-84FEE7DCE8D3}.Debug|x86.ActiveCfg = Debug|Any CPU
		{A11D0924-D58E-4386-9CDE-84FEE7DCE8D3}.Debug|x86.Build.0 = Debug|Any CPU
		{A11D0924-D58E-4386-9CDE-84FEE7DCE8D3}.Release|Any CPU.ActiveCfg = Release|Any CPU
		{A11D0924-D58E-4386-9CDE-84FEE7DCE8D3}.Release|Any CPU.Build.0 = Release|Any CPU
		{A11D0924-D58E-4386-9CDE-84FEE7DCE8D3}.Release|x64.ActiveCfg = Release|Any CPU
		{A11D0924-D58E-4386-9CDE-84FEE7DCE8D3}.Release|x64.Build.0 = Release|Any CPU
		{A11D0924-D58E-4386-9CDE-84FEE7DCE8D3}.Release|x86.ActiveCfg = Release|Any CPU
		{A11D0924-D58E-4386-9CDE-84FEE7DCE8D3}.Release|x86.Build.0 = Release|Any CPU
		{9EA3DF55-86C4-460D-95F5-649677321831}.Debug|Any CPU.ActiveCfg = Debug|Any CPU
		{9EA3DF55-86C4-460D-95F5-649677321831}.Debug|Any CPU.Build.0 = Debug|Any CPU
		{9EA3DF55-86C4-460D-95F5-649677321831}.Debug|x64.ActiveCfg = Debug|Any CPU
		{9EA3DF55-86C4-460D-95F5-649677321831}.Debug|x64.Build.0 = Debug|Any CPU
		{9EA3DF55-86C4-460D-95F5-649677321831}.Debug|x86.ActiveCfg = Debug|Any CPU
		{9EA3DF55-86C4-460D-95F5-649677321831}.Debug|x86.Build.0 = Debug|Any CPU
		{9EA3DF55-86C4-460D-95F5-649677321831}.Release|Any CPU.ActiveCfg = Release|Any CPU
		{9EA3DF55-86C4-460D-95F5-649677321831}.Release|Any CPU.Build.0 = Release|Any CPU
		{9EA3DF55-86C4-460D-95F5-649677321831}.Release|x64.ActiveCfg = Release|Any CPU
		{9EA3DF55-86C4-460D-95F5-649677321831}.Release|x64.Build.0 = Release|Any CPU
		{9EA3DF55-86C4-460D-95F5-649677321831}.Release|x86.ActiveCfg = Release|Any CPU
		{9EA3DF55-86C4-460D-95F5-649677321831}.Release|x86.Build.0 = Release|Any CPU
		{FEFE98A4-A995-40FA-A005-5A41F587F418}.Debug|Any CPU.ActiveCfg = Debug|Any CPU
		{FEFE98A4-A995-40FA-A005-5A41F587F418}.Debug|Any CPU.Build.0 = Debug|Any CPU
		{FEFE98A4-A995-40FA-A005-5A41F587F418}.Debug|x64.ActiveCfg = Debug|Any CPU
		{FEFE98A4-A995-40FA-A005-5A41F587F418}.Debug|x64.Build.0 = Debug|Any CPU
		{FEFE98A4-A995-40FA-A005-5A41F587F418}.Debug|x86.ActiveCfg = Debug|Any CPU
		{FEFE98A4-A995-40FA-A005-5A41F587F418}.Debug|x86.Build.0 = Debug|Any CPU
		{FEFE98A4-A995-40FA-A005-5A41F587F418}.Release|Any CPU.ActiveCfg = Release|Any CPU
		{FEFE98A4-A995-40FA-A005-5A41F587F418}.Release|Any CPU.Build.0 = Release|Any CPU
		{FEFE98A4-A995-40FA-A005-5A41F587F418}.Release|x64.ActiveCfg = Release|Any CPU
		{FEFE98A4-A995-40FA-A005-5A41F587F418}.Release|x64.Build.0 = Release|Any CPU
		{FEFE98A4-A995-40FA-A005-5A41F587F418}.Release|x86.ActiveCfg = Release|Any CPU
		{FEFE98A4-A995-40FA-A005-5A41F587F418}.Release|x86.Build.0 = Release|Any CPU
		{BB2AB16E-110D-4A80-8D42-5C12B6FE4075}.Debug|Any CPU.ActiveCfg = Debug|Any CPU
		{BB2AB16E-110D-4A80-8D42-5C12B6FE4075}.Debug|Any CPU.Build.0 = Debug|Any CPU
		{BB2AB16E-110D-4A80-8D42-5C12B6FE4075}.Debug|x64.ActiveCfg = Debug|Any CPU
		{BB2AB16E-110D-4A80-8D42-5C12B6FE4075}.Debug|x64.Build.0 = Debug|Any CPU
		{BB2AB16E-110D-4A80-8D42-5C12B6FE4075}.Debug|x86.ActiveCfg = Debug|Any CPU
		{BB2AB16E-110D-4A80-8D42-5C12B6FE4075}.Debug|x86.Build.0 = Debug|Any CPU
		{BB2AB16E-110D-4A80-8D42-5C12B6FE4075}.Release|Any CPU.ActiveCfg = Release|Any CPU
		{BB2AB16E-110D-4A80-8D42-5C12B6FE4075}.Release|Any CPU.Build.0 = Release|Any CPU
		{BB2AB16E-110D-4A80-8D42-5C12B6FE4075}.Release|x64.ActiveCfg = Release|Any CPU
		{BB2AB16E-110D-4A80-8D42-5C12B6FE4075}.Release|x64.Build.0 = Release|Any CPU
		{BB2AB16E-110D-4A80-8D42-5C12B6FE4075}.Release|x86.ActiveCfg = Release|Any CPU
		{BB2AB16E-110D-4A80-8D42-5C12B6FE4075}.Release|x86.Build.0 = Release|Any CPU
		{D5B0B250-0430-4E60-9DEF-89FEB3ADF4F3}.Debug|Any CPU.ActiveCfg = Debug|Any CPU
		{D5B0B250-0430-4E60-9DEF-89FEB3ADF4F3}.Debug|Any CPU.Build.0 = Debug|Any CPU
		{D5B0B250-0430-4E60-9DEF-89FEB3ADF4F3}.Debug|x64.ActiveCfg = Debug|Any CPU
		{D5B0B250-0430-4E60-9DEF-89FEB3ADF4F3}.Debug|x64.Build.0 = Debug|Any CPU
		{D5B0B250-0430-4E60-9DEF-89FEB3ADF4F3}.Debug|x86.ActiveCfg = Debug|Any CPU
		{D5B0B250-0430-4E60-9DEF-89FEB3ADF4F3}.Debug|x86.Build.0 = Debug|Any CPU
		{D5B0B250-0430-4E60-9DEF-89FEB3ADF4F3}.Release|Any CPU.ActiveCfg = Release|Any CPU
		{D5B0B250-0430-4E60-9DEF-89FEB3ADF4F3}.Release|Any CPU.Build.0 = Release|Any CPU
		{D5B0B250-0430-4E60-9DEF-89FEB3ADF4F3}.Release|x64.ActiveCfg = Release|Any CPU
		{D5B0B250-0430-4E60-9DEF-89FEB3ADF4F3}.Release|x64.Build.0 = Release|Any CPU
		{D5B0B250-0430-4E60-9DEF-89FEB3ADF4F3}.Release|x86.ActiveCfg = Release|Any CPU
		{D5B0B250-0430-4E60-9DEF-89FEB3ADF4F3}.Release|x86.Build.0 = Release|Any CPU
		{FAC65B73-35F9-407A-B084-5E8F0E209EB8}.Debug|Any CPU.ActiveCfg = Debug|Any CPU
		{FAC65B73-35F9-407A-B084-5E8F0E209EB8}.Debug|Any CPU.Build.0 = Debug|Any CPU
		{FAC65B73-35F9-407A-B084-5E8F0E209EB8}.Debug|x64.ActiveCfg = Debug|Any CPU
		{FAC65B73-35F9-407A-B084-5E8F0E209EB8}.Debug|x64.Build.0 = Debug|Any CPU
		{FAC65B73-35F9-407A-B084-5E8F0E209EB8}.Debug|x86.ActiveCfg = Debug|Any CPU
		{FAC65B73-35F9-407A-B084-5E8F0E209EB8}.Debug|x86.Build.0 = Debug|Any CPU
		{FAC65B73-35F9-407A-B084-5E8F0E209EB8}.Release|Any CPU.ActiveCfg = Release|Any CPU
		{FAC65B73-35F9-407A-B084-5E8F0E209EB8}.Release|Any CPU.Build.0 = Release|Any CPU
		{FAC65B73-35F9-407A-B084-5E8F0E209EB8}.Release|x64.ActiveCfg = Release|Any CPU
		{FAC65B73-35F9-407A-B084-5E8F0E209EB8}.Release|x64.Build.0 = Release|Any CPU
		{FAC65B73-35F9-407A-B084-5E8F0E209EB8}.Release|x86.ActiveCfg = Release|Any CPU
		{FAC65B73-35F9-407A-B084-5E8F0E209EB8}.Release|x86.Build.0 = Release|Any CPU
		{367B9ADE-5DC5-4E78-AA06-B5531D72200E}.Debug|Any CPU.ActiveCfg = Debug|Any CPU
		{367B9ADE-5DC5-4E78-AA06-B5531D72200E}.Debug|Any CPU.Build.0 = Debug|Any CPU
		{367B9ADE-5DC5-4E78-AA06-B5531D72200E}.Debug|x64.ActiveCfg = Debug|Any CPU
		{367B9ADE-5DC5-4E78-AA06-B5531D72200E}.Debug|x64.Build.0 = Debug|Any CPU
		{367B9ADE-5DC5-4E78-AA06-B5531D72200E}.Debug|x86.ActiveCfg = Debug|Any CPU
		{367B9ADE-5DC5-4E78-AA06-B5531D72200E}.Debug|x86.Build.0 = Debug|Any CPU
		{367B9ADE-5DC5-4E78-AA06-B5531D72200E}.Release|Any CPU.ActiveCfg = Release|Any CPU
		{367B9ADE-5DC5-4E78-AA06-B5531D72200E}.Release|Any CPU.Build.0 = Release|Any CPU
		{367B9ADE-5DC5-4E78-AA06-B5531D72200E}.Release|x64.ActiveCfg = Release|Any CPU
		{367B9ADE-5DC5-4E78-AA06-B5531D72200E}.Release|x64.Build.0 = Release|Any CPU
		{367B9ADE-5DC5-4E78-AA06-B5531D72200E}.Release|x86.ActiveCfg = Release|Any CPU
		{367B9ADE-5DC5-4E78-AA06-B5531D72200E}.Release|x86.Build.0 = Release|Any CPU
		{4F9D2E73-32E2-49E2-B052-42ADBBFA3198}.Debug|Any CPU.ActiveCfg = Debug|Any CPU
		{4F9D2E73-32E2-49E2-B052-42ADBBFA3198}.Debug|Any CPU.Build.0 = Debug|Any CPU
		{4F9D2E73-32E2-49E2-B052-42ADBBFA3198}.Debug|x64.ActiveCfg = Debug|Any CPU
		{4F9D2E73-32E2-49E2-B052-42ADBBFA3198}.Debug|x64.Build.0 = Debug|Any CPU
		{4F9D2E73-32E2-49E2-B052-42ADBBFA3198}.Debug|x86.ActiveCfg = Debug|Any CPU
		{4F9D2E73-32E2-49E2-B052-42ADBBFA3198}.Debug|x86.Build.0 = Debug|Any CPU
		{4F9D2E73-32E2-49E2-B052-42ADBBFA3198}.Release|Any CPU.ActiveCfg = Release|Any CPU
		{4F9D2E73-32E2-49E2-B052-42ADBBFA3198}.Release|Any CPU.Build.0 = Release|Any CPU
		{4F9D2E73-32E2-49E2-B052-42ADBBFA3198}.Release|x64.ActiveCfg = Release|Any CPU
		{4F9D2E73-32E2-49E2-B052-42ADBBFA3198}.Release|x64.Build.0 = Release|Any CPU
		{4F9D2E73-32E2-49E2-B052-42ADBBFA3198}.Release|x86.ActiveCfg = Release|Any CPU
		{4F9D2E73-32E2-49E2-B052-42ADBBFA3198}.Release|x86.Build.0 = Release|Any CPU
		{1F01B073-7978-439F-95BD-55024FC3DDFE}.Debug|Any CPU.ActiveCfg = Debug|Any CPU
		{1F01B073-7978-439F-95BD-55024FC3DDFE}.Debug|Any CPU.Build.0 = Debug|Any CPU
		{1F01B073-7978-439F-95BD-55024FC3DDFE}.Debug|x64.ActiveCfg = Debug|Any CPU
		{1F01B073-7978-439F-95BD-55024FC3DDFE}.Debug|x64.Build.0 = Debug|Any CPU
		{1F01B073-7978-439F-95BD-55024FC3DDFE}.Debug|x86.ActiveCfg = Debug|Any CPU
		{1F01B073-7978-439F-95BD-55024FC3DDFE}.Debug|x86.Build.0 = Debug|Any CPU
		{1F01B073-7978-439F-95BD-55024FC3DDFE}.Release|Any CPU.ActiveCfg = Release|Any CPU
		{1F01B073-7978-439F-95BD-55024FC3DDFE}.Release|Any CPU.Build.0 = Release|Any CPU
		{1F01B073-7978-439F-95BD-55024FC3DDFE}.Release|x64.ActiveCfg = Release|Any CPU
		{1F01B073-7978-439F-95BD-55024FC3DDFE}.Release|x64.Build.0 = Release|Any CPU
		{1F01B073-7978-439F-95BD-55024FC3DDFE}.Release|x86.ActiveCfg = Release|Any CPU
		{1F01B073-7978-439F-95BD-55024FC3DDFE}.Release|x86.Build.0 = Release|Any CPU
		{CA6DA598-0C70-4511-9660-CE4DD7268946}.Debug|Any CPU.ActiveCfg = Debug|Any CPU
		{CA6DA598-0C70-4511-9660-CE4DD7268946}.Debug|Any CPU.Build.0 = Debug|Any CPU
		{CA6DA598-0C70-4511-9660-CE4DD7268946}.Debug|x64.ActiveCfg = Debug|Any CPU
		{CA6DA598-0C70-4511-9660-CE4DD7268946}.Debug|x64.Build.0 = Debug|Any CPU
		{CA6DA598-0C70-4511-9660-CE4DD7268946}.Debug|x86.ActiveCfg = Debug|Any CPU
		{CA6DA598-0C70-4511-9660-CE4DD7268946}.Debug|x86.Build.0 = Debug|Any CPU
		{CA6DA598-0C70-4511-9660-CE4DD7268946}.Release|Any CPU.ActiveCfg = Release|Any CPU
		{CA6DA598-0C70-4511-9660-CE4DD7268946}.Release|Any CPU.Build.0 = Release|Any CPU
		{CA6DA598-0C70-4511-9660-CE4DD7268946}.Release|x64.ActiveCfg = Release|Any CPU
		{CA6DA598-0C70-4511-9660-CE4DD7268946}.Release|x64.Build.0 = Release|Any CPU
		{CA6DA598-0C70-4511-9660-CE4DD7268946}.Release|x86.ActiveCfg = Release|Any CPU
		{CA6DA598-0C70-4511-9660-CE4DD7268946}.Release|x86.Build.0 = Release|Any CPU
		{B9B1CA14-CABD-4748-AAC3-BFCECDA05B16}.Debug|Any CPU.ActiveCfg = Debug|Any CPU
		{B9B1CA14-CABD-4748-AAC3-BFCECDA05B16}.Debug|Any CPU.Build.0 = Debug|Any CPU
		{B9B1CA14-CABD-4748-AAC3-BFCECDA05B16}.Debug|x64.ActiveCfg = Debug|Any CPU
		{B9B1CA14-CABD-4748-AAC3-BFCECDA05B16}.Debug|x64.Build.0 = Debug|Any CPU
		{B9B1CA14-CABD-4748-AAC3-BFCECDA05B16}.Debug|x86.ActiveCfg = Debug|Any CPU
		{B9B1CA14-CABD-4748-AAC3-BFCECDA05B16}.Debug|x86.Build.0 = Debug|Any CPU
		{B9B1CA14-CABD-4748-AAC3-BFCECDA05B16}.Release|Any CPU.ActiveCfg = Release|Any CPU
		{B9B1CA14-CABD-4748-AAC3-BFCECDA05B16}.Release|Any CPU.Build.0 = Release|Any CPU
		{B9B1CA14-CABD-4748-AAC3-BFCECDA05B16}.Release|x64.ActiveCfg = Release|Any CPU
		{B9B1CA14-CABD-4748-AAC3-BFCECDA05B16}.Release|x64.Build.0 = Release|Any CPU
		{B9B1CA14-CABD-4748-AAC3-BFCECDA05B16}.Release|x86.ActiveCfg = Release|Any CPU
		{B9B1CA14-CABD-4748-AAC3-BFCECDA05B16}.Release|x86.Build.0 = Release|Any CPU
		{6A05658C-220C-4F1C-A280-BEE18CEA6B4E}.Debug|Any CPU.ActiveCfg = Debug|Any CPU
		{6A05658C-220C-4F1C-A280-BEE18CEA6B4E}.Debug|Any CPU.Build.0 = Debug|Any CPU
		{6A05658C-220C-4F1C-A280-BEE18CEA6B4E}.Debug|x64.ActiveCfg = Debug|Any CPU
		{6A05658C-220C-4F1C-A280-BEE18CEA6B4E}.Debug|x64.Build.0 = Debug|Any CPU
		{6A05658C-220C-4F1C-A280-BEE18CEA6B4E}.Debug|x86.ActiveCfg = Debug|Any CPU
		{6A05658C-220C-4F1C-A280-BEE18CEA6B4E}.Debug|x86.Build.0 = Debug|Any CPU
		{6A05658C-220C-4F1C-A280-BEE18CEA6B4E}.Release|Any CPU.ActiveCfg = Release|Any CPU
		{6A05658C-220C-4F1C-A280-BEE18CEA6B4E}.Release|Any CPU.Build.0 = Release|Any CPU
		{6A05658C-220C-4F1C-A280-BEE18CEA6B4E}.Release|x64.ActiveCfg = Release|Any CPU
		{6A05658C-220C-4F1C-A280-BEE18CEA6B4E}.Release|x64.Build.0 = Release|Any CPU
		{6A05658C-220C-4F1C-A280-BEE18CEA6B4E}.Release|x86.ActiveCfg = Release|Any CPU
		{6A05658C-220C-4F1C-A280-BEE18CEA6B4E}.Release|x86.Build.0 = Release|Any CPU
		{E8F0A5BC-95E3-4EA6-A359-81AFBA884CF9}.Debug|Any CPU.ActiveCfg = Debug|Any CPU
		{E8F0A5BC-95E3-4EA6-A359-81AFBA884CF9}.Debug|Any CPU.Build.0 = Debug|Any CPU
		{E8F0A5BC-95E3-4EA6-A359-81AFBA884CF9}.Debug|x64.ActiveCfg = Debug|Any CPU
		{E8F0A5BC-95E3-4EA6-A359-81AFBA884CF9}.Debug|x64.Build.0 = Debug|Any CPU
		{E8F0A5BC-95E3-4EA6-A359-81AFBA884CF9}.Debug|x86.ActiveCfg = Debug|Any CPU
		{E8F0A5BC-95E3-4EA6-A359-81AFBA884CF9}.Debug|x86.Build.0 = Debug|Any CPU
		{E8F0A5BC-95E3-4EA6-A359-81AFBA884CF9}.Release|Any CPU.ActiveCfg = Release|Any CPU
		{E8F0A5BC-95E3-4EA6-A359-81AFBA884CF9}.Release|Any CPU.Build.0 = Release|Any CPU
		{E8F0A5BC-95E3-4EA6-A359-81AFBA884CF9}.Release|x64.ActiveCfg = Release|Any CPU
		{E8F0A5BC-95E3-4EA6-A359-81AFBA884CF9}.Release|x64.Build.0 = Release|Any CPU
		{E8F0A5BC-95E3-4EA6-A359-81AFBA884CF9}.Release|x86.ActiveCfg = Release|Any CPU
		{E8F0A5BC-95E3-4EA6-A359-81AFBA884CF9}.Release|x86.Build.0 = Release|Any CPU
		{16D589FB-CA32-4387-8E63-DAC6826F85FF}.Debug|Any CPU.ActiveCfg = Debug|Any CPU
		{16D589FB-CA32-4387-8E63-DAC6826F85FF}.Debug|Any CPU.Build.0 = Debug|Any CPU
		{16D589FB-CA32-4387-8E63-DAC6826F85FF}.Debug|x64.ActiveCfg = Debug|Any CPU
		{16D589FB-CA32-4387-8E63-DAC6826F85FF}.Debug|x64.Build.0 = Debug|Any CPU
		{16D589FB-CA32-4387-8E63-DAC6826F85FF}.Debug|x86.ActiveCfg = Debug|Any CPU
		{16D589FB-CA32-4387-8E63-DAC6826F85FF}.Debug|x86.Build.0 = Debug|Any CPU
		{16D589FB-CA32-4387-8E63-DAC6826F85FF}.Release|Any CPU.ActiveCfg = Release|Any CPU
		{16D589FB-CA32-4387-8E63-DAC6826F85FF}.Release|Any CPU.Build.0 = Release|Any CPU
		{16D589FB-CA32-4387-8E63-DAC6826F85FF}.Release|x64.ActiveCfg = Release|Any CPU
		{16D589FB-CA32-4387-8E63-DAC6826F85FF}.Release|x64.Build.0 = Release|Any CPU
		{16D589FB-CA32-4387-8E63-DAC6826F85FF}.Release|x86.ActiveCfg = Release|Any CPU
		{16D589FB-CA32-4387-8E63-DAC6826F85FF}.Release|x86.Build.0 = Release|Any CPU
		{4394FCC2-8159-4E9C-80DB-3702A115F10E}.Debug|Any CPU.ActiveCfg = Debug|Any CPU
		{4394FCC2-8159-4E9C-80DB-3702A115F10E}.Debug|Any CPU.Build.0 = Debug|Any CPU
		{4394FCC2-8159-4E9C-80DB-3702A115F10E}.Debug|x64.ActiveCfg = Debug|Any CPU
		{4394FCC2-8159-4E9C-80DB-3702A115F10E}.Debug|x64.Build.0 = Debug|Any CPU
		{4394FCC2-8159-4E9C-80DB-3702A115F10E}.Debug|x86.ActiveCfg = Debug|Any CPU
		{4394FCC2-8159-4E9C-80DB-3702A115F10E}.Debug|x86.Build.0 = Debug|Any CPU
		{4394FCC2-8159-4E9C-80DB-3702A115F10E}.Release|Any CPU.ActiveCfg = Release|Any CPU
		{4394FCC2-8159-4E9C-80DB-3702A115F10E}.Release|Any CPU.Build.0 = Release|Any CPU
		{4394FCC2-8159-4E9C-80DB-3702A115F10E}.Release|x64.ActiveCfg = Release|Any CPU
		{4394FCC2-8159-4E9C-80DB-3702A115F10E}.Release|x64.Build.0 = Release|Any CPU
		{4394FCC2-8159-4E9C-80DB-3702A115F10E}.Release|x86.ActiveCfg = Release|Any CPU
		{4394FCC2-8159-4E9C-80DB-3702A115F10E}.Release|x86.Build.0 = Release|Any CPU
		{01B32518-B438-43C8-BC6F-1E8B4B9F2EC7}.Debug|Any CPU.ActiveCfg = Debug|Any CPU
		{01B32518-B438-43C8-BC6F-1E8B4B9F2EC7}.Debug|Any CPU.Build.0 = Debug|Any CPU
		{01B32518-B438-43C8-BC6F-1E8B4B9F2EC7}.Debug|x64.ActiveCfg = Debug|Any CPU
		{01B32518-B438-43C8-BC6F-1E8B4B9F2EC7}.Debug|x64.Build.0 = Debug|Any CPU
		{01B32518-B438-43C8-BC6F-1E8B4B9F2EC7}.Debug|x86.ActiveCfg = Debug|Any CPU
		{01B32518-B438-43C8-BC6F-1E8B4B9F2EC7}.Debug|x86.Build.0 = Debug|Any CPU
		{01B32518-B438-43C8-BC6F-1E8B4B9F2EC7}.Release|Any CPU.ActiveCfg = Release|Any CPU
		{01B32518-B438-43C8-BC6F-1E8B4B9F2EC7}.Release|Any CPU.Build.0 = Release|Any CPU
		{01B32518-B438-43C8-BC6F-1E8B4B9F2EC7}.Release|x64.ActiveCfg = Release|Any CPU
		{01B32518-B438-43C8-BC6F-1E8B4B9F2EC7}.Release|x64.Build.0 = Release|Any CPU
		{01B32518-B438-43C8-BC6F-1E8B4B9F2EC7}.Release|x86.ActiveCfg = Release|Any CPU
		{01B32518-B438-43C8-BC6F-1E8B4B9F2EC7}.Release|x86.Build.0 = Release|Any CPU
		{50B61B2C-AAFD-4C24-9C3C-7CD1EEEF277F}.Debug|Any CPU.ActiveCfg = Debug|Any CPU
		{50B61B2C-AAFD-4C24-9C3C-7CD1EEEF277F}.Debug|Any CPU.Build.0 = Debug|Any CPU
		{50B61B2C-AAFD-4C24-9C3C-7CD1EEEF277F}.Debug|x64.ActiveCfg = Debug|Any CPU
		{50B61B2C-AAFD-4C24-9C3C-7CD1EEEF277F}.Debug|x64.Build.0 = Debug|Any CPU
		{50B61B2C-AAFD-4C24-9C3C-7CD1EEEF277F}.Debug|x86.ActiveCfg = Debug|Any CPU
		{50B61B2C-AAFD-4C24-9C3C-7CD1EEEF277F}.Debug|x86.Build.0 = Debug|Any CPU
		{50B61B2C-AAFD-4C24-9C3C-7CD1EEEF277F}.Release|Any CPU.ActiveCfg = Release|Any CPU
		{50B61B2C-AAFD-4C24-9C3C-7CD1EEEF277F}.Release|Any CPU.Build.0 = Release|Any CPU
		{50B61B2C-AAFD-4C24-9C3C-7CD1EEEF277F}.Release|x64.ActiveCfg = Release|Any CPU
		{50B61B2C-AAFD-4C24-9C3C-7CD1EEEF277F}.Release|x64.Build.0 = Release|Any CPU
		{50B61B2C-AAFD-4C24-9C3C-7CD1EEEF277F}.Release|x86.ActiveCfg = Release|Any CPU
		{50B61B2C-AAFD-4C24-9C3C-7CD1EEEF277F}.Release|x86.Build.0 = Release|Any CPU
	EndGlobalSection
	GlobalSection(SolutionProperties) = preSolution
		HideSolutionNode = FALSE
	EndGlobalSection
	GlobalSection(NestedProjects) = preSolution
		{A4A86E27-8290-40EB-80FE-A4F3783EF948} = {827E0CD3-B72D-47B6-A68D-7590B98EB39B}
		{E290680E-D38A-48A4-9FEE-030EF8BFE129} = {827E0CD3-B72D-47B6-A68D-7590B98EB39B}
		{2C2FC299-E410-41D5-A05D-4C65AF308B4F} = {827E0CD3-B72D-47B6-A68D-7590B98EB39B}
		{E3829541-66FD-4D7C-9DEF-BE88317343A6} = {827E0CD3-B72D-47B6-A68D-7590B98EB39B}
		{BD616EE6-061A-403E-9645-67CF25937A52} = {827E0CD3-B72D-47B6-A68D-7590B98EB39B}
		{C3162A94-B20F-4FBE-A339-7A14A24BA69D} = {827E0CD3-B72D-47B6-A68D-7590B98EB39B}
		{8DA23875-0A8A-4BCE-B964-306F1425C224} = {827E0CD3-B72D-47B6-A68D-7590B98EB39B}
		{2F9379D0-EEB5-4341-A44F-470714C9D398} = {827E0CD3-B72D-47B6-A68D-7590B98EB39B}
		{24EF0F09-A229-497C-871D-33EC73D1F58A} = {827E0CD3-B72D-47B6-A68D-7590B98EB39B}
		{78FBE44D-3E22-4566-92A0-C8CE44BA2FCE} = {827E0CD3-B72D-47B6-A68D-7590B98EB39B}
		{E38280BE-2258-4AF9-A409-1076631A3A12} = {827E0CD3-B72D-47B6-A68D-7590B98EB39B}
		{D3BEAD20-66C9-4211-A351-CABE22824819} = {827E0CD3-B72D-47B6-A68D-7590B98EB39B}
		{9A2A03C7-D190-442C-9C3C-6CA2BE809F6C} = {827E0CD3-B72D-47B6-A68D-7590B98EB39B}
		{5C1A65D5-16FE-45AD-82FA-7864246C8AF2} = {827E0CD3-B72D-47B6-A68D-7590B98EB39B}
		{FAA66D1E-DE49-4CCD-A73A-CD98EFA86824} = {827E0CD3-B72D-47B6-A68D-7590B98EB39B}
		{A2DD91CB-7658-4E61-8B8B-56A6A43660B8} = {827E0CD3-B72D-47B6-A68D-7590B98EB39B}
		{2640F908-C738-46AF-9047-849CD3A021E8} = {827E0CD3-B72D-47B6-A68D-7590B98EB39B}
		{B8EE50AB-6FF9-4A3B-9A1B-08884F88570F} = {827E0CD3-B72D-47B6-A68D-7590B98EB39B}
		{29980DB6-BADE-4FF2-B650-6156B7C541D0} = {827E0CD3-B72D-47B6-A68D-7590B98EB39B}
		{8A368C81-2EAE-42E6-A09A-FFF297A9A3FB} = {827E0CD3-B72D-47B6-A68D-7590B98EB39B}
		{E1C5305C-A929-4946-AC38-6549D4FC8FDC} = {827E0CD3-B72D-47B6-A68D-7590B98EB39B}
		{E97E4012-C900-457E-9424-69E2DFAE6A80} = {827E0CD3-B72D-47B6-A68D-7590B98EB39B}
		{E6605290-1FC7-492B-9FF0-F9C202C61980} = {827E0CD3-B72D-47B6-A68D-7590B98EB39B}
		{C7A20E4B-597D-478A-AA8E-483A692F09B3} = {827E0CD3-B72D-47B6-A68D-7590B98EB39B}
		{1235BFCE-3B8C-4FF2-8A7A-783B9A3EDA8D} = {827E0CD3-B72D-47B6-A68D-7590B98EB39B}
		{F6024351-5FBD-4528-B6E1-ECF3B8C0C6FE} = {827E0CD3-B72D-47B6-A68D-7590B98EB39B}
		{E166BE3B-660D-4A2D-9D62-D1F53190DE14} = {827E0CD3-B72D-47B6-A68D-7590B98EB39B}
		{4D1E60AD-9375-4B57-B916-21050CF823D5} = {827E0CD3-B72D-47B6-A68D-7590B98EB39B}
		{E8C2B7BE-88C7-40D4-8134-AE93A276BB0E} = {827E0CD3-B72D-47B6-A68D-7590B98EB39B}
		{92280CD2-14A3-4614-9B01-658C3E986154} = {827E0CD3-B72D-47B6-A68D-7590B98EB39B}
		{E9933E60-CECE-44BA-9990-A5FFC5A0A927} = {827E0CD3-B72D-47B6-A68D-7590B98EB39B}
		{0C300D47-B907-43A2-9B63-EC788E93DF3D} = {827E0CD3-B72D-47B6-A68D-7590B98EB39B}
		{BE47A641-C28E-43BA-AF02-975B8E2C10CF} = {827E0CD3-B72D-47B6-A68D-7590B98EB39B}
		{A0471563-D761-43DE-A293-19527595DBB4} = {827E0CD3-B72D-47B6-A68D-7590B98EB39B}
		{A834AB3D-2EFF-48BA-8FF1-9E006CDE80CA} = {827E0CD3-B72D-47B6-A68D-7590B98EB39B}
		{A11D0924-D58E-4386-9CDE-84FEE7DCE8D3} = {827E0CD3-B72D-47B6-A68D-7590B98EB39B}
		{9EA3DF55-86C4-460D-95F5-649677321831} = {827E0CD3-B72D-47B6-A68D-7590B98EB39B}
		{FEFE98A4-A995-40FA-A005-5A41F587F418} = {827E0CD3-B72D-47B6-A68D-7590B98EB39B}
		{BB2AB16E-110D-4A80-8D42-5C12B6FE4075} = {827E0CD3-B72D-47B6-A68D-7590B98EB39B}
		{D5B0B250-0430-4E60-9DEF-89FEB3ADF4F3} = {827E0CD3-B72D-47B6-A68D-7590B98EB39B}
		{FAC65B73-35F9-407A-B084-5E8F0E209EB8} = {827E0CD3-B72D-47B6-A68D-7590B98EB39B}
		{367B9ADE-5DC5-4E78-AA06-B5531D72200E} = {827E0CD3-B72D-47B6-A68D-7590B98EB39B}
		{4F9D2E73-32E2-49E2-B052-42ADBBFA3198} = {827E0CD3-B72D-47B6-A68D-7590B98EB39B}
		{1F01B073-7978-439F-95BD-55024FC3DDFE} = {827E0CD3-B72D-47B6-A68D-7590B98EB39B}
		{9D556B49-86D1-93A7-9596-FFAAB74EC556} = {0AB3BF05-4346-4AA6-1389-037BE0695223}
		{CA6DA598-0C70-4511-9660-CE4DD7268946} = {9D556B49-86D1-93A7-9596-FFAAB74EC556}
		{B9B1CA14-CABD-4748-AAC3-BFCECDA05B16} = {9D556B49-86D1-93A7-9596-FFAAB74EC556}
		{6A05658C-220C-4F1C-A280-BEE18CEA6B4E} = {9D556B49-86D1-93A7-9596-FFAAB74EC556}
		{E8F0A5BC-95E3-4EA6-A359-81AFBA884CF9} = {9D556B49-86D1-93A7-9596-FFAAB74EC556}
		{16D589FB-CA32-4387-8E63-DAC6826F85FF} = {9D556B49-86D1-93A7-9596-FFAAB74EC556}
		{D0D6B8B0-AC35-B3FA-0B96-A9B0E4A3253E} = {0AB3BF05-4346-4AA6-1389-037BE0695223}
		{4394FCC2-8159-4E9C-80DB-3702A115F10E} = {D0D6B8B0-AC35-B3FA-0B96-A9B0E4A3253E}
		{01B32518-B438-43C8-BC6F-1E8B4B9F2EC7} = {0AB3BF05-4346-4AA6-1389-037BE0695223}
		{50B61B2C-AAFD-4C24-9C3C-7CD1EEEF277F} = {0AB3BF05-4346-4AA6-1389-037BE0695223}
	EndGlobalSection
EndGlobal
