
Microsoft Visual Studio Solution File, Format Version 12.00
# Visual Studio Version 17
VisualStudioVersion = 17.1.32210.238
MinimumVisualStudioVersion = 10.0.40219.1
Project("{2150E333-8FDC-42A3-9474-1A3956D46DE8}") = "SRCLib", "SRCLib", "{7FCA39FE-2C02-4DCC-9BBE-7A53718683F9}"
EndProject
Project("{9A19103F-16F7-4668-BE54-9A1E7A4F7556}") = "AI.DataPrepaire", "src\AI.DataPrepaire\AI.DataPrepaire.csproj", "{1374BA17-A844-46F2-8D4D-95A1E0261D5E}"
EndProject
Project("{9A19103F-16F7-4668-BE54-9A1E7A4F7556}") = "AI.ONNX", "src\AI.ONNX\AI.ONNX.csproj", "{7E52FA14-7F3A-4D10-A817-27C1E26A3AB0}"
EndProject
Project("{FAE04EC0-301F-11D3-BF4B-00C04F79EFBC}") = "AI.ComputerVision", "src\AI.ComputerVision\AI.ComputerVision.csproj", "{81A4C9E0-7F2B-4D1A-9C3E-6B5A8D4E2F10}"
EndProject
Project("{FAE04EC0-301F-11D3-BF4B-00C04F79EFBC}") = "AI.Charts", "src\AI.Charts\AI.Charts.csproj", "{2ED3435F-F827-41E2-82B4-ED781A16B156}"
EndProject
Project("{FAE04EC0-301F-11D3-BF4B-00C04F79EFBC}") = "AI.Faiss", "src\AI.Faiss\AI.Faiss.csproj", "{F9272CA3-590B-417D-B202-E6D90199207D}"
EndProject
Project("{FAE04EC0-301F-11D3-BF4B-00C04F79EFBC}") = "AI.ClassicMath", "src\AI.ClassicMath\AI.ClassicMath.csproj", "{B60531FD-0D09-57CB-B9D8-3965C1AEE25F}"
EndProject
Project("{FAE04EC0-301F-11D3-BF4B-00C04F79EFBC}") = "AI.DSP", "src\AI.DSP\AI.DSP.csproj", "{CBEB9406-26C5-84A5-2D8C-E322EBE5CF84}"
EndProject
Project("{FAE04EC0-301F-11D3-BF4B-00C04F79EFBC}") = "AI", "src\AI\AI.csproj", "{D4742961-A6E4-08AD-E6E4-668C1ABCAA1C}"
EndProject
Project("{2150E333-8FDC-42A3-9474-1A3956D46DE8}") = "src", "src", "{827E0CD3-B72D-47B6-A68D-7590B98EB39B}"
EndProject
Project("{FAE04EC0-301F-11D3-BF4B-00C04F79EFBC}") = "AI.Algorithms", "src\AI.Algorithms\AI.Algorithms.csproj", "{4D2EF036-EFA4-45CB-A6E4-1B966D2513F1}"
EndProject
Project("{FAE04EC0-301F-11D3-BF4B-00C04F79EFBC}") = "AI.Logic", "src\AI.Logic\AI.Logic.csproj", "{F6E3FF24-CE0E-40F5-B756-3AE7FCE16BFA}"
EndProject
Project("{FAE04EC0-301F-11D3-BF4B-00C04F79EFBC}") = "AI.ExplainitALL", "src\AI.ExplainitALL\AI.ExplainitALL.csproj", "{92417800-3D82-4AC8-8168-373ACC007A17}"
EndProject
Project("{2150E333-8FDC-42A3-9474-1A3956D46DE8}") = "tests", "tests", "{0AB3BF05-4346-4AA6-1389-037BE0695223}"
EndProject
Project("{2150E333-8FDC-42A3-9474-1A3956D46DE8}") = "unit", "unit", "{9D556B49-86D1-93A7-9596-FFAAB74EC556}"
EndProject
Project("{FAE04EC0-301F-11D3-BF4B-00C04F79EFBC}") = "AIFramework.UnitTests", "Tests\unit\AIFramework.UnitTests\AIFramework.UnitTests.csproj", "{356CBC6A-7362-49A1-A76F-0BAD1CF8C75F}"
EndProject
Project("{2150E333-8FDC-42A3-9474-1A3956D46DE8}") = "shared", "shared", "{D0D6B8B0-AC35-B3FA-0B96-A9B0E4A3253E}"
EndProject
Project("{FAE04EC0-301F-11D3-BF4B-00C04F79EFBC}") = "AIFramework.TestHelpers", "Tests\shared\AIFramework.TestHelpers\AIFramework.TestHelpers.csproj", "{41CF2FFD-D5D6-409F-8450-786E71135433}"
EndProject
Project("{FAE04EC0-301F-11D3-BF4B-00C04F79EFBC}") = "AI.ML", "src\AI.ML\AI.ML.csproj", "{215AFB2B-7D5B-4CE1-94FE-00BEB53239C2}"
EndProject
Project("{FAE04EC0-301F-11D3-BF4B-00C04F79EFBC}") = "AI.Fuzzy", "src\AI.Fuzzy\AI.Fuzzy.csproj", "{187CAC02-09D3-44B6-A68C-ED1F9B331935}"
EndProject
Project("{FAE04EC0-301F-11D3-BF4B-00C04F79EFBC}") = "FuzzyInferenceConsole", "Tests\Logic\FuzzyInferenceConsole\FuzzyInferenceConsole.csproj", "{E1DEDEA1-BD10-48F7-99A7-1A92601D537E}"
EndProject
Project("{FAE04EC0-301F-11D3-BF4B-00C04F79EFBC}") = "AI.NLP", "src\AI.NLP\AI.NLP.csproj", "{F9928074-A177-4A39-B032-F85A6388D6FF}"
EndProject
Project("{2150E333-8FDC-42A3-9474-1A3956D46DE8}") = "NLP", "NLP", "{583D4C0B-C39B-45C1-C6A2-450CFC6A6FDA}"
EndProject
Project("{FAE04EC0-301F-11D3-BF4B-00C04F79EFBC}") = "NlpExamples", "Tests\NLP\NlpExamples\NlpExamples.csproj", "{0EEEE57D-0873-4116-8578-A6113A951880}"
EndProject
Project("{FAE04EC0-301F-11D3-BF4B-00C04F79EFBC}") = "AI.ControlSystems", "src\AI.ControlSystems\AI.ControlSystems.csproj", "{CFD77454-659A-4C5B-A6A4-0A49999D92A6}"
EndProject
Project("{FAE04EC0-301F-11D3-BF4B-00C04F79EFBC}") = "AI.KNN", "src\AI.KNN\AI.KNN.csproj", "{DE14F6D9-BCB7-41F3-9FA1-0FEBB2CA5009}"
EndProject
Project("{FAE04EC0-301F-11D3-BF4B-00C04F79EFBC}") = "AI.Charts.WinForms", "src\AI.Charts.WinForms\AI.Charts.WinForms.csproj", "{9EAF16CD-35D6-4A0E-8967-4A2B575D0514}"
EndProject
Project("{FAE04EC0-301F-11D3-BF4B-00C04F79EFBC}") = "AI.Charts.Avalonia", "src\AI.Charts.Avalonia\AI.Charts.Avalonia.csproj", "{7CD4A0D8-BF2D-419A-80BE-E2DCA169944E}"
EndProject
Project("{FAE04EC0-301F-11D3-BF4B-00C04F79EFBC}") = "AI.NeuralNetworks", "src\AI.NeuralNetworks\AI.NeuralNetworks.csproj", "{E2799E5B-9006-454D-913B-2662BE105273}"
EndProject
Project("{FAE04EC0-301F-11D3-BF4B-00C04F79EFBC}") = "AI.LLM", "src\AI.LLM\AI.LLM.csproj", "{211E7830-0DED-4C1B-A2CA-6B7E6E0C39A6}"
EndProject
Project("{FAE04EC0-301F-11D3-BF4B-00C04F79EFBC}") = "AI.LLM.UnitTests", "Tests\unit\AI.LLM.UnitTests\AI.LLM.UnitTests.csproj", "{C15EDBDD-9400-4E2A-A089-CF62C6804664}"
EndProject
Global
	GlobalSection(SolutionConfigurationPlatforms) = preSolution
		Debug|Any CPU = Debug|Any CPU
		Debug|x64 = Debug|x64
		Debug|x86 = Debug|x86
		Release|Any CPU = Release|Any CPU
		Release|x64 = Release|x64
		Release|x86 = Release|x86
	EndGlobalSection
	GlobalSection(ProjectConfigurationPlatforms) = postSolution
		{1374BA17-A844-46F2-8D4D-95A1E0261D5E}.Debug|Any CPU.ActiveCfg = Debug|Any CPU
		{1374BA17-A844-46F2-8D4D-95A1E0261D5E}.Debug|Any CPU.Build.0 = Debug|Any CPU
		{1374BA17-A844-46F2-8D4D-95A1E0261D5E}.Debug|x64.ActiveCfg = Debug|Any CPU
		{1374BA17-A844-46F2-8D4D-95A1E0261D5E}.Debug|x64.Build.0 = Debug|Any CPU
		{1374BA17-A844-46F2-8D4D-95A1E0261D5E}.Debug|x86.ActiveCfg = Debug|Any CPU
		{1374BA17-A844-46F2-8D4D-95A1E0261D5E}.Debug|x86.Build.0 = Debug|Any CPU
		{1374BA17-A844-46F2-8D4D-95A1E0261D5E}.Release|Any CPU.ActiveCfg = Release|Any CPU
		{1374BA17-A844-46F2-8D4D-95A1E0261D5E}.Release|Any CPU.Build.0 = Release|Any CPU
		{1374BA17-A844-46F2-8D4D-95A1E0261D5E}.Release|x64.ActiveCfg = Release|Any CPU
		{1374BA17-A844-46F2-8D4D-95A1E0261D5E}.Release|x64.Build.0 = Release|Any CPU
		{1374BA17-A844-46F2-8D4D-95A1E0261D5E}.Release|x86.ActiveCfg = Release|Any CPU
		{1374BA17-A844-46F2-8D4D-95A1E0261D5E}.Release|x86.Build.0 = Release|Any CPU
		{7E52FA14-7F3A-4D10-A817-27C1E26A3AB0}.Debug|Any CPU.ActiveCfg = Debug|Any CPU
		{7E52FA14-7F3A-4D10-A817-27C1E26A3AB0}.Debug|Any CPU.Build.0 = Debug|Any CPU
		{7E52FA14-7F3A-4D10-A817-27C1E26A3AB0}.Debug|x64.ActiveCfg = Debug|Any CPU
		{7E52FA14-7F3A-4D10-A817-27C1E26A3AB0}.Debug|x64.Build.0 = Debug|Any CPU
		{7E52FA14-7F3A-4D10-A817-27C1E26A3AB0}.Debug|x86.ActiveCfg = Debug|Any CPU
		{7E52FA14-7F3A-4D10-A817-27C1E26A3AB0}.Debug|x86.Build.0 = Debug|Any CPU
		{7E52FA14-7F3A-4D10-A817-27C1E26A3AB0}.Release|Any CPU.ActiveCfg = Release|Any CPU
		{7E52FA14-7F3A-4D10-A817-27C1E26A3AB0}.Release|Any CPU.Build.0 = Release|Any CPU
		{7E52FA14-7F3A-4D10-A817-27C1E26A3AB0}.Release|x64.ActiveCfg = Release|Any CPU
		{7E52FA14-7F3A-4D10-A817-27C1E26A3AB0}.Release|x64.Build.0 = Release|Any CPU
		{7E52FA14-7F3A-4D10-A817-27C1E26A3AB0}.Release|x86.ActiveCfg = Release|Any CPU
		{7E52FA14-7F3A-4D10-A817-27C1E26A3AB0}.Release|x86.Build.0 = Release|Any CPU
		{81A4C9E0-7F2B-4D1A-9C3E-6B5A8D4E2F10}.Debug|Any CPU.ActiveCfg = Debug|Any CPU
		{81A4C9E0-7F2B-4D1A-9C3E-6B5A8D4E2F10}.Debug|Any CPU.Build.0 = Debug|Any CPU
		{81A4C9E0-7F2B-4D1A-9C3E-6B5A8D4E2F10}.Debug|x64.ActiveCfg = Debug|Any CPU
		{81A4C9E0-7F2B-4D1A-9C3E-6B5A8D4E2F10}.Debug|x64.Build.0 = Debug|Any CPU
		{81A4C9E0-7F2B-4D1A-9C3E-6B5A8D4E2F10}.Debug|x86.ActiveCfg = Debug|Any CPU
		{81A4C9E0-7F2B-4D1A-9C3E-6B5A8D4E2F10}.Debug|x86.Build.0 = Debug|Any CPU
		{81A4C9E0-7F2B-4D1A-9C3E-6B5A8D4E2F10}.Release|Any CPU.ActiveCfg = Release|Any CPU
		{81A4C9E0-7F2B-4D1A-9C3E-6B5A8D4E2F10}.Release|Any CPU.Build.0 = Release|Any CPU
		{81A4C9E0-7F2B-4D1A-9C3E-6B5A8D4E2F10}.Release|x64.ActiveCfg = Release|Any CPU
		{81A4C9E0-7F2B-4D1A-9C3E-6B5A8D4E2F10}.Release|x64.Build.0 = Release|Any CPU
		{81A4C9E0-7F2B-4D1A-9C3E-6B5A8D4E2F10}.Release|x86.ActiveCfg = Release|Any CPU
		{81A4C9E0-7F2B-4D1A-9C3E-6B5A8D4E2F10}.Release|x86.Build.0 = Release|Any CPU
		{2ED3435F-F827-41E2-82B4-ED781A16B156}.Debug|Any CPU.ActiveCfg = Debug|Any CPU
		{2ED3435F-F827-41E2-82B4-ED781A16B156}.Debug|Any CPU.Build.0 = Debug|Any CPU
		{2ED3435F-F827-41E2-82B4-ED781A16B156}.Debug|x64.ActiveCfg = Debug|Any CPU
		{2ED3435F-F827-41E2-82B4-ED781A16B156}.Debug|x64.Build.0 = Debug|Any CPU
		{2ED3435F-F827-41E2-82B4-ED781A16B156}.Debug|x86.ActiveCfg = Debug|Any CPU
		{2ED3435F-F827-41E2-82B4-ED781A16B156}.Debug|x86.Build.0 = Debug|Any CPU
		{2ED3435F-F827-41E2-82B4-ED781A16B156}.Release|Any CPU.ActiveCfg = Release|Any CPU
		{2ED3435F-F827-41E2-82B4-ED781A16B156}.Release|Any CPU.Build.0 = Release|Any CPU
		{2ED3435F-F827-41E2-82B4-ED781A16B156}.Release|x64.ActiveCfg = Release|Any CPU
		{2ED3435F-F827-41E2-82B4-ED781A16B156}.Release|x64.Build.0 = Release|Any CPU
		{2ED3435F-F827-41E2-82B4-ED781A16B156}.Release|x86.ActiveCfg = Release|Any CPU
		{2ED3435F-F827-41E2-82B4-ED781A16B156}.Release|x86.Build.0 = Release|Any CPU
		{F9272CA3-590B-417D-B202-E6D90199207D}.Debug|Any CPU.ActiveCfg = Debug|Any CPU
		{F9272CA3-590B-417D-B202-E6D90199207D}.Debug|Any CPU.Build.0 = Debug|Any CPU
		{F9272CA3-590B-417D-B202-E6D90199207D}.Debug|x64.ActiveCfg = Debug|Any CPU
		{F9272CA3-590B-417D-B202-E6D90199207D}.Debug|x64.Build.0 = Debug|Any CPU
		{F9272CA3-590B-417D-B202-E6D90199207D}.Debug|x86.ActiveCfg = Debug|Any CPU
		{F9272CA3-590B-417D-B202-E6D90199207D}.Debug|x86.Build.0 = Debug|Any CPU
		{F9272CA3-590B-417D-B202-E6D90199207D}.Release|Any CPU.ActiveCfg = Release|Any CPU
		{F9272CA3-590B-417D-B202-E6D90199207D}.Release|Any CPU.Build.0 = Release|Any CPU
		{F9272CA3-590B-417D-B202-E6D90199207D}.Release|x64.ActiveCfg = Release|Any CPU
		{F9272CA3-590B-417D-B202-E6D90199207D}.Release|x64.Build.0 = Release|Any CPU
		{F9272CA3-590B-417D-B202-E6D90199207D}.Release|x86.ActiveCfg = Release|Any CPU
		{F9272CA3-590B-417D-B202-E6D90199207D}.Release|x86.Build.0 = Release|Any CPU
		{B60531FD-0D09-57CB-B9D8-3965C1AEE25F}.Debug|Any CPU.ActiveCfg = Debug|Any CPU
		{B60531FD-0D09-57CB-B9D8-3965C1AEE25F}.Debug|Any CPU.Build.0 = Debug|Any CPU
		{B60531FD-0D09-57CB-B9D8-3965C1AEE25F}.Debug|x64.ActiveCfg = Debug|Any CPU
		{B60531FD-0D09-57CB-B9D8-3965C1AEE25F}.Debug|x64.Build.0 = Debug|Any CPU
		{B60531FD-0D09-57CB-B9D8-3965C1AEE25F}.Debug|x86.ActiveCfg = Debug|Any CPU
		{B60531FD-0D09-57CB-B9D8-3965C1AEE25F}.Debug|x86.Build.0 = Debug|Any CPU
		{B60531FD-0D09-57CB-B9D8-3965C1AEE25F}.Release|Any CPU.ActiveCfg = Release|Any CPU
		{B60531FD-0D09-57CB-B9D8-3965C1AEE25F}.Release|Any CPU.Build.0 = Release|Any CPU
		{B60531FD-0D09-57CB-B9D8-3965C1AEE25F}.Release|x64.ActiveCfg = Release|Any CPU
		{B60531FD-0D09-57CB-B9D8-3965C1AEE25F}.Release|x64.Build.0 = Release|Any CPU
		{B60531FD-0D09-57CB-B9D8-3965C1AEE25F}.Release|x86.ActiveCfg = Release|Any CPU
		{B60531FD-0D09-57CB-B9D8-3965C1AEE25F}.Release|x86.Build.0 = Release|Any CPU
		{CBEB9406-26C5-84A5-2D8C-E322EBE5CF84}.Debug|Any CPU.ActiveCfg = Debug|Any CPU
		{CBEB9406-26C5-84A5-2D8C-E322EBE5CF84}.Debug|Any CPU.Build.0 = Debug|Any CPU
		{CBEB9406-26C5-84A5-2D8C-E322EBE5CF84}.Debug|x64.ActiveCfg = Debug|Any CPU
		{CBEB9406-26C5-84A5-2D8C-E322EBE5CF84}.Debug|x64.Build.0 = Debug|Any CPU
		{CBEB9406-26C5-84A5-2D8C-E322EBE5CF84}.Debug|x86.ActiveCfg = Debug|Any CPU
		{CBEB9406-26C5-84A5-2D8C-E322EBE5CF84}.Debug|x86.Build.0 = Debug|Any CPU
		{CBEB9406-26C5-84A5-2D8C-E322EBE5CF84}.Release|Any CPU.ActiveCfg = Release|Any CPU
		{CBEB9406-26C5-84A5-2D8C-E322EBE5CF84}.Release|Any CPU.Build.0 = Release|Any CPU
		{CBEB9406-26C5-84A5-2D8C-E322EBE5CF84}.Release|x64.ActiveCfg = Release|Any CPU
		{CBEB9406-26C5-84A5-2D8C-E322EBE5CF84}.Release|x64.Build.0 = Release|Any CPU
		{CBEB9406-26C5-84A5-2D8C-E322EBE5CF84}.Release|x86.ActiveCfg = Release|Any CPU
		{CBEB9406-26C5-84A5-2D8C-E322EBE5CF84}.Release|x86.Build.0 = Release|Any CPU
		{D4742961-A6E4-08AD-E6E4-668C1ABCAA1C}.Debug|Any CPU.ActiveCfg = Debug|Any CPU
		{D4742961-A6E4-08AD-E6E4-668C1ABCAA1C}.Debug|Any CPU.Build.0 = Debug|Any CPU
		{D4742961-A6E4-08AD-E6E4-668C1ABCAA1C}.Debug|x64.ActiveCfg = Debug|Any CPU
		{D4742961-A6E4-08AD-E6E4-668C1ABCAA1C}.Debug|x64.Build.0 = Debug|Any CPU
		{D4742961-A6E4-08AD-E6E4-668C1ABCAA1C}.Debug|x86.ActiveCfg = Debug|Any CPU
		{D4742961-A6E4-08AD-E6E4-668C1ABCAA1C}.Debug|x86.Build.0 = Debug|Any CPU
		{D4742961-A6E4-08AD-E6E4-668C1ABCAA1C}.Release|Any CPU.ActiveCfg = Release|Any CPU
		{D4742961-A6E4-08AD-E6E4-668C1ABCAA1C}.Release|Any CPU.Build.0 = Release|Any CPU
		{D4742961-A6E4-08AD-E6E4-668C1ABCAA1C}.Release|x64.ActiveCfg = Release|Any CPU
		{D4742961-A6E4-08AD-E6E4-668C1ABCAA1C}.Release|x64.Build.0 = Release|Any CPU
		{D4742961-A6E4-08AD-E6E4-668C1ABCAA1C}.Release|x86.ActiveCfg = Release|Any CPU
		{D4742961-A6E4-08AD-E6E4-668C1ABCAA1C}.Release|x86.Build.0 = Release|Any CPU
		{4D2EF036-EFA4-45CB-A6E4-1B966D2513F1}.Debug|Any CPU.ActiveCfg = Debug|Any CPU
		{4D2EF036-EFA4-45CB-A6E4-1B966D2513F1}.Debug|Any CPU.Build.0 = Debug|Any CPU
		{4D2EF036-EFA4-45CB-A6E4-1B966D2513F1}.Debug|x64.ActiveCfg = Debug|Any CPU
		{4D2EF036-EFA4-45CB-A6E4-1B966D2513F1}.Debug|x64.Build.0 = Debug|Any CPU
		{4D2EF036-EFA4-45CB-A6E4-1B966D2513F1}.Debug|x86.ActiveCfg = Debug|Any CPU
		{4D2EF036-EFA4-45CB-A6E4-1B966D2513F1}.Debug|x86.Build.0 = Debug|Any CPU
		{4D2EF036-EFA4-45CB-A6E4-1B966D2513F1}.Release|Any CPU.ActiveCfg = Release|Any CPU
		{4D2EF036-EFA4-45CB-A6E4-1B966D2513F1}.Release|Any CPU.Build.0 = Release|Any CPU
		{4D2EF036-EFA4-45CB-A6E4-1B966D2513F1}.Release|x64.ActiveCfg = Release|Any CPU
		{4D2EF036-EFA4-45CB-A6E4-1B966D2513F1}.Release|x64.Build.0 = Release|Any CPU
		{4D2EF036-EFA4-45CB-A6E4-1B966D2513F1}.Release|x86.ActiveCfg = Release|Any CPU
		{4D2EF036-EFA4-45CB-A6E4-1B966D2513F1}.Release|x86.Build.0 = Release|Any CPU
		{F6E3FF24-CE0E-40F5-B756-3AE7FCE16BFA}.Debug|Any CPU.ActiveCfg = Debug|Any CPU
		{F6E3FF24-CE0E-40F5-B756-3AE7FCE16BFA}.Debug|Any CPU.Build.0 = Debug|Any CPU
		{F6E3FF24-CE0E-40F5-B756-3AE7FCE16BFA}.Debug|x64.ActiveCfg = Debug|Any CPU
		{F6E3FF24-CE0E-40F5-B756-3AE7FCE16BFA}.Debug|x64.Build.0 = Debug|Any CPU
		{F6E3FF24-CE0E-40F5-B756-3AE7FCE16BFA}.Debug|x86.ActiveCfg = Debug|Any CPU
		{F6E3FF24-CE0E-40F5-B756-3AE7FCE16BFA}.Debug|x86.Build.0 = Debug|Any CPU
		{F6E3FF24-CE0E-40F5-B756-3AE7FCE16BFA}.Release|Any CPU.ActiveCfg = Release|Any CPU
		{F6E3FF24-CE0E-40F5-B756-3AE7FCE16BFA}.Release|Any CPU.Build.0 = Release|Any CPU
		{F6E3FF24-CE0E-40F5-B756-3AE7FCE16BFA}.Release|x64.ActiveCfg = Release|Any CPU
		{F6E3FF24-CE0E-40F5-B756-3AE7FCE16BFA}.Release|x64.Build.0 = Release|Any CPU
		{F6E3FF24-CE0E-40F5-B756-3AE7FCE16BFA}.Release|x86.ActiveCfg = Release|Any CPU
		{F6E3FF24-CE0E-40F5-B756-3AE7FCE16BFA}.Release|x86.Build.0 = Release|Any CPU
		{92417800-3D82-4AC8-8168-373ACC007A17}.Debug|Any CPU.ActiveCfg = Debug|Any CPU
		{92417800-3D82-4AC8-8168-373ACC007A17}.Debug|Any CPU.Build.0 = Debug|Any CPU
		{92417800-3D82-4AC8-8168-373ACC007A17}.Debug|x64.ActiveCfg = Debug|Any CPU
		{92417800-3D82-4AC8-8168-373ACC007A17}.Debug|x64.Build.0 = Debug|Any CPU
		{92417800-3D82-4AC8-8168-373ACC007A17}.Debug|x86.ActiveCfg = Debug|Any CPU
		{92417800-3D82-4AC8-8168-373ACC007A17}.Debug|x86.Build.0 = Debug|Any CPU
		{92417800-3D82-4AC8-8168-373ACC007A17}.Release|Any CPU.ActiveCfg = Release|Any CPU
		{92417800-3D82-4AC8-8168-373ACC007A17}.Release|Any CPU.Build.0 = Release|Any CPU
		{92417800-3D82-4AC8-8168-373ACC007A17}.Release|x64.ActiveCfg = Release|Any CPU
		{92417800-3D82-4AC8-8168-373ACC007A17}.Release|x64.Build.0 = Release|Any CPU
		{92417800-3D82-4AC8-8168-373ACC007A17}.Release|x86.ActiveCfg = Release|Any CPU
		{92417800-3D82-4AC8-8168-373ACC007A17}.Release|x86.Build.0 = Release|Any CPU
		{356CBC6A-7362-49A1-A76F-0BAD1CF8C75F}.Debug|Any CPU.ActiveCfg = Debug|Any CPU
		{356CBC6A-7362-49A1-A76F-0BAD1CF8C75F}.Debug|Any CPU.Build.0 = Debug|Any CPU
		{356CBC6A-7362-49A1-A76F-0BAD1CF8C75F}.Debug|x64.ActiveCfg = Debug|Any CPU
		{356CBC6A-7362-49A1-A76F-0BAD1CF8C75F}.Debug|x64.Build.0 = Debug|Any CPU
		{356CBC6A-7362-49A1-A76F-0BAD1CF8C75F}.Debug|x86.ActiveCfg = Debug|Any CPU
		{356CBC6A-7362-49A1-A76F-0BAD1CF8C75F}.Debug|x86.Build.0 = Debug|Any CPU
		{356CBC6A-7362-49A1-A76F-0BAD1CF8C75F}.Release|Any CPU.ActiveCfg = Release|Any CPU
		{356CBC6A-7362-49A1-A76F-0BAD1CF8C75F}.Release|Any CPU.Build.0 = Release|Any CPU
		{356CBC6A-7362-49A1-A76F-0BAD1CF8C75F}.Release|x64.ActiveCfg = Release|Any CPU
		{356CBC6A-7362-49A1-A76F-0BAD1CF8C75F}.Release|x64.Build.0 = Release|Any CPU
		{356CBC6A-7362-49A1-A76F-0BAD1CF8C75F}.Release|x86.ActiveCfg = Release|Any CPU
		{356CBC6A-7362-49A1-A76F-0BAD1CF8C75F}.Release|x86.Build.0 = Release|Any CPU
		{41CF2FFD-D5D6-409F-8450-786E71135433}.Debug|Any CPU.ActiveCfg = Debug|Any CPU
		{41CF2FFD-D5D6-409F-8450-786E71135433}.Debug|Any CPU.Build.0 = Debug|Any CPU
		{41CF2FFD-D5D6-409F-8450-786E71135433}.Debug|x64.ActiveCfg = Debug|Any CPU
		{41CF2FFD-D5D6-409F-8450-786E71135433}.Debug|x64.Build.0 = Debug|Any CPU
		{41CF2FFD-D5D6-409F-8450-786E71135433}.Debug|x86.ActiveCfg = Debug|Any CPU
		{41CF2FFD-D5D6-409F-8450-786E71135433}.Debug|x86.Build.0 = Debug|Any CPU
		{41CF2FFD-D5D6-409F-8450-786E71135433}.Release|Any CPU.ActiveCfg = Release|Any CPU
		{41CF2FFD-D5D6-409F-8450-786E71135433}.Release|Any CPU.Build.0 = Release|Any CPU
		{41CF2FFD-D5D6-409F-8450-786E71135433}.Release|x64.ActiveCfg = Release|Any CPU
		{41CF2FFD-D5D6-409F-8450-786E71135433}.Release|x64.Build.0 = Release|Any CPU
		{41CF2FFD-D5D6-409F-8450-786E71135433}.Release|x86.ActiveCfg = Release|Any CPU
		{41CF2FFD-D5D6-409F-8450-786E71135433}.Release|x86.Build.0 = Release|Any CPU
		{215AFB2B-7D5B-4CE1-94FE-00BEB53239C2}.Debug|Any CPU.ActiveCfg = Debug|Any CPU
		{215AFB2B-7D5B-4CE1-94FE-00BEB53239C2}.Debug|Any CPU.Build.0 = Debug|Any CPU
		{215AFB2B-7D5B-4CE1-94FE-00BEB53239C2}.Debug|x64.ActiveCfg = Debug|Any CPU
		{215AFB2B-7D5B-4CE1-94FE-00BEB53239C2}.Debug|x64.Build.0 = Debug|Any CPU
		{215AFB2B-7D5B-4CE1-94FE-00BEB53239C2}.Debug|x86.ActiveCfg = Debug|Any CPU
		{215AFB2B-7D5B-4CE1-94FE-00BEB53239C2}.Debug|x86.Build.0 = Debug|Any CPU
		{215AFB2B-7D5B-4CE1-94FE-00BEB53239C2}.Release|Any CPU.ActiveCfg = Release|Any CPU
		{215AFB2B-7D5B-4CE1-94FE-00BEB53239C2}.Release|Any CPU.Build.0 = Release|Any CPU
		{215AFB2B-7D5B-4CE1-94FE-00BEB53239C2}.Release|x64.ActiveCfg = Release|Any CPU
		{215AFB2B-7D5B-4CE1-94FE-00BEB53239C2}.Release|x64.Build.0 = Release|Any CPU
		{215AFB2B-7D5B-4CE1-94FE-00BEB53239C2}.Release|x86.ActiveCfg = Release|Any CPU
		{215AFB2B-7D5B-4CE1-94FE-00BEB53239C2}.Release|x86.Build.0 = Release|Any CPU
		{187CAC02-09D3-44B6-A68C-ED1F9B331935}.Debug|Any CPU.ActiveCfg = Debug|Any CPU
		{187CAC02-09D3-44B6-A68C-ED1F9B331935}.Debug|Any CPU.Build.0 = Debug|Any CPU
		{187CAC02-09D3-44B6-A68C-ED1F9B331935}.Debug|x64.ActiveCfg = Debug|Any CPU
		{187CAC02-09D3-44B6-A68C-ED1F9B331935}.Debug|x64.Build.0 = Debug|Any CPU
		{187CAC02-09D3-44B6-A68C-ED1F9B331935}.Debug|x86.ActiveCfg = Debug|Any CPU
		{187CAC02-09D3-44B6-A68C-ED1F9B331935}.Debug|x86.Build.0 = Debug|Any CPU
		{187CAC02-09D3-44B6-A68C-ED1F9B331935}.Release|Any CPU.ActiveCfg = Release|Any CPU
		{187CAC02-09D3-44B6-A68C-ED1F9B331935}.Release|Any CPU.Build.0 = Release|Any CPU
		{187CAC02-09D3-44B6-A68C-ED1F9B331935}.Release|x64.ActiveCfg = Release|Any CPU
		{187CAC02-09D3-44B6-A68C-ED1F9B331935}.Release|x64.Build.0 = Release|Any CPU
		{187CAC02-09D3-44B6-A68C-ED1F9B331935}.Release|x86.ActiveCfg = Release|Any CPU
		{187CAC02-09D3-44B6-A68C-ED1F9B331935}.Release|x86.Build.0 = Release|Any CPU
		{E1DEDEA1-BD10-48F7-99A7-1A92601D537E}.Debug|Any CPU.ActiveCfg = Debug|Any CPU
		{E1DEDEA1-BD10-48F7-99A7-1A92601D537E}.Debug|Any CPU.Build.0 = Debug|Any CPU
		{E1DEDEA1-BD10-48F7-99A7-1A92601D537E}.Debug|x64.ActiveCfg = Debug|Any CPU
		{E1DEDEA1-BD10-48F7-99A7-1A92601D537E}.Debug|x64.Build.0 = Debug|Any CPU
		{E1DEDEA1-BD10-48F7-99A7-1A92601D537E}.Debug|x86.ActiveCfg = Debug|Any CPU
		{E1DEDEA1-BD10-48F7-99A7-1A92601D537E}.Debug|x86.Build.0 = Debug|Any CPU
		{E1DEDEA1-BD10-48F7-99A7-1A92601D537E}.Release|Any CPU.ActiveCfg = Release|Any CPU
		{E1DEDEA1-BD10-48F7-99A7-1A92601D537E}.Release|Any CPU.Build.0 = Release|Any CPU
		{E1DEDEA1-BD10-48F7-99A7-1A92601D537E}.Release|x64.ActiveCfg = Release|Any CPU
		{E1DEDEA1-BD10-48F7-99A7-1A92601D537E}.Release|x64.Build.0 = Release|Any CPU
		{E1DEDEA1-BD10-48F7-99A7-1A92601D537E}.Release|x86.ActiveCfg = Release|Any CPU
		{E1DEDEA1-BD10-48F7-99A7-1A92601D537E}.Release|x86.Build.0 = Release|Any CPU
		{F9928074-A177-4A39-B032-F85A6388D6FF}.Debug|Any CPU.ActiveCfg = Debug|Any CPU
		{F9928074-A177-4A39-B032-F85A6388D6FF}.Debug|Any CPU.Build.0 = Debug|Any CPU
		{F9928074-A177-4A39-B032-F85A6388D6FF}.Debug|x64.ActiveCfg = Debug|Any CPU
		{F9928074-A177-4A39-B032-F85A6388D6FF}.Debug|x64.Build.0 = Debug|Any CPU
		{F9928074-A177-4A39-B032-F85A6388D6FF}.Debug|x86.ActiveCfg = Debug|Any CPU
		{F9928074-A177-4A39-B032-F85A6388D6FF}.Debug|x86.Build.0 = Debug|Any CPU
		{F9928074-A177-4A39-B032-F85A6388D6FF}.Release|Any CPU.ActiveCfg = Release|Any CPU
		{F9928074-A177-4A39-B032-F85A6388D6FF}.Release|Any CPU.Build.0 = Release|Any CPU
		{F9928074-A177-4A39-B032-F85A6388D6FF}.Release|x64.ActiveCfg = Release|Any CPU
		{F9928074-A177-4A39-B032-F85A6388D6FF}.Release|x64.Build.0 = Release|Any CPU
		{F9928074-A177-4A39-B032-F85A6388D6FF}.Release|x86.ActiveCfg = Release|Any CPU
		{F9928074-A177-4A39-B032-F85A6388D6FF}.Release|x86.Build.0 = Release|Any CPU
		{0EEEE57D-0873-4116-8578-A6113A951880}.Debug|Any CPU.ActiveCfg = Debug|Any CPU
		{0EEEE57D-0873-4116-8578-A6113A951880}.Debug|Any CPU.Build.0 = Debug|Any CPU
		{0EEEE57D-0873-4116-8578-A6113A951880}.Debug|x64.ActiveCfg = Debug|Any CPU
		{0EEEE57D-0873-4116-8578-A6113A951880}.Debug|x64.Build.0 = Debug|Any CPU
		{0EEEE57D-0873-4116-8578-A6113A951880}.Debug|x86.ActiveCfg = Debug|Any CPU
		{0EEEE57D-0873-4116-8578-A6113A951880}.Debug|x86.Build.0 = Debug|Any CPU
		{0EEEE57D-0873-4116-8578-A6113A951880}.Release|Any CPU.ActiveCfg = Release|Any CPU
		{0EEEE57D-0873-4116-8578-A6113A951880}.Release|Any CPU.Build.0 = Release|Any CPU
		{0EEEE57D-0873-4116-8578-A6113A951880}.Release|x64.ActiveCfg = Release|Any CPU
		{0EEEE57D-0873-4116-8578-A6113A951880}.Release|x64.Build.0 = Release|Any CPU
		{0EEEE57D-0873-4116-8578-A6113A951880}.Release|x86.ActiveCfg = Release|Any CPU
		{0EEEE57D-0873-4116-8578-A6113A951880}.Release|x86.Build.0 = Release|Any CPU
		{CFD77454-659A-4C5B-A6A4-0A49999D92A6}.Debug|Any CPU.ActiveCfg = Debug|Any CPU
		{CFD77454-659A-4C5B-A6A4-0A49999D92A6}.Debug|Any CPU.Build.0 = Debug|Any CPU
		{CFD77454-659A-4C5B-A6A4-0A49999D92A6}.Debug|x64.ActiveCfg = Debug|Any CPU
		{CFD77454-659A-4C5B-A6A4-0A49999D92A6}.Debug|x64.Build.0 = Debug|Any CPU
		{CFD77454-659A-4C5B-A6A4-0A49999D92A6}.Debug|x86.ActiveCfg = Debug|Any CPU
		{CFD77454-659A-4C5B-A6A4-0A49999D92A6}.Debug|x86.Build.0 = Debug|Any CPU
		{CFD77454-659A-4C5B-A6A4-0A49999D92A6}.Release|Any CPU.ActiveCfg = Release|Any CPU
		{CFD77454-659A-4C5B-A6A4-0A49999D92A6}.Release|Any CPU.Build.0 = Release|Any CPU
		{CFD77454-659A-4C5B-A6A4-0A49999D92A6}.Release|x64.ActiveCfg = Release|Any CPU
		{CFD77454-659A-4C5B-A6A4-0A49999D92A6}.Release|x64.Build.0 = Release|Any CPU
		{CFD77454-659A-4C5B-A6A4-0A49999D92A6}.Release|x86.ActiveCfg = Release|Any CPU
		{CFD77454-659A-4C5B-A6A4-0A49999D92A6}.Release|x86.Build.0 = Release|Any CPU
		{DE14F6D9-BCB7-41F3-9FA1-0FEBB2CA5009}.Debug|Any CPU.ActiveCfg = Debug|Any CPU
		{DE14F6D9-BCB7-41F3-9FA1-0FEBB2CA5009}.Debug|Any CPU.Build.0 = Debug|Any CPU
		{DE14F6D9-BCB7-41F3-9FA1-0FEBB2CA5009}.Debug|x64.ActiveCfg = Debug|Any CPU
		{DE14F6D9-BCB7-41F3-9FA1-0FEBB2CA5009}.Debug|x64.Build.0 = Debug|Any CPU
		{DE14F6D9-BCB7-41F3-9FA1-0FEBB2CA5009}.Debug|x86.ActiveCfg = Debug|Any CPU
		{DE14F6D9-BCB7-41F3-9FA1-0FEBB2CA5009}.Debug|x86.Build.0 = Debug|Any CPU
		{DE14F6D9-BCB7-41F3-9FA1-0FEBB2CA5009}.Release|Any CPU.ActiveCfg = Release|Any CPU
		{DE14F6D9-BCB7-41F3-9FA1-0FEBB2CA5009}.Release|Any CPU.Build.0 = Release|Any CPU
		{DE14F6D9-BCB7-41F3-9FA1-0FEBB2CA5009}.Release|x64.ActiveCfg = Release|Any CPU
		{DE14F6D9-BCB7-41F3-9FA1-0FEBB2CA5009}.Release|x64.Build.0 = Release|Any CPU
		{DE14F6D9-BCB7-41F3-9FA1-0FEBB2CA5009}.Release|x86.ActiveCfg = Release|Any CPU
		{DE14F6D9-BCB7-41F3-9FA1-0FEBB2CA5009}.Release|x86.Build.0 = Release|Any CPU
		{9EAF16CD-35D6-4A0E-8967-4A2B575D0514}.Debug|Any CPU.ActiveCfg = Debug|Any CPU
		{9EAF16CD-35D6-4A0E-8967-4A2B575D0514}.Debug|Any CPU.Build.0 = Debug|Any CPU
		{9EAF16CD-35D6-4A0E-8967-4A2B575D0514}.Debug|x64.ActiveCfg = Debug|Any CPU
		{9EAF16CD-35D6-4A0E-8967-4A2B575D0514}.Debug|x64.Build.0 = Debug|Any CPU
		{9EAF16CD-35D6-4A0E-8967-4A2B575D0514}.Debug|x86.ActiveCfg = Debug|Any CPU
		{9EAF16CD-35D6-4A0E-8967-4A2B575D0514}.Debug|x86.Build.0 = Debug|Any CPU
		{9EAF16CD-35D6-4A0E-8967-4A2B575D0514}.Release|Any CPU.ActiveCfg = Release|Any CPU
		{9EAF16CD-35D6-4A0E-8967-4A2B575D0514}.Release|Any CPU.Build.0 = Release|Any CPU
		{9EAF16CD-35D6-4A0E-8967-4A2B575D0514}.Release|x64.ActiveCfg = Release|Any CPU
		{9EAF16CD-35D6-4A0E-8967-4A2B575D0514}.Release|x64.Build.0 = Release|Any CPU
		{9EAF16CD-35D6-4A0E-8967-4A2B575D0514}.Release|x86.ActiveCfg = Release|Any CPU
		{9EAF16CD-35D6-4A0E-8967-4A2B575D0514}.Release|x86.Build.0 = Release|Any CPU
		{7CD4A0D8-BF2D-419A-80BE-E2DCA169944E}.Debug|Any CPU.ActiveCfg = Debug|Any CPU
		{7CD4A0D8-BF2D-419A-80BE-E2DCA169944E}.Debug|Any CPU.Build.0 = Debug|Any CPU
		{7CD4A0D8-BF2D-419A-80BE-E2DCA169944E}.Debug|x64.ActiveCfg = Debug|Any CPU
		{7CD4A0D8-BF2D-419A-80BE-E2DCA169944E}.Debug|x64.Build.0 = Debug|Any CPU
		{7CD4A0D8-BF2D-419A-80BE-E2DCA169944E}.Debug|x86.ActiveCfg = Debug|Any CPU
		{7CD4A0D8-BF2D-419A-80BE-E2DCA169944E}.Debug|x86.Build.0 = Debug|Any CPU
		{7CD4A0D8-BF2D-419A-80BE-E2DCA169944E}.Release|Any CPU.ActiveCfg = Release|Any CPU
		{7CD4A0D8-BF2D-419A-80BE-E2DCA169944E}.Release|Any CPU.Build.0 = Release|Any CPU
		{7CD4A0D8-BF2D-419A-80BE-E2DCA169944E}.Release|x64.ActiveCfg = Release|Any CPU
		{7CD4A0D8-BF2D-419A-80BE-E2DCA169944E}.Release|x64.Build.0 = Release|Any CPU
		{7CD4A0D8-BF2D-419A-80BE-E2DCA169944E}.Release|x86.ActiveCfg = Release|Any CPU
		{7CD4A0D8-BF2D-419A-80BE-E2DCA169944E}.Release|x86.Build.0 = Release|Any CPU
		{E2799E5B-9006-454D-913B-2662BE105273}.Debug|Any CPU.ActiveCfg = Debug|Any CPU
		{E2799E5B-9006-454D-913B-2662BE105273}.Debug|Any CPU.Build.0 = Debug|Any CPU
		{E2799E5B-9006-454D-913B-2662BE105273}.Debug|x64.ActiveCfg = Debug|Any CPU
		{E2799E5B-9006-454D-913B-2662BE105273}.Debug|x64.Build.0 = Debug|Any CPU
		{E2799E5B-9006-454D-913B-2662BE105273}.Debug|x86.ActiveCfg = Debug|Any CPU
		{E2799E5B-9006-454D-913B-2662BE105273}.Debug|x86.Build.0 = Debug|Any CPU
		{E2799E5B-9006-454D-913B-2662BE105273}.Release|Any CPU.ActiveCfg = Release|Any CPU
		{E2799E5B-9006-454D-913B-2662BE105273}.Release|Any CPU.Build.0 = Release|Any CPU
		{E2799E5B-9006-454D-913B-2662BE105273}.Release|x64.ActiveCfg = Release|Any CPU
		{E2799E5B-9006-454D-913B-2662BE105273}.Release|x64.Build.0 = Release|Any CPU
		{E2799E5B-9006-454D-913B-2662BE105273}.Release|x86.ActiveCfg = Release|Any CPU
		{E2799E5B-9006-454D-913B-2662BE105273}.Release|x86.Build.0 = Release|Any CPU
		{211E7830-0DED-4C1B-A2CA-6B7E6E0C39A6}.Debug|Any CPU.ActiveCfg = Debug|Any CPU
		{211E7830-0DED-4C1B-A2CA-6B7E6E0C39A6}.Debug|Any CPU.Build.0 = Debug|Any CPU
		{211E7830-0DED-4C1B-A2CA-6B7E6E0C39A6}.Debug|x64.ActiveCfg = Debug|Any CPU
		{211E7830-0DED-4C1B-A2CA-6B7E6E0C39A6}.Debug|x64.Build.0 = Debug|Any CPU
		{211E7830-0DED-4C1B-A2CA-6B7E6E0C39A6}.Debug|x86.ActiveCfg = Debug|Any CPU
		{211E7830-0DED-4C1B-A2CA-6B7E6E0C39A6}.Debug|x86.Build.0 = Debug|Any CPU
		{211E7830-0DED-4C1B-A2CA-6B7E6E0C39A6}.Release|Any CPU.ActiveCfg = Release|Any CPU
		{211E7830-0DED-4C1B-A2CA-6B7E6E0C39A6}.Release|Any CPU.Build.0 = Release|Any CPU
		{211E7830-0DED-4C1B-A2CA-6B7E6E0C39A6}.Release|x64.ActiveCfg = Release|Any CPU
		{211E7830-0DED-4C1B-A2CA-6B7E6E0C39A6}.Release|x64.Build.0 = Release|Any CPU
		{211E7830-0DED-4C1B-A2CA-6B7E6E0C39A6}.Release|x86.ActiveCfg = Release|Any CPU
		{211E7830-0DED-4C1B-A2CA-6B7E6E0C39A6}.Release|x86.Build.0 = Release|Any CPU
		{C15EDBDD-9400-4E2A-A089-CF62C6804664}.Debug|Any CPU.ActiveCfg = Debug|Any CPU
		{C15EDBDD-9400-4E2A-A089-CF62C6804664}.Debug|Any CPU.Build.0 = Debug|Any CPU
		{C15EDBDD-9400-4E2A-A089-CF62C6804664}.Debug|x64.ActiveCfg = Debug|Any CPU
		{C15EDBDD-9400-4E2A-A089-CF62C6804664}.Debug|x64.Build.0 = Debug|Any CPU
		{C15EDBDD-9400-4E2A-A089-CF62C6804664}.Debug|x86.ActiveCfg = Debug|Any CPU
		{C15EDBDD-9400-4E2A-A089-CF62C6804664}.Debug|x86.Build.0 = Debug|Any CPU
		{C15EDBDD-9400-4E2A-A089-CF62C6804664}.Release|Any CPU.ActiveCfg = Release|Any CPU
		{C15EDBDD-9400-4E2A-A089-CF62C6804664}.Release|Any CPU.Build.0 = Release|Any CPU
		{C15EDBDD-9400-4E2A-A089-CF62C6804664}.Release|x64.ActiveCfg = Release|Any CPU
		{C15EDBDD-9400-4E2A-A089-CF62C6804664}.Release|x64.Build.0 = Release|Any CPU
		{C15EDBDD-9400-4E2A-A089-CF62C6804664}.Release|x86.ActiveCfg = Release|Any CPU
		{C15EDBDD-9400-4E2A-A089-CF62C6804664}.Release|x86.Build.0 = Release|Any CPU
	EndGlobalSection
	GlobalSection(SolutionProperties) = preSolution
		HideSolutionNode = FALSE
	EndGlobalSection
	GlobalSection(NestedProjects) = preSolution
		{1374BA17-A844-46F2-8D4D-95A1E0261D5E} = {7FCA39FE-2C02-4DCC-9BBE-7A53718683F9}
		{7E52FA14-7F3A-4D10-A817-27C1E26A3AB0} = {7FCA39FE-2C02-4DCC-9BBE-7A53718683F9}
		{81A4C9E0-7F2B-4D1A-9C3E-6B5A8D4E2F10} = {7FCA39FE-2C02-4DCC-9BBE-7A53718683F9}
		{2ED3435F-F827-41E2-82B4-ED781A16B156} = {7FCA39FE-2C02-4DCC-9BBE-7A53718683F9}
		{F9272CA3-590B-417D-B202-E6D90199207D} = {7FCA39FE-2C02-4DCC-9BBE-7A53718683F9}
		{B60531FD-0D09-57CB-B9D8-3965C1AEE25F} = {7FCA39FE-2C02-4DCC-9BBE-7A53718683F9}
		{CBEB9406-26C5-84A5-2D8C-E322EBE5CF84} = {7FCA39FE-2C02-4DCC-9BBE-7A53718683F9}
		{D4742961-A6E4-08AD-E6E4-668C1ABCAA1C} = {7FCA39FE-2C02-4DCC-9BBE-7A53718683F9}
		{4D2EF036-EFA4-45CB-A6E4-1B966D2513F1} = {827E0CD3-B72D-47B6-A68D-7590B98EB39B}
		{F6E3FF24-CE0E-40F5-B756-3AE7FCE16BFA} = {827E0CD3-B72D-47B6-A68D-7590B98EB39B}
		{92417800-3D82-4AC8-8168-373ACC007A17} = {827E0CD3-B72D-47B6-A68D-7590B98EB39B}
		{9D556B49-86D1-93A7-9596-FFAAB74EC556} = {0AB3BF05-4346-4AA6-1389-037BE0695223}
		{356CBC6A-7362-49A1-A76F-0BAD1CF8C75F} = {9D556B49-86D1-93A7-9596-FFAAB74EC556}
		{D0D6B8B0-AC35-B3FA-0B96-A9B0E4A3253E} = {0AB3BF05-4346-4AA6-1389-037BE0695223}
		{41CF2FFD-D5D6-409F-8450-786E71135433} = {D0D6B8B0-AC35-B3FA-0B96-A9B0E4A3253E}
		{215AFB2B-7D5B-4CE1-94FE-00BEB53239C2} = {827E0CD3-B72D-47B6-A68D-7590B98EB39B}
		{187CAC02-09D3-44B6-A68C-ED1F9B331935} = {827E0CD3-B72D-47B6-A68D-7590B98EB39B}
		{E1DEDEA1-BD10-48F7-99A7-1A92601D537E} = {0AB3BF05-4346-4AA6-1389-037BE0695223}
		{F9928074-A177-4A39-B032-F85A6388D6FF} = {827E0CD3-B72D-47B6-A68D-7590B98EB39B}
		{583D4C0B-C39B-45C1-C6A2-450CFC6A6FDA} = {0AB3BF05-4346-4AA6-1389-037BE0695223}
		{0EEEE57D-0873-4116-8578-A6113A951880} = {583D4C0B-C39B-45C1-C6A2-450CFC6A6FDA}
		{CFD77454-659A-4C5B-A6A4-0A49999D92A6} = {827E0CD3-B72D-47B6-A68D-7590B98EB39B}
		{DE14F6D9-BCB7-41F3-9FA1-0FEBB2CA5009} = {827E0CD3-B72D-47B6-A68D-7590B98EB39B}
		{9EAF16CD-35D6-4A0E-8967-4A2B575D0514} = {827E0CD3-B72D-47B6-A68D-7590B98EB39B}
		{7CD4A0D8-BF2D-419A-80BE-E2DCA169944E} = {827E0CD3-B72D-47B6-A68D-7590B98EB39B}
		{E2799E5B-9006-454D-913B-2662BE105273} = {827E0CD3-B72D-47B6-A68D-7590B98EB39B}
		{211E7830-0DED-4C1B-A2CA-6B7E6E0C39A6} = {827E0CD3-B72D-47B6-A68D-7590B98EB39B}
		{C15EDBDD-9400-4E2A-A089-CF62C6804664} = {9D556B49-86D1-93A7-9596-FFAAB74EC556}
	EndGlobalSection
	GlobalSection(ExtensibilityGlobals) = postSolution
		SolutionGuid = {195084AE-6B2F-490D-AB30-834665F7A953}
	EndGlobalSection
EndGlobal
